// !$*UTF8*$!
{
	archiveVersion = 1;
	classes = {
	};
	objectVersion = 46;
	objects = {

/* Begin PBXBuildFile section */
		7D12B61115DD8FEF007DB776 /* UIKit.framework in Frameworks */ = {isa = PBXBuildFile; fileRef = 7D12B61015DD8FEF007DB776 /* UIKit.framework */; };
		7D12B61315DD8FEF007DB776 /* Foundation.framework in Frameworks */ = {isa = PBXBuildFile; fileRef = 7D12B61215DD8FEF007DB776 /* Foundation.framework */; };
		7D12B61515DD8FEF007DB776 /* CoreGraphics.framework in Frameworks */ = {isa = PBXBuildFile; fileRef = 7D12B61415DD8FEF007DB776 /* CoreGraphics.framework */; };
		7D12B61B15DD8FEF007DB776 /* InfoPlist.strings in Resources */ = {isa = PBXBuildFile; fileRef = 7D12B61915DD8FEF007DB776 /* InfoPlist.strings */; };
		7D12B61D15DD8FEF007DB776 /* main.m in Sources */ = {isa = PBXBuildFile; fileRef = 7D12B61C15DD8FEF007DB776 /* main.m */; };
		7D12B62115DD8FEF007DB776 /* AppDelegate.m in Sources */ = {isa = PBXBuildFile; fileRef = 7D12B62015DD8FEF007DB776 /* AppDelegate.m */; };
		7D12B62415DD8FEF007DB776 /* MainStoryboard_iPhone.storyboard in Resources */ = {isa = PBXBuildFile; fileRef = 7D12B62215DD8FEF007DB776 /* MainStoryboard_iPhone.storyboard */; };
		7D12B62715DD8FEF007DB776 /* MainStoryboard_iPad.storyboard in Resources */ = {isa = PBXBuildFile; fileRef = 7D12B62515DD8FEF007DB776 /* MainStoryboard_iPad.storyboard */; };
		7D12B62A15DD8FEF007DB776 /* ViewController.m in Sources */ = {isa = PBXBuildFile; fileRef = 7D12B62915DD8FEF007DB776 /* ViewController.m */; };
		7D12B63215DD8FF0007DB776 /* SenTestingKit.framework in Frameworks */ = {isa = PBXBuildFile; fileRef = 7D12B63115DD8FF0007DB776 /* SenTestingKit.framework */; };
		7D12B63315DD8FF0007DB776 /* UIKit.framework in Frameworks */ = {isa = PBXBuildFile; fileRef = 7D12B61015DD8FEF007DB776 /* UIKit.framework */; };
		7D12B63415DD8FF0007DB776 /* Foundation.framework in Frameworks */ = {isa = PBXBuildFile; fileRef = 7D12B61215DD8FEF007DB776 /* Foundation.framework */; };
		7D12B63C15DD8FF0007DB776 /* InfoPlist.strings in Resources */ = {isa = PBXBuildFile; fileRef = 7D12B63A15DD8FF0007DB776 /* InfoPlist.strings */; };
		7D12B63F15DD8FF0007DB776 /* imagenServerTests.m in Sources */ = {isa = PBXBuildFile; fileRef = 7D12B63E15DD8FF0007DB776 /* imagenServerTests.m */; };
/* End PBXBuildFile section */

/* Begin PBXContainerItemProxy section */
		7D12B63515DD8FF0007DB776 /* PBXContainerItemProxy */ = {
			isa = PBXContainerItemProxy;
			containerPortal = 7D12B60315DD8FEF007DB776 /* Project object */;
			proxyType = 1;
			remoteGlobalIDString = 7D12B60B15DD8FEF007DB776;
			remoteInfo = imagenServer;
		};
/* End PBXContainerItemProxy section */

/* Begin PBXFileReference section */
		7D12B60C15DD8FEF007DB776 /* imagenServer.app */ = {isa = PBXFileReference; explicitFileType = wrapper.application; includeInIndex = 0; path = imagenServer.app; sourceTree = BUILT_PRODUCTS_DIR; };
		7D12B61015DD8FEF007DB776 /* UIKit.framework */ = {isa = PBXFileReference; lastKnownFileType = wrapper.framework; name = UIKit.framework; path = System/Library/Frameworks/UIKit.framework; sourceTree = SDKROOT; };
		7D12B61215DD8FEF007DB776 /* Foundation.framework */ = {isa = PBXFileReference; lastKnownFileType = wrapper.framework; name = Foundation.framework; path = System/Library/Frameworks/Foundation.framework; sourceTree = SDKROOT; };
		7D12B61415DD8FEF007DB776 /* CoreGraphics.framework */ = {isa = PBXFileReference; lastKnownFileType = wrapper.framework; name = CoreGraphics.framework; path = System/Library/Frameworks/CoreGraphics.framework; sourceTree = SDKROOT; };
		7D12B61815DD8FEF007DB776 /* imagenServer-Info.plist */ = {isa = PBXFileReference; lastKnownFileType = text.plist.xml; path = "imagenServer-Info.plist"; sourceTree = "<group>"; };
		7D12B61A15DD8FEF007DB776 /* en */ = {isa = PBXFileReference; lastKnownFileType = text.plist.strings; name = en; path = en.lproj/InfoPlist.strings; sourceTree = "<group>"; };
		7D12B61C15DD8FEF007DB776 /* main.m */ = {isa = PBXFileReference; lastKnownFileType = sourcecode.c.objc; path = main.m; sourceTree = "<group>"; };
		7D12B61E15DD8FEF007DB776 /* imagenServer-Prefix.pch */ = {isa = PBXFileReference; lastKnownFileType = sourcecode.c.h; path = "imagenServer-Prefix.pch"; sourceTree = "<group>"; };
		7D12B61F15DD8FEF007DB776 /* AppDelegate.h */ = {isa = PBXFileReference; lastKnownFileType = sourcecode.c.h; path = AppDelegate.h; sourceTree = "<group>"; };
		7D12B62015DD8FEF007DB776 /* AppDelegate.m */ = {isa = PBXFileReference; lastKnownFileType = sourcecode.c.objc; path = AppDelegate.m; sourceTree = "<group>"; };
		7D12B62315DD8FEF007DB776 /* en */ = {isa = PBXFileReference; lastKnownFileType = file.storyboard; name = en; path = en.lproj/MainStoryboard_iPhone.storyboard; sourceTree = "<group>"; };
		7D12B62615DD8FEF007DB776 /* en */ = {isa = PBXFileReference; lastKnownFileType = file.storyboard; name = en; path = en.lproj/MainStoryboard_iPad.storyboard; sourceTree = "<group>"; };
		7D12B62815DD8FEF007DB776 /* ViewController.h */ = {isa = PBXFileReference; lastKnownFileType = sourcecode.c.h; path = ViewController.h; sourceTree = "<group>"; };
		7D12B62915DD8FEF007DB776 /* ViewController.m */ = {isa = PBXFileReference; lastKnownFileType = sourcecode.c.objc; path = ViewController.m; sourceTree = "<group>"; };
		7D12B63015DD8FF0007DB776 /* imagenServerTests.octest */ = {isa = PBXFileReference; explicitFileType = wrapper.cfbundle; includeInIndex = 0; path = imagenServerTests.octest; sourceTree = BUILT_PRODUCTS_DIR; };
		7D12B63115DD8FF0007DB776 /* SenTestingKit.framework */ = {isa = PBXFileReference; lastKnownFileType = wrapper.framework; name = SenTestingKit.framework; path = Library/Frameworks/SenTestingKit.framework; sourceTree = DEVELOPER_DIR; };
		7D12B63915DD8FF0007DB776 /* imagenServerTests-Info.plist */ = {isa = PBXFileReference; lastKnownFileType = text.plist.xml; path = "imagenServerTests-Info.plist"; sourceTree = "<group>"; };
		7D12B63B15DD8FF0007DB776 /* en */ = {isa = PBXFileReference; lastKnownFileType = text.plist.strings; name = en; path = en.lproj/InfoPlist.strings; sourceTree = "<group>"; };
		7D12B63D15DD8FF0007DB776 /* imagenServerTests.h */ = {isa = PBXFileReference; lastKnownFileType = sourcecode.c.h; path = imagenServerTests.h; sourceTree = "<group>"; };
		7D12B63E15DD8FF0007DB776 /* imagenServerTests.m */ = {isa = PBXFileReference; lastKnownFileType = sourcecode.c.objc; path = imagenServerTests.m; sourceTree = "<group>"; };
/* End PBXFileReference section */

/* Begin PBXFrameworksBuildPhase section */
		7D12B60915DD8FEF007DB776 /* Frameworks */ = {
			isa = PBXFrameworksBuildPhase;
			buildActionMask = 2147483647;
			files = (
				7D12B61115DD8FEF007DB776 /* UIKit.framework in Frameworks */,
				7D12B61315DD8FEF007DB776 /* Foundation.framework in Frameworks */,
				7D12B61515DD8FEF007DB776 /* CoreGraphics.framework in Frameworks */,
			);
			runOnlyForDeploymentPostprocessing = 0;
		};
		7D12B62C15DD8FF0007DB776 /* Frameworks */ = {
			isa = PBXFrameworksBuildPhase;
			buildActionMask = 2147483647;
			files = (
				7D12B63215DD8FF0007DB776 /* SenTestingKit.framework in Frameworks */,
				7D12B63315DD8FF0007DB776 /* UIKit.framework in Frameworks */,
				7D12B63415DD8FF0007DB776 /* Foundation.framework in Frameworks */,
			);
			runOnlyForDeploymentPostprocessing = 0;
		};
/* End PBXFrameworksBuildPhase section */

/* Begin PBXGroup section */
		7D12B60115DD8FEF007DB776 = {
			isa = PBXGroup;
			children = (
				7D12B61615DD8FEF007DB776 /* imagenServer */,
				7D12B63715DD8FF0007DB776 /* imagenServerTests */,
				7D12B60F15DD8FEF007DB776 /* Frameworks */,
				7D12B60D15DD8FEF007DB776 /* Products */,
			);
			sourceTree = "<group>";
		};
		7D12B60D15DD8FEF007DB776 /* Products */ = {
			isa = PBXGroup;
			children = (
				7D12B60C15DD8FEF007DB776 /* imagenServer.app */,
				7D12B63015DD8FF0007DB776 /* imagenServerTests.octest */,
			);
			name = Products;
			sourceTree = "<group>";
		};
		7D12B60F15DD8FEF007DB776 /* Frameworks */ = {
			isa = PBXGroup;
			children = (
				7D12B61015DD8FEF007DB776 /* UIKit.framework */,
				7D12B61215DD8FEF007DB776 /* Foundation.framework */,
				7D12B61415DD8FEF007DB776 /* CoreGraphics.framework */,
				7D12B63115DD8FF0007DB776 /* SenTestingKit.framework */,
			);
			name = Frameworks;
			sourceTree = "<group>";
		};
		7D12B61615DD8FEF007DB776 /* imagenServer */ = {
			isa = PBXGroup;
			children = (
				7D12B61F15DD8FEF007DB776 /* AppDelegate.h */,
				7D12B62015DD8FEF007DB776 /* AppDelegate.m */,
				7D12B62215DD8FEF007DB776 /* MainStoryboard_iPhone.storyboard */,
				7D12B62515DD8FEF007DB776 /* MainStoryboard_iPad.storyboard */,
				7D12B62815DD8FEF007DB776 /* ViewController.h */,
				7D12B62915DD8FEF007DB776 /* ViewController.m */,
				7D12B61715DD8FEF007DB776 /* Supporting Files */,
			);
			path = imagenServer;
			sourceTree = "<group>";
		};
		7D12B61715DD8FEF007DB776 /* Supporting Files */ = {
			isa = PBXGroup;
			children = (
				7D12B61815DD8FEF007DB776 /* imagenServer-Info.plist */,
				7D12B61915DD8FEF007DB776 /* InfoPlist.strings */,
				7D12B61C15DD8FEF007DB776 /* main.m */,
				7D12B61E15DD8FEF007DB776 /* imagenServer-Prefix.pch */,
			);
			name = "Supporting Files";
			sourceTree = "<group>";
		};
		7D12B63715DD8FF0007DB776 /* imagenServerTests */ = {
			isa = PBXGroup;
			children = (
				7D12B63D15DD8FF0007DB776 /* imagenServerTests.h */,
				7D12B63E15DD8FF0007DB776 /* imagenServerTests.m */,
				7D12B63815DD8FF0007DB776 /* Supporting Files */,
			);
			path = imagenServerTests;
			sourceTree = "<group>";
		};
		7D12B63815DD8FF0007DB776 /* Supporting Files */ = {
			isa = PBXGroup;
			children = (
				7D12B63915DD8FF0007DB776 /* imagenServerTests-Info.plist */,
				7D12B63A15DD8FF0007DB776 /* InfoPlist.strings */,
			);
			name = "Supporting Files";
			sourceTree = "<group>";
		};
/* End PBXGroup section */

/* Begin PBXNativeTarget section */
		7D12B60B15DD8FEF007DB776 /* imagenServer */ = {
			isa = PBXNativeTarget;
			buildConfigurationList = 7D12B64215DD8FF0007DB776 /* Build configuration list for PBXNativeTarget "imagenServer" */;
			buildPhases = (
				7D12B60815DD8FEF007DB776 /* Sources */,
				7D12B60915DD8FEF007DB776 /* Frameworks */,
				7D12B60A15DD8FEF007DB776 /* Resources */,
			);
			buildRules = (
			);
			dependencies = (
			);
			name = imagenServer;
			productName = imagenServer;
			productReference = 7D12B60C15DD8FEF007DB776 /* imagenServer.app */;
			productType = "com.apple.product-type.application";
		};
		7D12B62F15DD8FF0007DB776 /* imagenServerTests */ = {
			isa = PBXNativeTarget;
			buildConfigurationList = 7D12B64515DD8FF0007DB776 /* Build configuration list for PBXNativeTarget "imagenServerTests" */;
			buildPhases = (
				7D12B62B15DD8FF0007DB776 /* Sources */,
				7D12B62C15DD8FF0007DB776 /* Frameworks */,
				7D12B62D15DD8FF0007DB776 /* Resources */,
				7D12B62E15DD8FF0007DB776 /* ShellScript */,
			);
			buildRules = (
			);
			dependencies = (
				7D12B63615DD8FF0007DB776 /* PBXTargetDependency */,
			);
			name = imagenServerTests;
			productName = imagenServerTests;
			productReference = 7D12B63015DD8FF0007DB776 /* imagenServerTests.octest */;
			productType = "com.apple.product-type.bundle";
		};
/* End PBXNativeTarget section */

/* Begin PBXProject section */
		7D12B60315DD8FEF007DB776 /* Project object */ = {
			isa = PBXProject;
			attributes = {
				LastUpgradeCheck = 0440;
				ORGANIZATIONNAME = "Pablo Flores Guridi";
			};
			buildConfigurationList = 7D12B60615DD8FEF007DB776 /* Build configuration list for PBXProject "imagenServer" */;
			compatibilityVersion = "Xcode 3.2";
			developmentRegion = English;
			hasScannedForEncodings = 0;
			knownRegions = (
				en,
			);
			mainGroup = 7D12B60115DD8FEF007DB776;
			productRefGroup = 7D12B60D15DD8FEF007DB776 /* Products */;
			projectDirPath = "";
			projectRoot = "";
			targets = (
				7D12B60B15DD8FEF007DB776 /* imagenServer */,
				7D12B62F15DD8FF0007DB776 /* imagenServerTests */,
			);
		};
/* End PBXProject section */

/* Begin PBXResourcesBuildPhase section */
		7D12B60A15DD8FEF007DB776 /* Resources */ = {
			isa = PBXResourcesBuildPhase;
			buildActionMask = 2147483647;
			files = (
				7D12B61B15DD8FEF007DB776 /* InfoPlist.strings in Resources */,
				7D12B62415DD8FEF007DB776 /* MainStoryboard_iPhone.storyboard in Resources */,
				7D12B62715DD8FEF007DB776 /* MainStoryboard_iPad.storyboard in Resources */,
			);
			runOnlyForDeploymentPostprocessing = 0;
		};
		7D12B62D15DD8FF0007DB776 /* Resources */ = {
			isa = PBXResourcesBuildPhase;
			buildActionMask = 2147483647;
			files = (
				7D12B63C15DD8FF0007DB776 /* InfoPlist.strings in Resources */,
			);
			runOnlyForDeploymentPostprocessing = 0;
		};
/* End PBXResourcesBuildPhase section */

/* Begin PBXShellScriptBuildPhase section */
		7D12B62E15DD8FF0007DB776 /* ShellScript */ = {
			isa = PBXShellScriptBuildPhase;
			buildActionMask = 2147483647;
			files = (
			);
			inputPaths = (
			);
			outputPaths = (
			);
			runOnlyForDeploymentPostprocessing = 0;
			shellPath = /bin/sh;
			shellScript = "# Run the unit tests in this test bundle.\n\"${SYSTEM_DEVELOPER_DIR}/Tools/RunUnitTests\"\n";
		};
/* End PBXShellScriptBuildPhase section */

/* Begin PBXSourcesBuildPhase section */
		7D12B60815DD8FEF007DB776 /* Sources */ = {
			isa = PBXSourcesBuildPhase;
			buildActionMask = 2147483647;
			files = (
				7D12B61D15DD8FEF007DB776 /* main.m in Sources */,
				7D12B62115DD8FEF007DB776 /* AppDelegate.m in Sources */,
				7D12B62A15DD8FEF007DB776 /* ViewController.m in Sources */,
			);
			runOnlyForDeploymentPostprocessing = 0;
		};
		7D12B62B15DD8FF0007DB776 /* Sources */ = {
			isa = PBXSourcesBuildPhase;
			buildActionMask = 2147483647;
			files = (
				7D12B63F15DD8FF0007DB776 /* imagenServerTests.m in Sources */,
			);
			runOnlyForDeploymentPostprocessing = 0;
		};
/* End PBXSourcesBuildPhase section */

/* Begin PBXTargetDependency section */
		7D12B63615DD8FF0007DB776 /* PBXTargetDependency */ = {
			isa = PBXTargetDependency;
			target = 7D12B60B15DD8FEF007DB776 /* imagenServer */;
			targetProxy = 7D12B63515DD8FF0007DB776 /* PBXContainerItemProxy */;
		};
/* End PBXTargetDependency section */

/* Begin PBXVariantGroup section */
		7D12B61915DD8FEF007DB776 /* InfoPlist.strings */ = {
			isa = PBXVariantGroup;
			children = (
				7D12B61A15DD8FEF007DB776 /* en */,
			);
			name = InfoPlist.strings;
			sourceTree = "<group>";
		};
		7D12B62215DD8FEF007DB776 /* MainStoryboard_iPhone.storyboard */ = {
			isa = PBXVariantGroup;
			children = (
				7D12B62315DD8FEF007DB776 /* en */,
			);
			name = MainStoryboard_iPhone.storyboard;
			sourceTree = "<group>";
		};
		7D12B62515DD8FEF007DB776 /* MainStoryboard_iPad.storyboard */ = {
			isa = PBXVariantGroup;
			children = (
				7D12B62615DD8FEF007DB776 /* en */,
			);
			name = MainStoryboard_iPad.storyboard;
			sourceTree = "<group>";
		};
		7D12B63A15DD8FF0007DB776 /* InfoPlist.strings */ = {
			isa = PBXVariantGroup;
			children = (
				7D12B63B15DD8FF0007DB776 /* en */,
			);
			name = InfoPlist.strings;
			sourceTree = "<group>";
		};
/* End PBXVariantGroup section */

/* Begin XCBuildConfiguration section */
		7D12B64015DD8FF0007DB776 /* Debug */ = {
			isa = XCBuildConfiguration;
			buildSettings = {
				ALWAYS_SEARCH_USER_PATHS = NO;
				ARCHS = "$(ARCHS_STANDARD_32_BIT)";
				CLANG_CXX_LANGUAGE_STANDARD = "gnu++0x";
				CLANG_ENABLE_OBJC_ARC = YES;
				CLANG_WARN__DUPLICATE_METHOD_MATCH = YES;
				"CODE_SIGN_IDENTITY[sdk=iphoneos*]" = "iPhone Developer";
				COPY_PHASE_STRIP = NO;
				GCC_C_LANGUAGE_STANDARD = gnu99;
				GCC_DYNAMIC_NO_PIC = NO;
				GCC_OPTIMIZATION_LEVEL = 0;
				GCC_PREPROCESSOR_DEFINITIONS = (
					"DEBUG=1",
					"$(inherited)",
				);
				GCC_SYMBOLS_PRIVATE_EXTERN = NO;
				GCC_VERSION = "";
				GCC_WARN_ABOUT_RETURN_TYPE = YES;
				GCC_WARN_UNINITIALIZED_AUTOS = YES;
				GCC_WARN_UNUSED_VARIABLE = YES;
				IPHONEOS_DEPLOYMENT_TARGET = 5.1;
				SDKROOT = iphoneos;
				TARGETED_DEVICE_FAMILY = "1,2";
			};
			name = Debug;
		};
		7D12B64115DD8FF0007DB776 /* Release */ = {
			isa = XCBuildConfiguration;
			buildSettings = {
				ALWAYS_SEARCH_USER_PATHS = NO;
				ARCHS = "$(ARCHS_STANDARD_32_BIT)";
				CLANG_CXX_LANGUAGE_STANDARD = "gnu++0x";
				CLANG_ENABLE_OBJC_ARC = YES;
				CLANG_WARN__DUPLICATE_METHOD_MATCH = YES;
				"CODE_SIGN_IDENTITY[sdk=iphoneos*]" = "iPhone Developer";
				COPY_PHASE_STRIP = YES;
				GCC_C_LANGUAGE_STANDARD = gnu99;
				GCC_VERSION = "";
				GCC_WARN_ABOUT_RETURN_TYPE = YES;
				GCC_WARN_UNINITIALIZED_AUTOS = YES;
				GCC_WARN_UNUSED_VARIABLE = YES;
				IPHONEOS_DEPLOYMENT_TARGET = 5.1;
				OTHER_CFLAGS = "-DNS_BLOCK_ASSERTIONS=1";
				SDKROOT = iphoneos;
				TARGETED_DEVICE_FAMILY = "1,2";
				VALIDATE_PRODUCT = YES;
			};
			name = Release;
		};
		7D12B64315DD8FF0007DB776 /* Debug */ = {
			isa = XCBuildConfiguration;
			buildSettings = {
				GCC_PRECOMPILE_PREFIX_HEADER = YES;
				GCC_PREFIX_HEADER = "imagenServer/imagenServer-Prefix.pch";
				INFOPLIST_FILE = "imagenServer/imagenServer-Info.plist";
				PRODUCT_NAME = "$(TARGET_NAME)";
				TARGETED_DEVICE_FAMILY = 2;
				WRAPPER_EXTENSION = app;
			};
			name = Debug;
		};
		7D12B64415DD8FF0007DB776 /* Release */ = {
			isa = XCBuildConfiguration;
			buildSettings = {
				GCC_PRECOMPILE_PREFIX_HEADER = YES;
				GCC_PREFIX_HEADER = "imagenServer/imagenServer-Prefix.pch";
				INFOPLIST_FILE = "imagenServer/imagenServer-Info.plist";
				PRODUCT_NAME = "$(TARGET_NAME)";
				TARGETED_DEVICE_FAMILY = 2;
				WRAPPER_EXTENSION = app;
			};
			name = Release;
		};
		7D12B64615DD8FF0007DB776 /* Debug */ = {
			isa = XCBuildConfiguration;
			buildSettings = {
				BUNDLE_LOADER = "$(BUILT_PRODUCTS_DIR)/imagenServer.app/imagenServer";
				FRAMEWORK_SEARCH_PATHS = (
					"\"$(SDKROOT)/Developer/Library/Frameworks\"",
					"\"$(DEVELOPER_LIBRARY_DIR)/Frameworks\"",
				);
				GCC_PRECOMPILE_PREFIX_HEADER = YES;
				GCC_PREFIX_HEADER = "imagenServer/imagenServer-Prefix.pch";
				INFOPLIST_FILE = "imagenServerTests/imagenServerTests-Info.plist";
				PRODUCT_NAME = "$(TARGET_NAME)";
				TEST_HOST = "$(BUNDLE_LOADER)";
				WRAPPER_EXTENSION = octest;
			};
			name = Debug;
		};
		7D12B64715DD8FF0007DB776 /* Release */ = {
			isa = XCBuildConfiguration;
			buildSettings = {
				BUNDLE_LOADER = "$(BUILT_PRODUCTS_DIR)/imagenServer.app/imagenServer";
				FRAMEWORK_SEARCH_PATHS = (
					"\"$(SDKROOT)/Developer/Library/Frameworks\"",
					"\"$(DEVELOPER_LIBRARY_DIR)/Frameworks\"",
				);
				GCC_PRECOMPILE_PREFIX_HEADER = YES;
				GCC_PREFIX_HEADER = "imagenServer/imagenServer-Prefix.pch";
				INFOPLIST_FILE = "imagenServerTests/imagenServerTests-Info.plist";
				PRODUCT_NAME = "$(TARGET_NAME)";
				TEST_HOST = "$(BUNDLE_LOADER)";
				WRAPPER_EXTENSION = octest;
			};
			name = Release;
		};
/* End XCBuildConfiguration section */

/* Begin XCConfigurationList section */
		7D12B60615DD8FEF007DB776 /* Build configuration list for PBXProject "imagenServer" */ = {
			isa = XCConfigurationList;
			buildConfigurations = (
				7D12B64015DD8FF0007DB776 /* Debug */,
				7D12B64115DD8FF0007DB776 /* Release */,
			);
			defaultConfigurationIsVisible = 0;
			defaultConfigurationName = Release;
		};
		7D12B64215DD8FF0007DB776 /* Build configuration list for PBXNativeTarget "imagenServer" */ = {
			isa = XCConfigurationList;
			buildConfigurations = (
				7D12B64315DD8FF0007DB776 /* Debug */,
				7D12B64415DD8FF0007DB776 /* Release */,
			);
			defaultConfigurationIsVisible = 0;
			defaultConfigurationName = Release;
		};
		7D12B64515DD8FF0007DB776 /* Build configuration list for PBXNativeTarget "imagenServerTests" */ = {
			isa = XCConfigurationList;
			buildConfigurations = (
				7D12B64615DD8FF0007DB776 /* Debug */,
				7D12B64715DD8FF0007DB776 /* Release */,
			);
			defaultConfigurationIsVisible = 0;
			defaultConfigurationName = Release;
		};
/* End XCConfigurationList section */
	};
	rootObject = 7D12B60315DD8FEF007DB776 /* Project object */;
}
