// !$*UTF8*$!
{
	archiveVersion = 1;
	classes = {
	};
	objectVersion = 46;
	objects = {

/* Begin PBXBuildFile section */
		95F3AED3163C70BE00514996 /* UIKit.framework in Frameworks */ = {isa = PBXBuildFile; fileRef = 95F3AED2163C70BE00514996 /* UIKit.framework */; };
		95F3AED5163C70BE00514996 /* Foundation.framework in Frameworks */ = {isa = PBXBuildFile; fileRef = 95F3AED4163C70BE00514996 /* Foundation.framework */; };
		95F3AED7163C70BE00514996 /* CoreGraphics.framework in Frameworks */ = {isa = PBXBuildFile; fileRef = 95F3AED6163C70BE00514996 /* CoreGraphics.framework */; };
		95F3AEDD163C70BE00514996 /* InfoPlist.strings in Resources */ = {isa = PBXBuildFile; fileRef = 95F3AEDB163C70BE00514996 /* InfoPlist.strings */; };
		95F3AEDF163C70BE00514996 /* main.m in Sources */ = {isa = PBXBuildFile; fileRef = 95F3AEDE163C70BE00514996 /* main.m */; };
		95F3AEE3163C70BE00514996 /* AppDelegate.m in Sources */ = {isa = PBXBuildFile; fileRef = 95F3AEE2163C70BE00514996 /* AppDelegate.m */; };
		95F3AEE5163C70BE00514996 /* Default.png in Resources */ = {isa = PBXBuildFile; fileRef = 95F3AEE4163C70BE00514996 /* Default.png */; };
		95F3AEE7163C70BE00514996 /* Default@2x.png in Resources */ = {isa = PBXBuildFile; fileRef = 95F3AEE6163C70BE00514996 /* Default@2x.png */; };
		95F3AEE9163C70BE00514996 /* Default-568h@2x.png in Resources */ = {isa = PBXBuildFile; fileRef = 95F3AEE8163C70BE00514996 /* Default-568h@2x.png */; };
		95F3AEEC163C70BE00514996 /* MainStoryboard_iPhone.storyboard in Resources */ = {isa = PBXBuildFile; fileRef = 95F3AEEA163C70BE00514996 /* MainStoryboard_iPhone.storyboard */; };
		95F3AEEF163C70BE00514996 /* MainStoryboard_iPad.storyboard in Resources */ = {isa = PBXBuildFile; fileRef = 95F3AEED163C70BE00514996 /* MainStoryboard_iPad.storyboard */; };
		95F3AEF2163C70BE00514996 /* ViewController.m in Sources */ = {isa = PBXBuildFile; fileRef = 95F3AEF1163C70BE00514996 /* ViewController.m */; };
/* End PBXBuildFile section */

/* Begin PBXFileReference section */
		95F3AECE163C70BE00514996 /* drawSignatureZ.app */ = {isa = PBXFileReference; explicitFileType = wrapper.application; includeInIndex = 0; path = drawSignatureZ.app; sourceTree = BUILT_PRODUCTS_DIR; };
		95F3AED2163C70BE00514996 /* UIKit.framework */ = {isa = PBXFileReference; lastKnownFileType = wrapper.framework; name = UIKit.framework; path = System/Library/Frameworks/UIKit.framework; sourceTree = SDKROOT; };
		95F3AED4163C70BE00514996 /* Foundation.framework */ = {isa = PBXFileReference; lastKnownFileType = wrapper.framework; name = Foundation.framework; path = System/Library/Frameworks/Foundation.framework; sourceTree = SDKROOT; };
		95F3AED6163C70BE00514996 /* CoreGraphics.framework */ = {isa = PBXFileReference; lastKnownFileType = wrapper.framework; name = CoreGraphics.framework; path = System/Library/Frameworks/CoreGraphics.framework; sourceTree = SDKROOT; };
		95F3AEDA163C70BE00514996 /* drawSignatureZ-Info.plist */ = {isa = PBXFileReference; lastKnownFileType = text.plist.xml; path = "drawSignatureZ-Info.plist"; sourceTree = "<group>"; };
		95F3AEDC163C70BE00514996 /* en */ = {isa = PBXFileReference; lastKnownFileType = text.plist.strings; name = en; path = en.lproj/InfoPlist.strings; sourceTree = "<group>"; };
		95F3AEDE163C70BE00514996 /* main.m */ = {isa = PBXFileReference; lastKnownFileType = sourcecode.c.objc; path = main.m; sourceTree = "<group>"; };
		95F3AEE0163C70BE00514996 /* drawSignatureZ-Prefix.pch */ = {isa = PBXFileReference; lastKnownFileType = sourcecode.c.h; path = "drawSignatureZ-Prefix.pch"; sourceTree = "<group>"; };
		95F3AEE1163C70BE00514996 /* AppDelegate.h */ = {isa = PBXFileReference; lastKnownFileType = sourcecode.c.h; path = AppDelegate.h; sourceTree = "<group>"; };
		95F3AEE2163C70BE00514996 /* AppDelegate.m */ = {isa = PBXFileReference; lastKnownFileType = sourcecode.c.objc; path = AppDelegate.m; sourceTree = "<group>"; };
		95F3AEE4163C70BE00514996 /* Default.png */ = {isa = PBXFileReference; lastKnownFileType = image.png; path = Default.png; sourceTree = "<group>"; };
		95F3AEE6163C70BE00514996 /* Default@2x.png */ = {isa = PBXFileReference; lastKnownFileType = image.png; path = "Default@2x.png"; sourceTree = "<group>"; };
		95F3AEE8163C70BE00514996 /* Default-568h@2x.png */ = {isa = PBXFileReference; lastKnownFileType = image.png; path = "Default-568h@2x.png"; sourceTree = "<group>"; };
		95F3AEEB163C70BE00514996 /* en */ = {isa = PBXFileReference; lastKnownFileType = file.storyboard; name = en; path = en.lproj/MainStoryboard_iPhone.storyboard; sourceTree = "<group>"; };
		95F3AEEE163C70BE00514996 /* en */ = {isa = PBXFileReference; lastKnownFileType = file.storyboard; name = en; path = en.lproj/MainStoryboard_iPad.storyboard; sourceTree = "<group>"; };
		95F3AEF0163C70BE00514996 /* ViewController.h */ = {isa = PBXFileReference; lastKnownFileType = sourcecode.c.h; path = ViewController.h; sourceTree = "<group>"; };
		95F3AEF1163C70BE00514996 /* ViewController.m */ = {isa = PBXFileReference; lastKnownFileType = sourcecode.c.objc; path = ViewController.m; sourceTree = "<group>"; };
/* End PBXFileReference section */

/* Begin PBXFrameworksBuildPhase section */
		95F3AECB163C70BE00514996 /* Frameworks */ = {
			isa = PBXFrameworksBuildPhase;
			buildActionMask = 2147483647;
			files = (
				95F3AED3163C70BE00514996 /* UIKit.framework in Frameworks */,
				95F3AED5163C70BE00514996 /* Foundation.framework in Frameworks */,
				95F3AED7163C70BE00514996 /* CoreGraphics.framework in Frameworks */,
			);
			runOnlyForDeploymentPostprocessing = 0;
		};
/* End PBXFrameworksBuildPhase section */

/* Begin PBXGroup section */
		95F3AEC3163C70BE00514996 = {
			isa = PBXGroup;
			children = (
				95F3AED8163C70BE00514996 /* drawSignatureZ */,
				95F3AED1163C70BE00514996 /* Frameworks */,
				95F3AECF163C70BE00514996 /* Products */,
			);
			sourceTree = "<group>";
		};
		95F3AECF163C70BE00514996 /* Products */ = {
			isa = PBXGroup;
			children = (
				95F3AECE163C70BE00514996 /* drawSignatureZ.app */,
			);
			name = Products;
			sourceTree = "<group>";
		};
		95F3AED1163C70BE00514996 /* Frameworks */ = {
			isa = PBXGroup;
			children = (
				95F3AED2163C70BE00514996 /* UIKit.framework */,
				95F3AED4163C70BE00514996 /* Foundation.framework */,
				95F3AED6163C70BE00514996 /* CoreGraphics.framework */,
			);
			name = Frameworks;
			sourceTree = "<group>";
		};
		95F3AED8163C70BE00514996 /* drawSignatureZ */ = {
			isa = PBXGroup;
			children = (
				95F3AEE1163C70BE00514996 /* AppDelegate.h */,
				95F3AEE2163C70BE00514996 /* AppDelegate.m */,
				95F3AEEA163C70BE00514996 /* MainStoryboard_iPhone.storyboard */,
				95F3AEED163C70BE00514996 /* MainStoryboard_iPad.storyboard */,
				95F3AEF0163C70BE00514996 /* ViewController.h */,
				95F3AEF1163C70BE00514996 /* ViewController.m */,
				95F3AED9163C70BE00514996 /* Supporting Files */,
			);
			path = drawSignatureZ;
			sourceTree = "<group>";
		};
		95F3AED9163C70BE00514996 /* Supporting Files */ = {
			isa = PBXGroup;
			children = (
				95F3AEDA163C70BE00514996 /* drawSignatureZ-Info.plist */,
				95F3AEDB163C70BE00514996 /* InfoPlist.strings */,
				95F3AEDE163C70BE00514996 /* main.m */,
				95F3AEE0163C70BE00514996 /* drawSignatureZ-Prefix.pch */,
				95F3AEE4163C70BE00514996 /* Default.png */,
				95F3AEE6163C70BE00514996 /* Default@2x.png */,
				95F3AEE8163C70BE00514996 /* Default-568h@2x.png */,
			);
			name = "Supporting Files";
			sourceTree = "<group>";
		};
/* End PBXGroup section */

/* Begin PBXNativeTarget section */
		95F3AECD163C70BE00514996 /* drawSignatureZ */ = {
			isa = PBXNativeTarget;
			buildConfigurationList = 95F3AEF5163C70BE00514996 /* Build configuration list for PBXNativeTarget "drawSignatureZ" */;
			buildPhases = (
				95F3AECA163C70BE00514996 /* Sources */,
				95F3AECB163C70BE00514996 /* Frameworks */,
				95F3AECC163C70BE00514996 /* Resources */,
			);
			buildRules = (
			);
			dependencies = (
			);
			name = drawSignatureZ;
			productName = drawSignatureZ;
			productReference = 95F3AECE163C70BE00514996 /* drawSignatureZ.app */;
			productType = "com.apple.product-type.application";
		};
/* End PBXNativeTarget section */

/* Begin PBXProject section */
		95F3AEC5163C70BE00514996 /* Project object */ = {
			isa = PBXProject;
			attributes = {
				LastUpgradeCheck = 0450;
				ORGANIZATIONNAME = encuadro;
			};
			buildConfigurationList = 95F3AEC8163C70BE00514996 /* Build configuration list for PBXProject "drawSignatureZ" */;
			compatibilityVersion = "Xcode 3.2";
			developmentRegion = English;
			hasScannedForEncodings = 0;
			knownRegions = (
				en,
			);
			mainGroup = 95F3AEC3163C70BE00514996;
			productRefGroup = 95F3AECF163C70BE00514996 /* Products */;
			projectDirPath = "";
			projectRoot = "";
			targets = (
				95F3AECD163C70BE00514996 /* drawSignatureZ */,
			);
		};
/* End PBXProject section */

/* Begin PBXResourcesBuildPhase section */
		95F3AECC163C70BE00514996 /* Resources */ = {
			isa = PBXResourcesBuildPhase;
			buildActionMask = 2147483647;
			files = (
				95F3AEDD163C70BE00514996 /* InfoPlist.strings in Resources */,
				95F3AEE5163C70BE00514996 /* Default.png in Resources */,
				95F3AEE7163C70BE00514996 /* Default@2x.png in Resources */,
				95F3AEE9163C70BE00514996 /* Default-568h@2x.png in Resources */,
				95F3AEEC163C70BE00514996 /* MainStoryboard_iPhone.storyboard in Resources */,
				95F3AEEF163C70BE00514996 /* MainStoryboard_iPad.storyboard in Resources */,
			);
			runOnlyForDeploymentPostprocessing = 0;
		};
/* End PBXResourcesBuildPhase section */

/* Begin PBXSourcesBuildPhase section */
		95F3AECA163C70BE00514996 /* Sources */ = {
			isa = PBXSourcesBuildPhase;
			buildActionMask = 2147483647;
			files = (
				95F3AEDF163C70BE00514996 /* main.m in Sources */,
				95F3AEE3163C70BE00514996 /* AppDelegate.m in Sources */,
				95F3AEF2163C70BE00514996 /* ViewController.m in Sources */,
			);
			runOnlyForDeploymentPostprocessing = 0;
		};
/* End PBXSourcesBuildPhase section */

/* Begin PBXVariantGroup section */
		95F3AEDB163C70BE00514996 /* InfoPlist.strings */ = {
			isa = PBXVariantGroup;
			children = (
				95F3AEDC163C70BE00514996 /* en */,
			);
			name = InfoPlist.strings;
			sourceTree = "<group>";
		};
		95F3AEEA163C70BE00514996 /* MainStoryboard_iPhone.storyboard */ = {
			isa = PBXVariantGroup;
			children = (
				95F3AEEB163C70BE00514996 /* en */,
			);
			name = MainStoryboard_iPhone.storyboard;
			sourceTree = "<group>";
		};
		95F3AEED163C70BE00514996 /* MainStoryboard_iPad.storyboard */ = {
			isa = PBXVariantGroup;
			children = (
				95F3AEEE163C70BE00514996 /* en */,
			);
			name = MainStoryboard_iPad.storyboard;
			sourceTree = "<group>";
		};
/* End PBXVariantGroup section */

/* Begin XCBuildConfiguration section */
		95F3AEF3163C70BE00514996 /* Debug */ = {
			isa = XCBuildConfiguration;
			buildSettings = {
				ALWAYS_SEARCH_USER_PATHS = NO;
				CLANG_CXX_LANGUAGE_STANDARD = "gnu++0x";
				CLANG_CXX_LIBRARY = "libc++";
				CLANG_ENABLE_OBJC_ARC = YES;
				CLANG_WARN_EMPTY_BODY = YES;
				CLANG_WARN__DUPLICATE_METHOD_MATCH = YES;
				"CODE_SIGN_IDENTITY[sdk=iphoneos*]" = "iPhone Developer";
				COPY_PHASE_STRIP = NO;
				GCC_C_LANGUAGE_STANDARD = gnu99;
				GCC_DYNAMIC_NO_PIC = NO;
				GCC_OPTIMIZATION_LEVEL = 0;
				GCC_PREPROCESSOR_DEFINITIONS = (
					"DEBUG=1",
					"$(inherited)",
				);
				GCC_SYMBOLS_PRIVATE_EXTERN = NO;
				GCC_WARN_ABOUT_RETURN_TYPE = YES;
				GCC_WARN_UNINITIALIZED_AUTOS = YES;
				GCC_WARN_UNUSED_VARIABLE = YES;
				IPHONEOS_DEPLOYMENT_TARGET = 6.0;
				ONLY_ACTIVE_ARCH = YES;
				SDKROOT = iphoneos;
				TARGETED_DEVICE_FAMILY = "1,2";
			};
			name = Debug;
		};
		95F3AEF4163C70BE00514996 /* Release */ = {
			isa = XCBuildConfiguration;
			buildSettings = {
				ALWAYS_SEARCH_USER_PATHS = NO;
				CLANG_CXX_LANGUAGE_STANDARD = "gnu++0x";
				CLANG_CXX_LIBRARY = "libc++";
				CLANG_ENABLE_OBJC_ARC = YES;
				CLANG_WARN_EMPTY_BODY = YES;
				CLANG_WARN__DUPLICATE_METHOD_MATCH = YES;
				"CODE_SIGN_IDENTITY[sdk=iphoneos*]" = "iPhone Developer";
				COPY_PHASE_STRIP = YES;
				GCC_C_LANGUAGE_STANDARD = gnu99;
				GCC_WARN_ABOUT_RETURN_TYPE = YES;
				GCC_WARN_UNINITIALIZED_AUTOS = YES;
				GCC_WARN_UNUSED_VARIABLE = YES;
				IPHONEOS_DEPLOYMENT_TARGET = 6.0;
				OTHER_CFLAGS = "-DNS_BLOCK_ASSERTIONS=1";
				SDKROOT = iphoneos;
				TARGETED_DEVICE_FAMILY = "1,2";
				VALIDATE_PRODUCT = YES;
			};
			name = Release;
		};
		95F3AEF6163C70BE00514996 /* Debug */ = {
			isa = XCBuildConfiguration;
			buildSettings = {
				GCC_PRECOMPILE_PREFIX_HEADER = YES;
				GCC_PREFIX_HEADER = "drawSignatureZ/drawSignatureZ-Prefix.pch";
				INFOPLIST_FILE = "drawSignatureZ/drawSignatureZ-Info.plist";
				PRODUCT_NAME = "$(TARGET_NAME)";
				WRAPPER_EXTENSION = app;
			};
			name = Debug;
		};
		95F3AEF7163C70BE00514996 /* Release */ = {
			isa = XCBuildConfiguration;
			buildSettings = {
				GCC_PRECOMPILE_PREFIX_HEADER = YES;
				GCC_PREFIX_HEADER = "drawSignatureZ/drawSignatureZ-Prefix.pch";
				INFOPLIST_FILE = "drawSignatureZ/drawSignatureZ-Info.plist";
				PRODUCT_NAME = "$(TARGET_NAME)";
				WRAPPER_EXTENSION = app;
			};
			name = Release;
		};
/* End XCBuildConfiguration section */

/* Begin XCConfigurationList section */
		95F3AEC8163C70BE00514996 /* Build configuration list for PBXProject "drawSignatureZ" */ = {
			isa = XCConfigurationList;
			buildConfigurations = (
				95F3AEF3163C70BE00514996 /* Debug */,
				95F3AEF4163C70BE00514996 /* Release */,
			);
			defaultConfigurationIsVisible = 0;
			defaultConfigurationName = Release;
		};
		95F3AEF5163C70BE00514996 /* Build configuration list for PBXNativeTarget "drawSignatureZ" */ = {
			isa = XCConfigurationList;
			buildConfigurations = (
				95F3AEF6163C70BE00514996 /* Debug */,
				95F3AEF7163C70BE00514996 /* Release */,
			);
			defaultConfigurationIsVisible = 0;
		};
/* End XCConfigurationList section */
	};
	rootObject = 95F3AEC5163C70BE00514996 /* Project object */;
}
