// !$*UTF8*$!
{
	archiveVersion = 1;
	classes = {
	};
	objectVersion = 46;
	objects = {

/* Begin PBXFileReference section */
		7D294A8015D0878C00C52099 /* .DS_Store */ = {isa = PBXFileReference; lastKnownFileType = file; path = .DS_Store; sourceTree = "<group>"; };
		7D294A8115D0878C00C52099 /* .gitattributes */ = {isa = PBXFileReference; lastKnownFileType = text; path = .gitattributes; sourceTree = "<group>"; };
		7D294A8215D0878C00C52099 /* .gitignore */ = {isa = PBXFileReference; lastKnownFileType = text; path = .gitignore; sourceTree = "<group>"; };
		7D294A8315D0878C00C52099 /* apps */ = {isa = PBXFileReference; lastKnownFileType = folder; path = apps; sourceTree = "<group>"; };
		7D294A8415D0878C00C52099 /* bin */ = {isa = PBXFileReference; lastKnownFileType = folder; path = bin; sourceTree = "<group>"; };
		7D294A8515D0878C00C52099 /* COPYING */ = {isa = PBXFileReference; lastKnownFileType = text; path = COPYING; sourceTree = "<group>"; };
		7D294A8615D0878C00C52099 /* data */ = {isa = PBXFileReference; lastKnownFileType = folder; path = data; sourceTree = "<group>"; };
		7D294A8715D0878C00C52099 /* doc */ = {isa = PBXFileReference; lastKnownFileType = folder; path = doc; sourceTree = "<group>"; };
		7D294A8815D0878C00C52099 /* docsrc */ = {isa = PBXFileReference; lastKnownFileType = folder; path = docsrc; sourceTree = "<group>"; };
		7D294A8915D0878C00C52099 /* make */ = {isa = PBXFileReference; lastKnownFileType = folder; path = make; sourceTree = "<group>"; };
		7D294A8A15D0878C00C52099 /* Makefile */ = {isa = PBXFileReference; lastKnownFileType = sourcecode.make; path = Makefile; sourceTree = "<group>"; };
		7D294A8B15D0878C00C52099 /* Makefile.mak */ = {isa = PBXFileReference; lastKnownFileType = sourcecode.make; path = Makefile.mak; sourceTree = "<group>"; };
		7D294A8C15D0878C00C52099 /* README */ = {isa = PBXFileReference; lastKnownFileType = text; path = README; sourceTree = "<group>"; };
		7D294A8D15D0878C00C52099 /* src */ = {isa = PBXFileReference; lastKnownFileType = folder; path = src; sourceTree = "<group>"; };
		7D294A8E15D0878C00C52099 /* texput.log */ = {isa = PBXFileReference; lastKnownFileType = text; path = texput.log; sourceTree = "<group>"; };
		7D294A8F15D0878C00C52099 /* toolbox */ = {isa = PBXFileReference; lastKnownFileType = folder; path = toolbox; sourceTree = "<group>"; };
		7D294A9015D0878C00C52099 /* vl */ = {isa = PBXFileReference; lastKnownFileType = folder; path = vl; sourceTree = "<group>"; };
		7D294A9115D0878C00C52099 /* vlfeat.sln */ = {isa = PBXFileReference; lastKnownFileType = text; path = vlfeat.sln; sourceTree = "<group>"; };
		7D294A9215D0878C00C52099 /* vlfeat.vcproj */ = {isa = PBXFileReference; lastKnownFileType = text.xml; path = vlfeat.vcproj; sourceTree = "<group>"; };
		7D294A9315D0878C00C52099 /* vlfeat.xcodeproj */ = {isa = PBXFileReference; lastKnownFileType = "wrapper.pb-project"; path = vlfeat.xcodeproj; sourceTree = "<group>"; };
/* End PBXFileReference section */

/* Begin PBXGroup section */
		7D294A7815D0878C00C52099 = {
			isa = PBXGroup;
			children = (
				7D294A8015D0878C00C52099 /* .DS_Store */,
				7D294A8115D0878C00C52099 /* .gitattributes */,
				7D294A8215D0878C00C52099 /* .gitignore */,
				7D294A8315D0878C00C52099 /* apps */,
				7D294A8415D0878C00C52099 /* bin */,
				7D294A8515D0878C00C52099 /* COPYING */,
				7D294A8615D0878C00C52099 /* data */,
				7D294A8715D0878C00C52099 /* doc */,
				7D294A8815D0878C00C52099 /* docsrc */,
				7D294A8915D0878C00C52099 /* make */,
				7D294A8A15D0878C00C52099 /* Makefile */,
				7D294A8B15D0878C00C52099 /* Makefile.mak */,
				7D294A8C15D0878C00C52099 /* README */,
				7D294A8D15D0878C00C52099 /* src */,
				7D294A8E15D0878C00C52099 /* texput.log */,
				7D294A8F15D0878C00C52099 /* toolbox */,
				7D294A9015D0878C00C52099 /* vl */,
				7D294A9115D0878C00C52099 /* vlfeat.sln */,
				7D294A9215D0878C00C52099 /* vlfeat.vcproj */,
				7D294A9315D0878C00C52099 /* vlfeat.xcodeproj */,
			);
			sourceTree = "<group>";
		};
		7D294A9415D0878C00C52099 /* Products */ = {
			isa = PBXGroup;
			children = (
			);
			name = Products;
			sourceTree = "<group>";
		};
/* End PBXGroup section */

/* Begin PBXLegacyTarget section */
		7D294A7F15D0878C00C52099 /* vlfeat-0.9.14 */ = {
			isa = PBXLegacyTarget;
			buildArgumentsString = "$(ACTION)";
			buildConfigurationList = 7D294A9C15D0878C00C52099 /* Build configuration list for PBXLegacyTarget "vlfeat-0.9.14" */;
			buildPhases = (
			);
			buildToolPath = /usr/bin/make;
			buildWorkingDirectory = "/Users/pablofloresguridi/Fing/Proyecto/encuadro/xcode/DEMO/Sift/vlfeat-0.9.14";
			dependencies = (
			);
			name = "vlfeat-0.9.14";
			passBuildSettingsInEnvironment = 1;
			productName = "vlfeat-0.9.14";
		};
/* End PBXLegacyTarget section */

/* Begin PBXProject section */
		7D294A7A15D0878C00C52099 /* Project object */ = {
			isa = PBXProject;
			buildConfigurationList = 7D294A7D15D0878C00C52099 /* Build configuration list for PBXProject "vlfeat-0.9.14" */;
			compatibilityVersion = "Xcode 3.2";
			developmentRegion = English;
			hasScannedForEncodings = 0;
			knownRegions = (
				en,
			);
			mainGroup = 7D294A7815D0878C00C52099;
			projectDirPath = "";
			projectReferences = (
				{
					ProductGroup = 7D294A9415D0878C00C52099 /* Products */;
					ProjectRef = 7D294A9315D0878C00C52099 /* vlfeat.xcodeproj */;
				},
			);
			projectRoot = "";
			targets = (
				7D294A7F15D0878C00C52099 /* vlfeat-0.9.14 */,
			);
		};
/* End PBXProject section */

/* Begin XCBuildConfiguration section */
		7D294A7B15D0878C00C52099 /* Debug */ = {
			isa = XCBuildConfiguration;
			buildSettings = {
				ARCHS = "$(ARCHS_STANDARD_32_BIT)";
				COPY_PHASE_STRIP = NO;
				GCC_WARN_ABOUT_RETURN_TYPE = YES;
				GCC_WARN_UNUSED_VARIABLE = YES;
				ONLY_ACTIVE_ARCH = YES;
				SDKROOT = macosx10.6;
			};
			name = Debug;
		};
		7D294A7C15D0878C00C52099 /* Release */ = {
			isa = XCBuildConfiguration;
			buildSettings = {
				ARCHS = "$(ARCHS_STANDARD_32_BIT)";
				COPY_PHASE_STRIP = YES;
				GCC_WARN_ABOUT_RETURN_TYPE = YES;
				GCC_WARN_UNUSED_VARIABLE = YES;
				SDKROOT = macosx10.6;
			};
			name = Release;
		};
		7D294A9D15D0878C00C52099 /* Debug */ = {
			isa = XCBuildConfiguration;
			buildSettings = {
				COPY_PHASE_STRIP = NO;
				DEBUGGING_SYMBOLS = YES;
				GCC_DYNAMIC_NO_PIC = NO;
				GCC_ENABLE_FIX_AND_CONTINUE = YES;
				GCC_GENERATE_DEBUGGING_SYMBOLS = YES;
				GCC_OPTIMIZATION_LEVEL = 0;
				OTHER_CFLAGS = "";
				OTHER_LDFLAGS = "";
				PRODUCT_NAME = "vlfeat-0.9.14";
			};
			name = Debug;
		};
		7D294A9E15D0878C00C52099 /* Release */ = {
			isa = XCBuildConfiguration;
			buildSettings = {
				COPY_PHASE_STRIP = YES;
				DEBUG_INFORMATION_FORMAT = "dwarf-with-dsym";
				GCC_ENABLE_FIX_AND_CONTINUE = NO;
				OTHER_CFLAGS = "";
				OTHER_LDFLAGS = "";
				PRODUCT_NAME = "vlfeat-0.9.14";
			};
			name = Release;
		};
/* End XCBuildConfiguration section */

/* Begin XCConfigurationList section */
		7D294A7D15D0878C00C52099 /* Build configuration list for PBXProject "vlfeat-0.9.14" */ = {
			isa = XCConfigurationList;
			buildConfigurations = (
				7D294A7B15D0878C00C52099 /* Debug */,
				7D294A7C15D0878C00C52099 /* Release */,
			);
			defaultConfigurationIsVisible = 0;
			defaultConfigurationName = Release;
		};
		7D294A9C15D0878C00C52099 /* Build configuration list for PBXLegacyTarget "vlfeat-0.9.14" */ = {
			isa = XCConfigurationList;
			buildConfigurations = (
				7D294A9D15D0878C00C52099 /* Debug */,
				7D294A9E15D0878C00C52099 /* Release */,
			);
			defaultConfigurationIsVisible = 0;
			defaultConfigurationName = Release;
		};
/* End XCConfigurationList section */
	};
	rootObject = 7D294A7A15D0878C00C52099 /* Project object */;
}
