// !$*UTF8*$!
{
	archiveVersion = 1;
	classes = {
	};
	objectVersion = 46;
	objects = {

/* Begin PBXBuildFile section */
		7D2D0C6415AF6C87002704BC /* UIKit.framework in Frameworks */ = {isa = PBXBuildFile; fileRef = 7D2D0C6315AF6C87002704BC /* UIKit.framework */; };
		7D2D0C6615AF6C87002704BC /* Foundation.framework in Frameworks */ = {isa = PBXBuildFile; fileRef = 7D2D0C6515AF6C87002704BC /* Foundation.framework */; };
		7D2D0C6815AF6C87002704BC /* CoreGraphics.framework in Frameworks */ = {isa = PBXBuildFile; fileRef = 7D2D0C6715AF6C87002704BC /* CoreGraphics.framework */; };
		7D2D0C6E15AF6C87002704BC /* InfoPlist.strings in Resources */ = {isa = PBXBuildFile; fileRef = 7D2D0C6C15AF6C87002704BC /* InfoPlist.strings */; };
		7D2D0C7015AF6C87002704BC /* main.m in Sources */ = {isa = PBXBuildFile; fileRef = 7D2D0C6F15AF6C87002704BC /* main.m */; };
		7D2D0C7415AF6C87002704BC /* AppDelegate.m in Sources */ = {isa = PBXBuildFile; fileRef = 7D2D0C7315AF6C87002704BC /* AppDelegate.m */; };
		7D2D0C7715AF6C87002704BC /* MainStoryboard_iPhone.storyboard in Resources */ = {isa = PBXBuildFile; fileRef = 7D2D0C7515AF6C87002704BC /* MainStoryboard_iPhone.storyboard */; };
		7D2D0C7A15AF6C87002704BC /* MainStoryboard_iPad.storyboard in Resources */ = {isa = PBXBuildFile; fileRef = 7D2D0C7815AF6C87002704BC /* MainStoryboard_iPad.storyboard */; };
		7D2D0C7D15AF6C87002704BC /* ViewController.m in Sources */ = {isa = PBXBuildFile; fileRef = 7D2D0C7C15AF6C87002704BC /* ViewController.m */; };
		7D2D0C8515AF6C87002704BC /* SenTestingKit.framework in Frameworks */ = {isa = PBXBuildFile; fileRef = 7D2D0C8415AF6C87002704BC /* SenTestingKit.framework */; };
		7D2D0C8615AF6C87002704BC /* UIKit.framework in Frameworks */ = {isa = PBXBuildFile; fileRef = 7D2D0C6315AF6C87002704BC /* UIKit.framework */; };
		7D2D0C8715AF6C87002704BC /* Foundation.framework in Frameworks */ = {isa = PBXBuildFile; fileRef = 7D2D0C6515AF6C87002704BC /* Foundation.framework */; };
		7D2D0C8F15AF6C87002704BC /* InfoPlist.strings in Resources */ = {isa = PBXBuildFile; fileRef = 7D2D0C8D15AF6C87002704BC /* InfoPlist.strings */; };
		7D2D0C9215AF6C87002704BC /* siftSinCamaraTests.m in Sources */ = {isa = PBXBuildFile; fileRef = 7D2D0C9115AF6C87002704BC /* siftSinCamaraTests.m */; };
		7D2D0CE115AF7A68002704BC /* aib.c in Sources */ = {isa = PBXBuildFile; fileRef = 7D2D0CA815AF7A68002704BC /* aib.c */; };
		7D2D0CE215AF7A68002704BC /* aib.c in Sources */ = {isa = PBXBuildFile; fileRef = 7D2D0CA815AF7A68002704BC /* aib.c */; };
		7D2D0CE315AF7A68002704BC /* array.c in Sources */ = {isa = PBXBuildFile; fileRef = 7D2D0CAA15AF7A68002704BC /* array.c */; };
		7D2D0CE415AF7A68002704BC /* array.c in Sources */ = {isa = PBXBuildFile; fileRef = 7D2D0CAA15AF7A68002704BC /* array.c */; };
		7D2D0CE515AF7A68002704BC /* dsift.c in Sources */ = {isa = PBXBuildFile; fileRef = 7D2D0CAC15AF7A68002704BC /* dsift.c */; };
		7D2D0CE615AF7A68002704BC /* dsift.c in Sources */ = {isa = PBXBuildFile; fileRef = 7D2D0CAC15AF7A68002704BC /* dsift.c */; };
		7D2D0CE715AF7A68002704BC /* float.th in Resources */ = {isa = PBXBuildFile; fileRef = 7D2D0CAE15AF7A68002704BC /* float.th */; };
		7D2D0CE815AF7A68002704BC /* float.th in Resources */ = {isa = PBXBuildFile; fileRef = 7D2D0CAE15AF7A68002704BC /* float.th */; };
		7D2D0CE915AF7A68002704BC /* generic.c in Sources */ = {isa = PBXBuildFile; fileRef = 7D2D0CAF15AF7A68002704BC /* generic.c */; };
		7D2D0CEA15AF7A68002704BC /* generic.c in Sources */ = {isa = PBXBuildFile; fileRef = 7D2D0CAF15AF7A68002704BC /* generic.c */; };
		7D2D0CEB15AF7A68002704BC /* getopt_long.c in Sources */ = {isa = PBXBuildFile; fileRef = 7D2D0CB115AF7A68002704BC /* getopt_long.c */; };
		7D2D0CEC15AF7A68002704BC /* getopt_long.c in Sources */ = {isa = PBXBuildFile; fileRef = 7D2D0CB115AF7A68002704BC /* getopt_long.c */; };
		7D2D0CED15AF7A68002704BC /* hikmeans.c in Sources */ = {isa = PBXBuildFile; fileRef = 7D2D0CB415AF7A68002704BC /* hikmeans.c */; };
		7D2D0CEE15AF7A68002704BC /* hikmeans.c in Sources */ = {isa = PBXBuildFile; fileRef = 7D2D0CB415AF7A68002704BC /* hikmeans.c */; };
		7D2D0CEF15AF7A68002704BC /* homkermap.c in Sources */ = {isa = PBXBuildFile; fileRef = 7D2D0CB615AF7A68002704BC /* homkermap.c */; };
		7D2D0CF015AF7A68002704BC /* homkermap.c in Sources */ = {isa = PBXBuildFile; fileRef = 7D2D0CB615AF7A68002704BC /* homkermap.c */; };
		7D2D0CF115AF7A68002704BC /* host.c in Sources */ = {isa = PBXBuildFile; fileRef = 7D2D0CB815AF7A68002704BC /* host.c */; };
		7D2D0CF215AF7A68002704BC /* host.c in Sources */ = {isa = PBXBuildFile; fileRef = 7D2D0CB815AF7A68002704BC /* host.c */; };
		7D2D0CF315AF7A68002704BC /* ikmeans.c in Sources */ = {isa = PBXBuildFile; fileRef = 7D2D0CBA15AF7A68002704BC /* ikmeans.c */; };
		7D2D0CF415AF7A68002704BC /* ikmeans.c in Sources */ = {isa = PBXBuildFile; fileRef = 7D2D0CBA15AF7A68002704BC /* ikmeans.c */; };
		7D2D0CF515AF7A68002704BC /* ikmeans_elkan.tc in Resources */ = {isa = PBXBuildFile; fileRef = 7D2D0CBC15AF7A68002704BC /* ikmeans_elkan.tc */; };
		7D2D0CF615AF7A68002704BC /* ikmeans_elkan.tc in Resources */ = {isa = PBXBuildFile; fileRef = 7D2D0CBC15AF7A68002704BC /* ikmeans_elkan.tc */; };
		7D2D0CF715AF7A68002704BC /* ikmeans_init.tc in Resources */ = {isa = PBXBuildFile; fileRef = 7D2D0CBD15AF7A68002704BC /* ikmeans_init.tc */; };
		7D2D0CF815AF7A68002704BC /* ikmeans_init.tc in Resources */ = {isa = PBXBuildFile; fileRef = 7D2D0CBD15AF7A68002704BC /* ikmeans_init.tc */; };
		7D2D0CF915AF7A68002704BC /* ikmeans_lloyd.tc in Resources */ = {isa = PBXBuildFile; fileRef = 7D2D0CBE15AF7A68002704BC /* ikmeans_lloyd.tc */; };
		7D2D0CFA15AF7A68002704BC /* ikmeans_lloyd.tc in Resources */ = {isa = PBXBuildFile; fileRef = 7D2D0CBE15AF7A68002704BC /* ikmeans_lloyd.tc */; };
		7D2D0CFB15AF7A68002704BC /* imopv.c in Sources */ = {isa = PBXBuildFile; fileRef = 7D2D0CBF15AF7A68002704BC /* imopv.c */; };
		7D2D0CFC15AF7A68002704BC /* imopv.c in Sources */ = {isa = PBXBuildFile; fileRef = 7D2D0CBF15AF7A68002704BC /* imopv.c */; };
		7D2D0CFD15AF7A68002704BC /* imopv_sse2.c in Sources */ = {isa = PBXBuildFile; fileRef = 7D2D0CC115AF7A68002704BC /* imopv_sse2.c */; };
		7D2D0CFE15AF7A68002704BC /* imopv_sse2.c in Sources */ = {isa = PBXBuildFile; fileRef = 7D2D0CC115AF7A68002704BC /* imopv_sse2.c */; };
		7D2D0CFF15AF7A68002704BC /* kdtree.c in Sources */ = {isa = PBXBuildFile; fileRef = 7D2D0CC315AF7A68002704BC /* kdtree.c */; };
		7D2D0D0015AF7A68002704BC /* kdtree.c in Sources */ = {isa = PBXBuildFile; fileRef = 7D2D0CC315AF7A68002704BC /* kdtree.c */; };
		7D2D0D0115AF7A68002704BC /* kmeans.c in Sources */ = {isa = PBXBuildFile; fileRef = 7D2D0CC515AF7A68002704BC /* kmeans.c */; };
		7D2D0D0215AF7A68002704BC /* kmeans.c in Sources */ = {isa = PBXBuildFile; fileRef = 7D2D0CC515AF7A68002704BC /* kmeans.c */; };
		7D2D0D0315AF7A68002704BC /* lbp.c in Sources */ = {isa = PBXBuildFile; fileRef = 7D2D0CC715AF7A68002704BC /* lbp.c */; };
		7D2D0D0415AF7A68002704BC /* lbp.c in Sources */ = {isa = PBXBuildFile; fileRef = 7D2D0CC715AF7A68002704BC /* lbp.c */; };
		7D2D0D0515AF7A68002704BC /* mathop.c in Sources */ = {isa = PBXBuildFile; fileRef = 7D2D0CC915AF7A68002704BC /* mathop.c */; };
		7D2D0D0615AF7A68002704BC /* mathop.c in Sources */ = {isa = PBXBuildFile; fileRef = 7D2D0CC915AF7A68002704BC /* mathop.c */; };
		7D2D0D0715AF7A68002704BC /* mathop_sse2.c in Sources */ = {isa = PBXBuildFile; fileRef = 7D2D0CCB15AF7A68002704BC /* mathop_sse2.c */; };
		7D2D0D0815AF7A68002704BC /* mathop_sse2.c in Sources */ = {isa = PBXBuildFile; fileRef = 7D2D0CCB15AF7A68002704BC /* mathop_sse2.c */; };
		7D2D0D0915AF7A68002704BC /* mser.c in Sources */ = {isa = PBXBuildFile; fileRef = 7D2D0CCD15AF7A68002704BC /* mser.c */; };
		7D2D0D0A15AF7A68002704BC /* mser.c in Sources */ = {isa = PBXBuildFile; fileRef = 7D2D0CCD15AF7A68002704BC /* mser.c */; };
		7D2D0D0B15AF7A68002704BC /* pegasos.c in Sources */ = {isa = PBXBuildFile; fileRef = 7D2D0CCF15AF7A68002704BC /* pegasos.c */; };
		7D2D0D0C15AF7A68002704BC /* pegasos.c in Sources */ = {isa = PBXBuildFile; fileRef = 7D2D0CCF15AF7A68002704BC /* pegasos.c */; };
		7D2D0D0D15AF7A68002704BC /* pgm.c in Sources */ = {isa = PBXBuildFile; fileRef = 7D2D0CD115AF7A68002704BC /* pgm.c */; };
		7D2D0D0E15AF7A68002704BC /* pgm.c in Sources */ = {isa = PBXBuildFile; fileRef = 7D2D0CD115AF7A68002704BC /* pgm.c */; };
		7D2D0D0F15AF7A68002704BC /* quickshift.c in Sources */ = {isa = PBXBuildFile; fileRef = 7D2D0CD415AF7A68002704BC /* quickshift.c */; };
		7D2D0D1015AF7A68002704BC /* quickshift.c in Sources */ = {isa = PBXBuildFile; fileRef = 7D2D0CD415AF7A68002704BC /* quickshift.c */; };
		7D2D0D1115AF7A68002704BC /* random.c in Sources */ = {isa = PBXBuildFile; fileRef = 7D2D0CD615AF7A68002704BC /* random.c */; };
		7D2D0D1215AF7A68002704BC /* random.c in Sources */ = {isa = PBXBuildFile; fileRef = 7D2D0CD615AF7A68002704BC /* random.c */; };
		7D2D0D1315AF7A68002704BC /* rodrigues.c in Sources */ = {isa = PBXBuildFile; fileRef = 7D2D0CD815AF7A68002704BC /* rodrigues.c */; };
		7D2D0D1415AF7A68002704BC /* rodrigues.c in Sources */ = {isa = PBXBuildFile; fileRef = 7D2D0CD815AF7A68002704BC /* rodrigues.c */; };
		7D2D0D1515AF7A68002704BC /* sift.c in Sources */ = {isa = PBXBuildFile; fileRef = 7D2D0CDB15AF7A68002704BC /* sift.c */; };
		7D2D0D1615AF7A68002704BC /* sift.c in Sources */ = {isa = PBXBuildFile; fileRef = 7D2D0CDB15AF7A68002704BC /* sift.c */; };
		7D2D0D1715AF7A68002704BC /* slic.c in Sources */ = {isa = PBXBuildFile; fileRef = 7D2D0CDD15AF7A68002704BC /* slic.c */; };
		7D2D0D1815AF7A68002704BC /* slic.c in Sources */ = {isa = PBXBuildFile; fileRef = 7D2D0CDD15AF7A68002704BC /* slic.c */; };
		7D2D0D1915AF7A68002704BC /* stringop.c in Sources */ = {isa = PBXBuildFile; fileRef = 7D2D0CDF15AF7A68002704BC /* stringop.c */; };
		7D2D0D1A15AF7A68002704BC /* stringop.c in Sources */ = {isa = PBXBuildFile; fileRef = 7D2D0CDF15AF7A68002704BC /* stringop.c */; };
		7D56BF7D15D40BEC00C69C53 /* encuadroSift.c in Sources */ = {isa = PBXBuildFile; fileRef = 7D56BF7C15D40BEC00C69C53 /* encuadroSift.c */; };
		7DCB085715D1D19500BF6897 /* processing.c in Sources */ = {isa = PBXBuildFile; fileRef = 7DCB085515D1D19500BF6897 /* processing.c */; };
		7DCB085815D1D19500BF6897 /* processing.c in Sources */ = {isa = PBXBuildFile; fileRef = 7DCB085515D1D19500BF6897 /* processing.c */; };
		7DE58D9F161394FF00AC53F4 /* marker_0004.pgm in Resources */ = {isa = PBXBuildFile; fileRef = 7DE58D9E161394FF00AC53F4 /* marker_0004.pgm */; };
/* End PBXBuildFile section */

/* Begin PBXContainerItemProxy section */
		7D2D0C8815AF6C87002704BC /* PBXContainerItemProxy */ = {
			isa = PBXContainerItemProxy;
			containerPortal = 7D2D0C5615AF6C86002704BC /* Project object */;
			proxyType = 1;
			remoteGlobalIDString = 7D2D0C5E15AF6C87002704BC;
			remoteInfo = siftSinCamara;
		};
/* End PBXContainerItemProxy section */

/* Begin PBXFileReference section */
		7D2D0C5F15AF6C87002704BC /* siftSinCamara.app */ = {isa = PBXFileReference; explicitFileType = wrapper.application; includeInIndex = 0; path = siftSinCamara.app; sourceTree = BUILT_PRODUCTS_DIR; };
		7D2D0C6315AF6C87002704BC /* UIKit.framework */ = {isa = PBXFileReference; lastKnownFileType = wrapper.framework; name = UIKit.framework; path = System/Library/Frameworks/UIKit.framework; sourceTree = SDKROOT; };
		7D2D0C6515AF6C87002704BC /* Foundation.framework */ = {isa = PBXFileReference; lastKnownFileType = wrapper.framework; name = Foundation.framework; path = System/Library/Frameworks/Foundation.framework; sourceTree = SDKROOT; };
		7D2D0C6715AF6C87002704BC /* CoreGraphics.framework */ = {isa = PBXFileReference; lastKnownFileType = wrapper.framework; name = CoreGraphics.framework; path = System/Library/Frameworks/CoreGraphics.framework; sourceTree = SDKROOT; };
		7D2D0C6B15AF6C87002704BC /* siftSinCamara-Info.plist */ = {isa = PBXFileReference; lastKnownFileType = text.plist.xml; path = "siftSinCamara-Info.plist"; sourceTree = "<group>"; };
		7D2D0C6D15AF6C87002704BC /* en */ = {isa = PBXFileReference; lastKnownFileType = text.plist.strings; name = en; path = en.lproj/InfoPlist.strings; sourceTree = "<group>"; };
		7D2D0C6F15AF6C87002704BC /* main.m */ = {isa = PBXFileReference; lastKnownFileType = sourcecode.c.objc; path = main.m; sourceTree = "<group>"; };
		7D2D0C7115AF6C87002704BC /* siftSinCamara-Prefix.pch */ = {isa = PBXFileReference; lastKnownFileType = sourcecode.c.h; path = "siftSinCamara-Prefix.pch"; sourceTree = "<group>"; };
		7D2D0C7215AF6C87002704BC /* AppDelegate.h */ = {isa = PBXFileReference; lastKnownFileType = sourcecode.c.h; path = AppDelegate.h; sourceTree = "<group>"; };
		7D2D0C7315AF6C87002704BC /* AppDelegate.m */ = {isa = PBXFileReference; lastKnownFileType = sourcecode.c.objc; path = AppDelegate.m; sourceTree = "<group>"; };
		7D2D0C7615AF6C87002704BC /* en */ = {isa = PBXFileReference; lastKnownFileType = file.storyboard; name = en; path = en.lproj/MainStoryboard_iPhone.storyboard; sourceTree = "<group>"; };
		7D2D0C7915AF6C87002704BC /* en */ = {isa = PBXFileReference; lastKnownFileType = file.storyboard; name = en; path = en.lproj/MainStoryboard_iPad.storyboard; sourceTree = "<group>"; };
		7D2D0C7B15AF6C87002704BC /* ViewController.h */ = {isa = PBXFileReference; lastKnownFileType = sourcecode.c.h; path = ViewController.h; sourceTree = "<group>"; };
		7D2D0C7C15AF6C87002704BC /* ViewController.m */ = {isa = PBXFileReference; lastKnownFileType = sourcecode.c.objc; path = ViewController.m; sourceTree = "<group>"; };
		7D2D0C8315AF6C87002704BC /* siftSinCamaraTests.octest */ = {isa = PBXFileReference; explicitFileType = wrapper.cfbundle; includeInIndex = 0; path = siftSinCamaraTests.octest; sourceTree = BUILT_PRODUCTS_DIR; };
		7D2D0C8415AF6C87002704BC /* SenTestingKit.framework */ = {isa = PBXFileReference; lastKnownFileType = wrapper.framework; name = SenTestingKit.framework; path = Library/Frameworks/SenTestingKit.framework; sourceTree = DEVELOPER_DIR; };
		7D2D0C8C15AF6C87002704BC /* siftSinCamaraTests-Info.plist */ = {isa = PBXFileReference; lastKnownFileType = text.plist.xml; path = "siftSinCamaraTests-Info.plist"; sourceTree = "<group>"; };
		7D2D0C8E15AF6C87002704BC /* en */ = {isa = PBXFileReference; lastKnownFileType = text.plist.strings; name = en; path = en.lproj/InfoPlist.strings; sourceTree = "<group>"; };
		7D2D0C9015AF6C87002704BC /* siftSinCamaraTests.h */ = {isa = PBXFileReference; lastKnownFileType = sourcecode.c.h; path = siftSinCamaraTests.h; sourceTree = "<group>"; };
		7D2D0C9115AF6C87002704BC /* siftSinCamaraTests.m */ = {isa = PBXFileReference; lastKnownFileType = sourcecode.c.objc; path = siftSinCamaraTests.m; sourceTree = "<group>"; };
		7D2D0CA815AF7A68002704BC /* aib.c */ = {isa = PBXFileReference; fileEncoding = 4; lastKnownFileType = sourcecode.c.c; path = aib.c; sourceTree = "<group>"; };
		7D2D0CA915AF7A68002704BC /* aib.h */ = {isa = PBXFileReference; fileEncoding = 4; lastKnownFileType = sourcecode.c.h; path = aib.h; sourceTree = "<group>"; };
		7D2D0CAA15AF7A68002704BC /* array.c */ = {isa = PBXFileReference; fileEncoding = 4; lastKnownFileType = sourcecode.c.c; path = array.c; sourceTree = "<group>"; };
		7D2D0CAB15AF7A68002704BC /* array.h */ = {isa = PBXFileReference; fileEncoding = 4; lastKnownFileType = sourcecode.c.h; path = array.h; sourceTree = "<group>"; };
		7D2D0CAC15AF7A68002704BC /* dsift.c */ = {isa = PBXFileReference; fileEncoding = 4; lastKnownFileType = sourcecode.c.c; path = dsift.c; sourceTree = "<group>"; };
		7D2D0CAD15AF7A68002704BC /* dsift.h */ = {isa = PBXFileReference; fileEncoding = 4; lastKnownFileType = sourcecode.c.h; path = dsift.h; sourceTree = "<group>"; };
		7D2D0CAE15AF7A68002704BC /* float.th */ = {isa = PBXFileReference; fileEncoding = 4; lastKnownFileType = text; path = float.th; sourceTree = "<group>"; };
		7D2D0CAF15AF7A68002704BC /* generic.c */ = {isa = PBXFileReference; fileEncoding = 4; lastKnownFileType = sourcecode.c.c; path = generic.c; sourceTree = "<group>"; };
		7D2D0CB015AF7A68002704BC /* generic.h */ = {isa = PBXFileReference; fileEncoding = 4; lastKnownFileType = sourcecode.c.h; path = generic.h; sourceTree = "<group>"; };
		7D2D0CB115AF7A68002704BC /* getopt_long.c */ = {isa = PBXFileReference; fileEncoding = 4; lastKnownFileType = sourcecode.c.c; path = getopt_long.c; sourceTree = "<group>"; };
		7D2D0CB215AF7A68002704BC /* getopt_long.h */ = {isa = PBXFileReference; fileEncoding = 4; lastKnownFileType = sourcecode.c.h; path = getopt_long.h; sourceTree = "<group>"; };
		7D2D0CB315AF7A68002704BC /* heap-def.h */ = {isa = PBXFileReference; fileEncoding = 4; lastKnownFileType = sourcecode.c.h; path = "heap-def.h"; sourceTree = "<group>"; };
		7D2D0CB415AF7A68002704BC /* hikmeans.c */ = {isa = PBXFileReference; fileEncoding = 4; lastKnownFileType = sourcecode.c.c; path = hikmeans.c; sourceTree = "<group>"; };
		7D2D0CB515AF7A68002704BC /* hikmeans.h */ = {isa = PBXFileReference; fileEncoding = 4; lastKnownFileType = sourcecode.c.h; path = hikmeans.h; sourceTree = "<group>"; };
		7D2D0CB615AF7A68002704BC /* homkermap.c */ = {isa = PBXFileReference; fileEncoding = 4; lastKnownFileType = sourcecode.c.c; path = homkermap.c; sourceTree = "<group>"; };
		7D2D0CB715AF7A68002704BC /* homkermap.h */ = {isa = PBXFileReference; fileEncoding = 4; lastKnownFileType = sourcecode.c.h; path = homkermap.h; sourceTree = "<group>"; };
		7D2D0CB815AF7A68002704BC /* host.c */ = {isa = PBXFileReference; fileEncoding = 4; lastKnownFileType = sourcecode.c.c; path = host.c; sourceTree = "<group>"; };
		7D2D0CB915AF7A68002704BC /* host.h */ = {isa = PBXFileReference; fileEncoding = 4; lastKnownFileType = sourcecode.c.h; path = host.h; sourceTree = "<group>"; };
		7D2D0CBA15AF7A68002704BC /* ikmeans.c */ = {isa = PBXFileReference; fileEncoding = 4; lastKnownFileType = sourcecode.c.c; path = ikmeans.c; sourceTree = "<group>"; };
		7D2D0CBB15AF7A68002704BC /* ikmeans.h */ = {isa = PBXFileReference; fileEncoding = 4; lastKnownFileType = sourcecode.c.h; path = ikmeans.h; sourceTree = "<group>"; };
		7D2D0CBC15AF7A68002704BC /* ikmeans_elkan.tc */ = {isa = PBXFileReference; fileEncoding = 4; lastKnownFileType = text; path = ikmeans_elkan.tc; sourceTree = "<group>"; };
		7D2D0CBD15AF7A68002704BC /* ikmeans_init.tc */ = {isa = PBXFileReference; fileEncoding = 4; lastKnownFileType = text; path = ikmeans_init.tc; sourceTree = "<group>"; };
		7D2D0CBE15AF7A68002704BC /* ikmeans_lloyd.tc */ = {isa = PBXFileReference; fileEncoding = 4; lastKnownFileType = text; path = ikmeans_lloyd.tc; sourceTree = "<group>"; };
		7D2D0CBF15AF7A68002704BC /* imopv.c */ = {isa = PBXFileReference; fileEncoding = 4; lastKnownFileType = sourcecode.c.c; path = imopv.c; sourceTree = "<group>"; };
		7D2D0CC015AF7A68002704BC /* imopv.h */ = {isa = PBXFileReference; fileEncoding = 4; lastKnownFileType = sourcecode.c.h; path = imopv.h; sourceTree = "<group>"; };
		7D2D0CC115AF7A68002704BC /* imopv_sse2.c */ = {isa = PBXFileReference; fileEncoding = 4; lastKnownFileType = sourcecode.c.c; path = imopv_sse2.c; sourceTree = "<group>"; };
		7D2D0CC215AF7A68002704BC /* imopv_sse2.h */ = {isa = PBXFileReference; fileEncoding = 4; lastKnownFileType = sourcecode.c.h; path = imopv_sse2.h; sourceTree = "<group>"; };
		7D2D0CC315AF7A68002704BC /* kdtree.c */ = {isa = PBXFileReference; fileEncoding = 4; lastKnownFileType = sourcecode.c.c; path = kdtree.c; sourceTree = "<group>"; };
		7D2D0CC415AF7A68002704BC /* kdtree.h */ = {isa = PBXFileReference; fileEncoding = 4; lastKnownFileType = sourcecode.c.h; path = kdtree.h; sourceTree = "<group>"; };
		7D2D0CC515AF7A68002704BC /* kmeans.c */ = {isa = PBXFileReference; fileEncoding = 4; lastKnownFileType = sourcecode.c.c; path = kmeans.c; sourceTree = "<group>"; };
		7D2D0CC615AF7A68002704BC /* kmeans.h */ = {isa = PBXFileReference; fileEncoding = 4; lastKnownFileType = sourcecode.c.h; path = kmeans.h; sourceTree = "<group>"; };
		7D2D0CC715AF7A68002704BC /* lbp.c */ = {isa = PBXFileReference; fileEncoding = 4; lastKnownFileType = sourcecode.c.c; path = lbp.c; sourceTree = "<group>"; };
		7D2D0CC815AF7A68002704BC /* lbp.h */ = {isa = PBXFileReference; fileEncoding = 4; lastKnownFileType = sourcecode.c.h; path = lbp.h; sourceTree = "<group>"; };
		7D2D0CC915AF7A68002704BC /* mathop.c */ = {isa = PBXFileReference; fileEncoding = 4; lastKnownFileType = sourcecode.c.c; path = mathop.c; sourceTree = "<group>"; };
		7D2D0CCA15AF7A68002704BC /* mathop.h */ = {isa = PBXFileReference; fileEncoding = 4; lastKnownFileType = sourcecode.c.h; path = mathop.h; sourceTree = "<group>"; };
		7D2D0CCB15AF7A68002704BC /* mathop_sse2.c */ = {isa = PBXFileReference; fileEncoding = 4; lastKnownFileType = sourcecode.c.c; path = mathop_sse2.c; sourceTree = "<group>"; };
		7D2D0CCC15AF7A68002704BC /* mathop_sse2.h */ = {isa = PBXFileReference; fileEncoding = 4; lastKnownFileType = sourcecode.c.h; path = mathop_sse2.h; sourceTree = "<group>"; };
		7D2D0CCD15AF7A68002704BC /* mser.c */ = {isa = PBXFileReference; fileEncoding = 4; lastKnownFileType = sourcecode.c.c; path = mser.c; sourceTree = "<group>"; };
		7D2D0CCE15AF7A68002704BC /* mser.h */ = {isa = PBXFileReference; fileEncoding = 4; lastKnownFileType = sourcecode.c.h; path = mser.h; sourceTree = "<group>"; };
		7D2D0CCF15AF7A68002704BC /* pegasos.c */ = {isa = PBXFileReference; fileEncoding = 4; lastKnownFileType = sourcecode.c.c; path = pegasos.c; sourceTree = "<group>"; };
		7D2D0CD015AF7A68002704BC /* pegasos.h */ = {isa = PBXFileReference; fileEncoding = 4; lastKnownFileType = sourcecode.c.h; path = pegasos.h; sourceTree = "<group>"; };
		7D2D0CD115AF7A68002704BC /* pgm.c */ = {isa = PBXFileReference; fileEncoding = 4; lastKnownFileType = sourcecode.c.c; path = pgm.c; sourceTree = "<group>"; };
		7D2D0CD215AF7A68002704BC /* pgm.h */ = {isa = PBXFileReference; fileEncoding = 4; lastKnownFileType = sourcecode.c.h; path = pgm.h; sourceTree = "<group>"; };
		7D2D0CD315AF7A68002704BC /* qsort-def.h */ = {isa = PBXFileReference; fileEncoding = 4; lastKnownFileType = sourcecode.c.h; path = "qsort-def.h"; sourceTree = "<group>"; };
		7D2D0CD415AF7A68002704BC /* quickshift.c */ = {isa = PBXFileReference; fileEncoding = 4; lastKnownFileType = sourcecode.c.c; path = quickshift.c; sourceTree = "<group>"; };
		7D2D0CD515AF7A68002704BC /* quickshift.h */ = {isa = PBXFileReference; fileEncoding = 4; lastKnownFileType = sourcecode.c.h; path = quickshift.h; sourceTree = "<group>"; };
		7D2D0CD615AF7A68002704BC /* random.c */ = {isa = PBXFileReference; fileEncoding = 4; lastKnownFileType = sourcecode.c.c; path = random.c; sourceTree = "<group>"; };
		7D2D0CD715AF7A68002704BC /* random.h */ = {isa = PBXFileReference; fileEncoding = 4; lastKnownFileType = sourcecode.c.h; path = random.h; sourceTree = "<group>"; };
		7D2D0CD815AF7A68002704BC /* rodrigues.c */ = {isa = PBXFileReference; fileEncoding = 4; lastKnownFileType = sourcecode.c.c; path = rodrigues.c; sourceTree = "<group>"; };
		7D2D0CD915AF7A68002704BC /* rodrigues.h */ = {isa = PBXFileReference; fileEncoding = 4; lastKnownFileType = sourcecode.c.h; path = rodrigues.h; sourceTree = "<group>"; };
		7D2D0CDA15AF7A68002704BC /* shuffle-def.h */ = {isa = PBXFileReference; fileEncoding = 4; lastKnownFileType = sourcecode.c.h; path = "shuffle-def.h"; sourceTree = "<group>"; };
		7D2D0CDB15AF7A68002704BC /* sift.c */ = {isa = PBXFileReference; fileEncoding = 4; lastKnownFileType = sourcecode.c.c; path = sift.c; sourceTree = "<group>"; };
		7D2D0CDC15AF7A68002704BC /* sift.h */ = {isa = PBXFileReference; fileEncoding = 4; lastKnownFileType = sourcecode.c.h; path = sift.h; sourceTree = "<group>"; };
		7D2D0CDD15AF7A68002704BC /* slic.c */ = {isa = PBXFileReference; fileEncoding = 4; lastKnownFileType = sourcecode.c.c; path = slic.c; sourceTree = "<group>"; };
		7D2D0CDE15AF7A68002704BC /* slic.h */ = {isa = PBXFileReference; fileEncoding = 4; lastKnownFileType = sourcecode.c.h; path = slic.h; sourceTree = "<group>"; };
		7D2D0CDF15AF7A68002704BC /* stringop.c */ = {isa = PBXFileReference; fileEncoding = 4; lastKnownFileType = sourcecode.c.c; path = stringop.c; sourceTree = "<group>"; };
		7D2D0CE015AF7A68002704BC /* stringop.h */ = {isa = PBXFileReference; fileEncoding = 4; lastKnownFileType = sourcecode.c.h; path = stringop.h; sourceTree = "<group>"; };
		7D56BF7C15D40BEC00C69C53 /* encuadroSift.c */ = {isa = PBXFileReference; fileEncoding = 4; lastKnownFileType = sourcecode.c.c; path = encuadroSift.c; sourceTree = "<group>"; };
		7D56BF8015D412B900C69C53 /* encuadroSift.h */ = {isa = PBXFileReference; fileEncoding = 4; lastKnownFileType = sourcecode.c.h; path = encuadroSift.h; sourceTree = "<group>"; };
		7DCB085515D1D19500BF6897 /* processing.c */ = {isa = PBXFileReference; fileEncoding = 4; lastKnownFileType = sourcecode.c.c; path = processing.c; sourceTree = "<group>"; };
		7DCB085615D1D19500BF6897 /* processing.h */ = {isa = PBXFileReference; fileEncoding = 4; lastKnownFileType = sourcecode.c.h; path = processing.h; sourceTree = "<group>"; };
		7DE58D9E161394FF00AC53F4 /* marker_0004.pgm */ = {isa = PBXFileReference; fileEncoding = 4; lastKnownFileType = text; path = marker_0004.pgm; sourceTree = "<group>"; };
/* End PBXFileReference section */

/* Begin PBXFrameworksBuildPhase section */
		7D2D0C5C15AF6C87002704BC /* Frameworks */ = {
			isa = PBXFrameworksBuildPhase;
			buildActionMask = 2147483647;
			files = (
				7D2D0C6415AF6C87002704BC /* UIKit.framework in Frameworks */,
				7D2D0C6615AF6C87002704BC /* Foundation.framework in Frameworks */,
				7D2D0C6815AF6C87002704BC /* CoreGraphics.framework in Frameworks */,
			);
			runOnlyForDeploymentPostprocessing = 0;
		};
		7D2D0C7F15AF6C87002704BC /* Frameworks */ = {
			isa = PBXFrameworksBuildPhase;
			buildActionMask = 2147483647;
			files = (
				7D2D0C8515AF6C87002704BC /* SenTestingKit.framework in Frameworks */,
				7D2D0C8615AF6C87002704BC /* UIKit.framework in Frameworks */,
				7D2D0C8715AF6C87002704BC /* Foundation.framework in Frameworks */,
			);
			runOnlyForDeploymentPostprocessing = 0;
		};
/* End PBXFrameworksBuildPhase section */

/* Begin PBXGroup section */
		7D2D0C5415AF6C86002704BC = {
			isa = PBXGroup;
			children = (
				7D2D0C6915AF6C87002704BC /* siftSinCamara */,
				7D2D0C8A15AF6C87002704BC /* siftSinCamaraTests */,
				7D2D0C6215AF6C87002704BC /* Frameworks */,
				7D2D0C6015AF6C87002704BC /* Products */,
			);
			sourceTree = "<group>";
		};
		7D2D0C6015AF6C87002704BC /* Products */ = {
			isa = PBXGroup;
			children = (
				7D2D0C5F15AF6C87002704BC /* siftSinCamara.app */,
				7D2D0C8315AF6C87002704BC /* siftSinCamaraTests.octest */,
			);
			name = Products;
			sourceTree = "<group>";
		};
		7D2D0C6215AF6C87002704BC /* Frameworks */ = {
			isa = PBXGroup;
			children = (
				7D2D0C6315AF6C87002704BC /* UIKit.framework */,
				7D2D0C6515AF6C87002704BC /* Foundation.framework */,
				7D2D0C6715AF6C87002704BC /* CoreGraphics.framework */,
				7D2D0C8415AF6C87002704BC /* SenTestingKit.framework */,
			);
			name = Frameworks;
			sourceTree = "<group>";
		};
		7D2D0C6915AF6C87002704BC /* siftSinCamara */ = {
			isa = PBXGroup;
			children = (
				7D51C3BA15D69968003E851E /* Descriptores */,
				7DCB085515D1D19500BF6897 /* processing.c */,
				7DCB085615D1D19500BF6897 /* processing.h */,
				7D2D0CA715AF7A68002704BC /* vl */,
				7D2D0C7315AF6C87002704BC /* AppDelegate.m */,
				7D2D0C7215AF6C87002704BC /* AppDelegate.h */,
				7D56BF7C15D40BEC00C69C53 /* encuadroSift.c */,
				7D56BF8015D412B900C69C53 /* encuadroSift.h */,
				7D2D0C7515AF6C87002704BC /* MainStoryboard_iPhone.storyboard */,
				7D2D0C7815AF6C87002704BC /* MainStoryboard_iPad.storyboard */,
				7D2D0C7B15AF6C87002704BC /* ViewController.h */,
				7D2D0C7C15AF6C87002704BC /* ViewController.m */,
				7DE58D9E161394FF00AC53F4 /* marker_0004.pgm */,
				7D2D0C6A15AF6C87002704BC /* Supporting Files */,
			);
			path = siftSinCamara;
			sourceTree = "<group>";
		};
		7D2D0C6A15AF6C87002704BC /* Supporting Files */ = {
			isa = PBXGroup;
			children = (
				7D2D0C6B15AF6C87002704BC /* siftSinCamara-Info.plist */,
				7D2D0C6C15AF6C87002704BC /* InfoPlist.strings */,
				7D2D0C6F15AF6C87002704BC /* main.m */,
				7D2D0C7115AF6C87002704BC /* siftSinCamara-Prefix.pch */,
			);
			name = "Supporting Files";
			sourceTree = "<group>";
		};
		7D2D0C8A15AF6C87002704BC /* siftSinCamaraTests */ = {
			isa = PBXGroup;
			children = (
				7D2D0C9015AF6C87002704BC /* siftSinCamaraTests.h */,
				7D2D0C9115AF6C87002704BC /* siftSinCamaraTests.m */,
				7D2D0C8B15AF6C87002704BC /* Supporting Files */,
			);
			path = siftSinCamaraTests;
			sourceTree = "<group>";
		};
		7D2D0C8B15AF6C87002704BC /* Supporting Files */ = {
			isa = PBXGroup;
			children = (
				7D2D0C8C15AF6C87002704BC /* siftSinCamaraTests-Info.plist */,
				7D2D0C8D15AF6C87002704BC /* InfoPlist.strings */,
			);
			name = "Supporting Files";
			sourceTree = "<group>";
		};
		7D2D0CA715AF7A68002704BC /* vl */ = {
			isa = PBXGroup;
			children = (
				7D2D0CA815AF7A68002704BC /* aib.c */,
				7D2D0CA915AF7A68002704BC /* aib.h */,
				7D2D0CAA15AF7A68002704BC /* array.c */,
				7D2D0CAB15AF7A68002704BC /* array.h */,
				7D2D0CAC15AF7A68002704BC /* dsift.c */,
				7D2D0CAD15AF7A68002704BC /* dsift.h */,
				7D2D0CAE15AF7A68002704BC /* float.th */,
				7D2D0CAF15AF7A68002704BC /* generic.c */,
				7D2D0CB015AF7A68002704BC /* generic.h */,
				7D2D0CB115AF7A68002704BC /* getopt_long.c */,
				7D2D0CB215AF7A68002704BC /* getopt_long.h */,
				7D2D0CB315AF7A68002704BC /* heap-def.h */,
				7D2D0CB415AF7A68002704BC /* hikmeans.c */,
				7D2D0CB515AF7A68002704BC /* hikmeans.h */,
				7D2D0CB615AF7A68002704BC /* homkermap.c */,
				7D2D0CB715AF7A68002704BC /* homkermap.h */,
				7D2D0CB815AF7A68002704BC /* host.c */,
				7D2D0CB915AF7A68002704BC /* host.h */,
				7D2D0CBA15AF7A68002704BC /* ikmeans.c */,
				7D2D0CBB15AF7A68002704BC /* ikmeans.h */,
				7D2D0CBC15AF7A68002704BC /* ikmeans_elkan.tc */,
				7D2D0CBD15AF7A68002704BC /* ikmeans_init.tc */,
				7D2D0CBE15AF7A68002704BC /* ikmeans_lloyd.tc */,
				7D2D0CBF15AF7A68002704BC /* imopv.c */,
				7D2D0CC015AF7A68002704BC /* imopv.h */,
				7D2D0CC115AF7A68002704BC /* imopv_sse2.c */,
				7D2D0CC215AF7A68002704BC /* imopv_sse2.h */,
				7D2D0CC315AF7A68002704BC /* kdtree.c */,
				7D2D0CC415AF7A68002704BC /* kdtree.h */,
				7D2D0CC515AF7A68002704BC /* kmeans.c */,
				7D2D0CC615AF7A68002704BC /* kmeans.h */,
				7D2D0CC715AF7A68002704BC /* lbp.c */,
				7D2D0CC815AF7A68002704BC /* lbp.h */,
				7D2D0CC915AF7A68002704BC /* mathop.c */,
				7D2D0CCA15AF7A68002704BC /* mathop.h */,
				7D2D0CCB15AF7A68002704BC /* mathop_sse2.c */,
				7D2D0CCC15AF7A68002704BC /* mathop_sse2.h */,
				7D2D0CCD15AF7A68002704BC /* mser.c */,
				7D2D0CCE15AF7A68002704BC /* mser.h */,
				7D2D0CCF15AF7A68002704BC /* pegasos.c */,
				7D2D0CD015AF7A68002704BC /* pegasos.h */,
				7D2D0CD115AF7A68002704BC /* pgm.c */,
				7D2D0CD215AF7A68002704BC /* pgm.h */,
				7D2D0CD315AF7A68002704BC /* qsort-def.h */,
				7D2D0CD415AF7A68002704BC /* quickshift.c */,
				7D2D0CD515AF7A68002704BC /* quickshift.h */,
				7D2D0CD615AF7A68002704BC /* random.c */,
				7D2D0CD715AF7A68002704BC /* random.h */,
				7D2D0CD815AF7A68002704BC /* rodrigues.c */,
				7D2D0CD915AF7A68002704BC /* rodrigues.h */,
				7D2D0CDA15AF7A68002704BC /* shuffle-def.h */,
				7D2D0CDB15AF7A68002704BC /* sift.c */,
				7D2D0CDC15AF7A68002704BC /* sift.h */,
				7D2D0CDD15AF7A68002704BC /* slic.c */,
				7D2D0CDE15AF7A68002704BC /* slic.h */,
				7D2D0CDF15AF7A68002704BC /* stringop.c */,
				7D2D0CE015AF7A68002704BC /* stringop.h */,
			);
			path = vl;
			sourceTree = "<group>";
		};
		7D51C3BA15D69968003E851E /* Descriptores */ = {
			isa = PBXGroup;
			children = (
			);
			name = Descriptores;
			sourceTree = "<group>";
		};
/* End PBXGroup section */

/* Begin PBXNativeTarget section */
		7D2D0C5E15AF6C87002704BC /* siftSinCamara */ = {
			isa = PBXNativeTarget;
			buildConfigurationList = 7D2D0C9515AF6C87002704BC /* Build configuration list for PBXNativeTarget "siftSinCamara" */;
			buildPhases = (
				7D2D0C5B15AF6C87002704BC /* Sources */,
				7D2D0C5C15AF6C87002704BC /* Frameworks */,
				7D2D0C5D15AF6C87002704BC /* Resources */,
			);
			buildRules = (
			);
			dependencies = (
			);
			name = siftSinCamara;
			productName = siftSinCamara;
			productReference = 7D2D0C5F15AF6C87002704BC /* siftSinCamara.app */;
			productType = "com.apple.product-type.application";
		};
		7D2D0C8215AF6C87002704BC /* siftSinCamaraTests */ = {
			isa = PBXNativeTarget;
			buildConfigurationList = 7D2D0C9815AF6C87002704BC /* Build configuration list for PBXNativeTarget "siftSinCamaraTests" */;
			buildPhases = (
				7D2D0C7E15AF6C87002704BC /* Sources */,
				7D2D0C7F15AF6C87002704BC /* Frameworks */,
				7D2D0C8015AF6C87002704BC /* Resources */,
				7D2D0C8115AF6C87002704BC /* ShellScript */,
			);
			buildRules = (
			);
			dependencies = (
				7D2D0C8915AF6C87002704BC /* PBXTargetDependency */,
			);
			name = siftSinCamaraTests;
			productName = siftSinCamaraTests;
			productReference = 7D2D0C8315AF6C87002704BC /* siftSinCamaraTests.octest */;
			productType = "com.apple.product-type.bundle";
		};
/* End PBXNativeTarget section */

/* Begin PBXProject section */
		7D2D0C5615AF6C86002704BC /* Project object */ = {
			isa = PBXProject;
			attributes = {
				LastUpgradeCheck = 0430;
				ORGANIZATIONNAME = "pablofloresguridi@gmail.com";
			};
			buildConfigurationList = 7D2D0C5915AF6C86002704BC /* Build configuration list for PBXProject "siftSinCamara" */;
			compatibilityVersion = "Xcode 3.2";
			developmentRegion = English;
			hasScannedForEncodings = 0;
			knownRegions = (
				en,
			);
			mainGroup = 7D2D0C5415AF6C86002704BC;
			productRefGroup = 7D2D0C6015AF6C87002704BC /* Products */;
			projectDirPath = "";
			projectRoot = "";
			targets = (
				7D2D0C5E15AF6C87002704BC /* siftSinCamara */,
				7D2D0C8215AF6C87002704BC /* siftSinCamaraTests */,
			);
		};
/* End PBXProject section */

/* Begin PBXResourcesBuildPhase section */
		7D2D0C5D15AF6C87002704BC /* Resources */ = {
			isa = PBXResourcesBuildPhase;
			buildActionMask = 2147483647;
			files = (
				7D2D0C6E15AF6C87002704BC /* InfoPlist.strings in Resources */,
				7D2D0C7715AF6C87002704BC /* MainStoryboard_iPhone.storyboard in Resources */,
				7D2D0C7A15AF6C87002704BC /* MainStoryboard_iPad.storyboard in Resources */,
				7D2D0CE715AF7A68002704BC /* float.th in Resources */,
				7D2D0CF515AF7A68002704BC /* ikmeans_elkan.tc in Resources */,
				7D2D0CF715AF7A68002704BC /* ikmeans_init.tc in Resources */,
				7D2D0CF915AF7A68002704BC /* ikmeans_lloyd.tc in Resources */,
				7DE58D9F161394FF00AC53F4 /* marker_0004.pgm in Resources */,
			);
			runOnlyForDeploymentPostprocessing = 0;
		};
		7D2D0C8015AF6C87002704BC /* Resources */ = {
			isa = PBXResourcesBuildPhase;
			buildActionMask = 2147483647;
			files = (
				7D2D0C8F15AF6C87002704BC /* InfoPlist.strings in Resources */,
				7D2D0CE815AF7A68002704BC /* float.th in Resources */,
				7D2D0CF615AF7A68002704BC /* ikmeans_elkan.tc in Resources */,
				7D2D0CF815AF7A68002704BC /* ikmeans_init.tc in Resources */,
				7D2D0CFA15AF7A68002704BC /* ikmeans_lloyd.tc in Resources */,
			);
			runOnlyForDeploymentPostprocessing = 0;
		};
/* End PBXResourcesBuildPhase section */

/* Begin PBXShellScriptBuildPhase section */
		7D2D0C8115AF6C87002704BC /* ShellScript */ = {
			isa = PBXShellScriptBuildPhase;
			buildActionMask = 2147483647;
			files = (
			);
			inputPaths = (
			);
			outputPaths = (
			);
			runOnlyForDeploymentPostprocessing = 0;
			shellPath = /bin/sh;
			shellScript = "# Run the unit tests in this test bundle.\n\"${SYSTEM_DEVELOPER_DIR}/Tools/RunUnitTests\"\n";
		};
/* End PBXShellScriptBuildPhase section */

/* Begin PBXSourcesBuildPhase section */
		7D2D0C5B15AF6C87002704BC /* Sources */ = {
			isa = PBXSourcesBuildPhase;
			buildActionMask = 2147483647;
			files = (
				7D2D0C7015AF6C87002704BC /* main.m in Sources */,
				7D2D0C7415AF6C87002704BC /* AppDelegate.m in Sources */,
				7D2D0C7D15AF6C87002704BC /* ViewController.m in Sources */,
				7D2D0CE115AF7A68002704BC /* aib.c in Sources */,
				7D2D0CE315AF7A68002704BC /* array.c in Sources */,
				7D2D0CE515AF7A68002704BC /* dsift.c in Sources */,
				7D2D0CE915AF7A68002704BC /* generic.c in Sources */,
				7D2D0CEB15AF7A68002704BC /* getopt_long.c in Sources */,
				7D2D0CED15AF7A68002704BC /* hikmeans.c in Sources */,
				7D2D0CEF15AF7A68002704BC /* homkermap.c in Sources */,
				7D2D0CF115AF7A68002704BC /* host.c in Sources */,
				7D2D0CF315AF7A68002704BC /* ikmeans.c in Sources */,
				7D2D0CFB15AF7A68002704BC /* imopv.c in Sources */,
				7D2D0CFD15AF7A68002704BC /* imopv_sse2.c in Sources */,
				7D2D0CFF15AF7A68002704BC /* kdtree.c in Sources */,
				7D2D0D0115AF7A68002704BC /* kmeans.c in Sources */,
				7D2D0D0315AF7A68002704BC /* lbp.c in Sources */,
				7D2D0D0515AF7A68002704BC /* mathop.c in Sources */,
				7D2D0D0715AF7A68002704BC /* mathop_sse2.c in Sources */,
				7D2D0D0915AF7A68002704BC /* mser.c in Sources */,
				7D2D0D0B15AF7A68002704BC /* pegasos.c in Sources */,
				7D2D0D0D15AF7A68002704BC /* pgm.c in Sources */,
				7D2D0D0F15AF7A68002704BC /* quickshift.c in Sources */,
				7D2D0D1115AF7A68002704BC /* random.c in Sources */,
				7D2D0D1315AF7A68002704BC /* rodrigues.c in Sources */,
				7D2D0D1515AF7A68002704BC /* sift.c in Sources */,
				7D2D0D1715AF7A68002704BC /* slic.c in Sources */,
				7D2D0D1915AF7A68002704BC /* stringop.c in Sources */,
				7DCB085715D1D19500BF6897 /* processing.c in Sources */,
				7D56BF7D15D40BEC00C69C53 /* encuadroSift.c in Sources */,
			);
			runOnlyForDeploymentPostprocessing = 0;
		};
		7D2D0C7E15AF6C87002704BC /* Sources */ = {
			isa = PBXSourcesBuildPhase;
			buildActionMask = 2147483647;
			files = (
				7D2D0C9215AF6C87002704BC /* siftSinCamaraTests.m in Sources */,
				7D2D0CE215AF7A68002704BC /* aib.c in Sources */,
				7D2D0CE415AF7A68002704BC /* array.c in Sources */,
				7D2D0CE615AF7A68002704BC /* dsift.c in Sources */,
				7D2D0CEA15AF7A68002704BC /* generic.c in Sources */,
				7D2D0CEC15AF7A68002704BC /* getopt_long.c in Sources */,
				7D2D0CEE15AF7A68002704BC /* hikmeans.c in Sources */,
				7D2D0CF015AF7A68002704BC /* homkermap.c in Sources */,
				7D2D0CF215AF7A68002704BC /* host.c in Sources */,
				7D2D0CF415AF7A68002704BC /* ikmeans.c in Sources */,
				7D2D0CFC15AF7A68002704BC /* imopv.c in Sources */,
				7D2D0CFE15AF7A68002704BC /* imopv_sse2.c in Sources */,
				7D2D0D0015AF7A68002704BC /* kdtree.c in Sources */,
				7D2D0D0215AF7A68002704BC /* kmeans.c in Sources */,
				7D2D0D0415AF7A68002704BC /* lbp.c in Sources */,
				7D2D0D0615AF7A68002704BC /* mathop.c in Sources */,
				7D2D0D0815AF7A68002704BC /* mathop_sse2.c in Sources */,
				7D2D0D0A15AF7A68002704BC /* mser.c in Sources */,
				7D2D0D0C15AF7A68002704BC /* pegasos.c in Sources */,
				7D2D0D0E15AF7A68002704BC /* pgm.c in Sources */,
				7D2D0D1015AF7A68002704BC /* quickshift.c in Sources */,
				7D2D0D1215AF7A68002704BC /* random.c in Sources */,
				7D2D0D1415AF7A68002704BC /* rodrigues.c in Sources */,
				7D2D0D1615AF7A68002704BC /* sift.c in Sources */,
				7D2D0D1815AF7A68002704BC /* slic.c in Sources */,
				7D2D0D1A15AF7A68002704BC /* stringop.c in Sources */,
				7DCB085815D1D19500BF6897 /* processing.c in Sources */,
			);
			runOnlyForDeploymentPostprocessing = 0;
		};
/* End PBXSourcesBuildPhase section */

/* Begin PBXTargetDependency section */
		7D2D0C8915AF6C87002704BC /* PBXTargetDependency */ = {
			isa = PBXTargetDependency;
			target = 7D2D0C5E15AF6C87002704BC /* siftSinCamara */;
			targetProxy = 7D2D0C8815AF6C87002704BC /* PBXContainerItemProxy */;
		};
/* End PBXTargetDependency section */

/* Begin PBXVariantGroup section */
		7D2D0C6C15AF6C87002704BC /* InfoPlist.strings */ = {
			isa = PBXVariantGroup;
			children = (
				7D2D0C6D15AF6C87002704BC /* en */,
			);
			name = InfoPlist.strings;
			sourceTree = "<group>";
		};
		7D2D0C7515AF6C87002704BC /* MainStoryboard_iPhone.storyboard */ = {
			isa = PBXVariantGroup;
			children = (
				7D2D0C7615AF6C87002704BC /* en */,
			);
			name = MainStoryboard_iPhone.storyboard;
			sourceTree = "<group>";
		};
		7D2D0C7815AF6C87002704BC /* MainStoryboard_iPad.storyboard */ = {
			isa = PBXVariantGroup;
			children = (
				7D2D0C7915AF6C87002704BC /* en */,
			);
			name = MainStoryboard_iPad.storyboard;
			sourceTree = "<group>";
		};
		7D2D0C8D15AF6C87002704BC /* InfoPlist.strings */ = {
			isa = PBXVariantGroup;
			children = (
				7D2D0C8E15AF6C87002704BC /* en */,
			);
			name = InfoPlist.strings;
			sourceTree = "<group>";
		};
/* End PBXVariantGroup section */

/* Begin XCBuildConfiguration section */
		7D2D0C9315AF6C87002704BC /* Debug */ = {
			isa = XCBuildConfiguration;
			buildSettings = {
				ALWAYS_SEARCH_USER_PATHS = NO;
				ARCHS = "$(ARCHS_STANDARD_32_BIT)";
				CLANG_ENABLE_OBJC_ARC = YES;
				CODE_SIGN_IDENTITY = "iPhone Developer: Pablo Flores Guridi (F4JX2MYU5B)";
				"CODE_SIGN_IDENTITY[sdk=iphoneos*]" = "iPhone Developer";
				COPY_PHASE_STRIP = NO;
				GCC_C_LANGUAGE_STANDARD = gnu99;
				GCC_DYNAMIC_NO_PIC = NO;
				GCC_OPTIMIZATION_LEVEL = 0;
				GCC_PREPROCESSOR_DEFINITIONS = (
					"DEBUG=1",
					"$(inherited)",
				);
				GCC_SYMBOLS_PRIVATE_EXTERN = NO;
				GCC_VERSION = com.apple.compilers.llvmgcc42;
				GCC_WARN_ABOUT_RETURN_TYPE = YES;
				GCC_WARN_UNINITIALIZED_AUTOS = YES;
				GCC_WARN_UNUSED_VARIABLE = YES;
				IPHONEOS_DEPLOYMENT_TARGET = 5.1;
				PROVISIONING_PROFILE = "A1ACFDB8-C86D-4E57-B307-F73FE1E17997";
				SDKROOT = iphoneos;
				TARGETED_DEVICE_FAMILY = "1,2";
			};
			name = Debug;
		};
		7D2D0C9415AF6C87002704BC /* Release */ = {
			isa = XCBuildConfiguration;
			buildSettings = {
				ALWAYS_SEARCH_USER_PATHS = NO;
				ARCHS = "$(ARCHS_STANDARD_32_BIT)";
				CLANG_ENABLE_OBJC_ARC = YES;
				CODE_SIGN_IDENTITY = "iPhone Developer: Pablo Flores Guridi (F4JX2MYU5B)";
				"CODE_SIGN_IDENTITY[sdk=iphoneos*]" = "iPhone Developer";
				COPY_PHASE_STRIP = YES;
				GCC_C_LANGUAGE_STANDARD = gnu99;
				GCC_VERSION = com.apple.compilers.llvmgcc42;
				GCC_WARN_ABOUT_RETURN_TYPE = YES;
				GCC_WARN_UNINITIALIZED_AUTOS = YES;
				GCC_WARN_UNUSED_VARIABLE = YES;
				IPHONEOS_DEPLOYMENT_TARGET = 5.1;
				OTHER_CFLAGS = "-DNS_BLOCK_ASSERTIONS=1";
				PROVISIONING_PROFILE = "A1ACFDB8-C86D-4E57-B307-F73FE1E17997";
				SDKROOT = iphoneos;
				TARGETED_DEVICE_FAMILY = "1,2";
				VALIDATE_PRODUCT = YES;
			};
			name = Release;
		};
		7D2D0C9615AF6C87002704BC /* Debug */ = {
			isa = XCBuildConfiguration;
			buildSettings = {
				GCC_PRECOMPILE_PREFIX_HEADER = YES;
				GCC_PREFIX_HEADER = "siftSinCamara/siftSinCamara-Prefix.pch";
				GCC_VERSION = com.apple.compilers.llvm.clang.1_0;
				INFOPLIST_FILE = "siftSinCamara/siftSinCamara-Info.plist";
				PRODUCT_NAME = "$(TARGET_NAME)";
				WRAPPER_EXTENSION = app;
			};
			name = Debug;
		};
		7D2D0C9715AF6C87002704BC /* Release */ = {
			isa = XCBuildConfiguration;
			buildSettings = {
				GCC_PRECOMPILE_PREFIX_HEADER = YES;
				GCC_PREFIX_HEADER = "siftSinCamara/siftSinCamara-Prefix.pch";
				GCC_VERSION = com.apple.compilers.llvm.clang.1_0;
				INFOPLIST_FILE = "siftSinCamara/siftSinCamara-Info.plist";
				PRODUCT_NAME = "$(TARGET_NAME)";
				WRAPPER_EXTENSION = app;
			};
			name = Release;
		};
		7D2D0C9915AF6C87002704BC /* Debug */ = {
			isa = XCBuildConfiguration;
			buildSettings = {
				BUNDLE_LOADER = "$(BUILT_PRODUCTS_DIR)/siftSinCamara.app/siftSinCamara";
				FRAMEWORK_SEARCH_PATHS = (
					"$(SDKROOT)/Developer/Library/Frameworks",
					"$(DEVELOPER_LIBRARY_DIR)/Frameworks",
				);
				GCC_PRECOMPILE_PREFIX_HEADER = YES;
				GCC_PREFIX_HEADER = "siftSinCamara/siftSinCamara-Prefix.pch";
				INFOPLIST_FILE = "siftSinCamaraTests/siftSinCamaraTests-Info.plist";
				PRODUCT_NAME = "$(TARGET_NAME)";
				TEST_HOST = "$(BUNDLE_LOADER)";
				WRAPPER_EXTENSION = octest;
			};
			name = Debug;
		};
		7D2D0C9A15AF6C87002704BC /* Release */ = {
			isa = XCBuildConfiguration;
			buildSettings = {
				BUNDLE_LOADER = "$(BUILT_PRODUCTS_DIR)/siftSinCamara.app/siftSinCamara";
				FRAMEWORK_SEARCH_PATHS = (
					"$(SDKROOT)/Developer/Library/Frameworks",
					"$(DEVELOPER_LIBRARY_DIR)/Frameworks",
				);
				GCC_PRECOMPILE_PREFIX_HEADER = YES;
				GCC_PREFIX_HEADER = "siftSinCamara/siftSinCamara-Prefix.pch";
				INFOPLIST_FILE = "siftSinCamaraTests/siftSinCamaraTests-Info.plist";
				PRODUCT_NAME = "$(TARGET_NAME)";
				TEST_HOST = "$(BUNDLE_LOADER)";
				WRAPPER_EXTENSION = octest;
			};
			name = Release;
		};
/* End XCBuildConfiguration section */

/* Begin XCConfigurationList section */
		7D2D0C5915AF6C86002704BC /* Build configuration list for PBXProject "siftSinCamara" */ = {
			isa = XCConfigurationList;
			buildConfigurations = (
				7D2D0C9315AF6C87002704BC /* Debug */,
				7D2D0C9415AF6C87002704BC /* Release */,
			);
			defaultConfigurationIsVisible = 0;
			defaultConfigurationName = Release;
		};
		7D2D0C9515AF6C87002704BC /* Build configuration list for PBXNativeTarget "siftSinCamara" */ = {
			isa = XCConfigurationList;
			buildConfigurations = (
				7D2D0C9615AF6C87002704BC /* Debug */,
				7D2D0C9715AF6C87002704BC /* Release */,
			);
			defaultConfigurationIsVisible = 0;
			defaultConfigurationName = Release;
		};
		7D2D0C9815AF6C87002704BC /* Build configuration list for PBXNativeTarget "siftSinCamaraTests" */ = {
			isa = XCConfigurationList;
			buildConfigurations = (
				7D2D0C9915AF6C87002704BC /* Debug */,
				7D2D0C9A15AF6C87002704BC /* Release */,
			);
			defaultConfigurationIsVisible = 0;
			defaultConfigurationName = Release;
		};
/* End XCConfigurationList section */
	};
	rootObject = 7D2D0C5615AF6C86002704BC /* Project object */;
}
