// !$*UTF8*$!
{
	archiveVersion = 1;
	classes = {
	};
	objectVersion = 46;
	objects = {

/* Begin PBXBuildFile section */
		95B8359D1603DF2800D4965E /* UIKit.framework in Frameworks */ = {isa = PBXBuildFile; fileRef = 95B8359C1603DF2800D4965E /* UIKit.framework */; };
		95B8359F1603DF2800D4965E /* Foundation.framework in Frameworks */ = {isa = PBXBuildFile; fileRef = 95B8359E1603DF2800D4965E /* Foundation.framework */; };
		95B835A11603DF2800D4965E /* CoreGraphics.framework in Frameworks */ = {isa = PBXBuildFile; fileRef = 95B835A01603DF2800D4965E /* CoreGraphics.framework */; };
		95B835A71603DF2800D4965E /* InfoPlist.strings in Resources */ = {isa = PBXBuildFile; fileRef = 95B835A51603DF2800D4965E /* InfoPlist.strings */; };
		95B835A91603DF2800D4965E /* main.m in Sources */ = {isa = PBXBuildFile; fileRef = 95B835A81603DF2800D4965E /* main.m */; };
		95B835AD1603DF2800D4965E /* AppDelegate.m in Sources */ = {isa = PBXBuildFile; fileRef = 95B835AC1603DF2800D4965E /* AppDelegate.m */; };
		95B835B01603DF2800D4965E /* MainStoryboard_iPhone.storyboard in Resources */ = {isa = PBXBuildFile; fileRef = 95B835AE1603DF2800D4965E /* MainStoryboard_iPhone.storyboard */; };
		95B835B31603DF2800D4965E /* MainStoryboard_iPad.storyboard in Resources */ = {isa = PBXBuildFile; fileRef = 95B835B11603DF2800D4965E /* MainStoryboard_iPad.storyboard */; };
		95B835B61603DF2900D4965E /* ViewController.m in Sources */ = {isa = PBXBuildFile; fileRef = 95B835B51603DF2900D4965E /* ViewController.m */; };
		95B835BD1603E13F00D4965E /* MediaPlayer.framework in Frameworks */ = {isa = PBXBuildFile; fileRef = 95B835BC1603E13F00D4965E /* MediaPlayer.framework */; };
		95B835BF1603E23600D4965E /* marker_lo.mov in Resources */ = {isa = PBXBuildFile; fileRef = 95B835BE1603E23600D4965E /* marker_lo.mov */; };
/* End PBXBuildFile section */

/* Begin PBXFileReference section */
		95B835981603DF2800D4965E /* mostrarVideo.app */ = {isa = PBXFileReference; explicitFileType = wrapper.application; includeInIndex = 0; path = mostrarVideo.app; sourceTree = BUILT_PRODUCTS_DIR; };
		95B8359C1603DF2800D4965E /* UIKit.framework */ = {isa = PBXFileReference; lastKnownFileType = wrapper.framework; name = UIKit.framework; path = System/Library/Frameworks/UIKit.framework; sourceTree = SDKROOT; };
		95B8359E1603DF2800D4965E /* Foundation.framework */ = {isa = PBXFileReference; lastKnownFileType = wrapper.framework; name = Foundation.framework; path = System/Library/Frameworks/Foundation.framework; sourceTree = SDKROOT; };
		95B835A01603DF2800D4965E /* CoreGraphics.framework */ = {isa = PBXFileReference; lastKnownFileType = wrapper.framework; name = CoreGraphics.framework; path = System/Library/Frameworks/CoreGraphics.framework; sourceTree = SDKROOT; };
		95B835A41603DF2800D4965E /* mostrarVideo-Info.plist */ = {isa = PBXFileReference; lastKnownFileType = text.plist.xml; path = "mostrarVideo-Info.plist"; sourceTree = "<group>"; };
		95B835A61603DF2800D4965E /* en */ = {isa = PBXFileReference; lastKnownFileType = text.plist.strings; name = en; path = en.lproj/InfoPlist.strings; sourceTree = "<group>"; };
		95B835A81603DF2800D4965E /* main.m */ = {isa = PBXFileReference; lastKnownFileType = sourcecode.c.objc; path = main.m; sourceTree = "<group>"; };
		95B835AA1603DF2800D4965E /* mostrarVideo-Prefix.pch */ = {isa = PBXFileReference; lastKnownFileType = sourcecode.c.h; path = "mostrarVideo-Prefix.pch"; sourceTree = "<group>"; };
		95B835AB1603DF2800D4965E /* AppDelegate.h */ = {isa = PBXFileReference; lastKnownFileType = sourcecode.c.h; path = AppDelegate.h; sourceTree = "<group>"; };
		95B835AC1603DF2800D4965E /* AppDelegate.m */ = {isa = PBXFileReference; lastKnownFileType = sourcecode.c.objc; path = AppDelegate.m; sourceTree = "<group>"; };
		95B835AF1603DF2800D4965E /* en */ = {isa = PBXFileReference; lastKnownFileType = file.storyboard; name = en; path = en.lproj/MainStoryboard_iPhone.storyboard; sourceTree = "<group>"; };
		95B835B21603DF2800D4965E /* en */ = {isa = PBXFileReference; lastKnownFileType = file.storyboard; name = en; path = en.lproj/MainStoryboard_iPad.storyboard; sourceTree = "<group>"; };
		95B835B41603DF2900D4965E /* ViewController.h */ = {isa = PBXFileReference; lastKnownFileType = sourcecode.c.h; path = ViewController.h; sourceTree = "<group>"; };
		95B835B51603DF2900D4965E /* ViewController.m */ = {isa = PBXFileReference; lastKnownFileType = sourcecode.c.objc; path = ViewController.m; sourceTree = "<group>"; };
		95B835BC1603E13F00D4965E /* MediaPlayer.framework */ = {isa = PBXFileReference; lastKnownFileType = wrapper.framework; name = MediaPlayer.framework; path = System/Library/Frameworks/MediaPlayer.framework; sourceTree = SDKROOT; };
		95B835BE1603E23600D4965E /* marker_lo.mov */ = {isa = PBXFileReference; lastKnownFileType = video.quicktime; path = marker_lo.mov; sourceTree = "<group>"; };
/* End PBXFileReference section */

/* Begin PBXFrameworksBuildPhase section */
		95B835951603DF2800D4965E /* Frameworks */ = {
			isa = PBXFrameworksBuildPhase;
			buildActionMask = 2147483647;
			files = (
				95B835BD1603E13F00D4965E /* MediaPlayer.framework in Frameworks */,
				95B8359D1603DF2800D4965E /* UIKit.framework in Frameworks */,
				95B8359F1603DF2800D4965E /* Foundation.framework in Frameworks */,
				95B835A11603DF2800D4965E /* CoreGraphics.framework in Frameworks */,
			);
			runOnlyForDeploymentPostprocessing = 0;
		};
/* End PBXFrameworksBuildPhase section */

/* Begin PBXGroup section */
		95B8358D1603DF2600D4965E = {
			isa = PBXGroup;
			children = (
				95B835BC1603E13F00D4965E /* MediaPlayer.framework */,
				95B835A21603DF2800D4965E /* mostrarVideo */,
				95B8359B1603DF2800D4965E /* Frameworks */,
				95B835991603DF2800D4965E /* Products */,
			);
			sourceTree = "<group>";
		};
		95B835991603DF2800D4965E /* Products */ = {
			isa = PBXGroup;
			children = (
				95B835981603DF2800D4965E /* mostrarVideo.app */,
			);
			name = Products;
			sourceTree = "<group>";
		};
		95B8359B1603DF2800D4965E /* Frameworks */ = {
			isa = PBXGroup;
			children = (
				95B8359C1603DF2800D4965E /* UIKit.framework */,
				95B8359E1603DF2800D4965E /* Foundation.framework */,
				95B835A01603DF2800D4965E /* CoreGraphics.framework */,
			);
			name = Frameworks;
			sourceTree = "<group>";
		};
		95B835A21603DF2800D4965E /* mostrarVideo */ = {
			isa = PBXGroup;
			children = (
				95B835AB1603DF2800D4965E /* AppDelegate.h */,
				95B835AC1603DF2800D4965E /* AppDelegate.m */,
				95B835AE1603DF2800D4965E /* MainStoryboard_iPhone.storyboard */,
				95B835B11603DF2800D4965E /* MainStoryboard_iPad.storyboard */,
				95B835BE1603E23600D4965E /* marker_lo.mov */,
				95B835B41603DF2900D4965E /* ViewController.h */,
				95B835B51603DF2900D4965E /* ViewController.m */,
				95B835A31603DF2800D4965E /* Supporting Files */,
			);
			path = mostrarVideo;
			sourceTree = "<group>";
		};
		95B835A31603DF2800D4965E /* Supporting Files */ = {
			isa = PBXGroup;
			children = (
				95B835A41603DF2800D4965E /* mostrarVideo-Info.plist */,
				95B835A51603DF2800D4965E /* InfoPlist.strings */,
				95B835A81603DF2800D4965E /* main.m */,
				95B835AA1603DF2800D4965E /* mostrarVideo-Prefix.pch */,
			);
			name = "Supporting Files";
			sourceTree = "<group>";
		};
/* End PBXGroup section */

/* Begin PBXNativeTarget section */
		95B835971603DF2800D4965E /* mostrarVideo */ = {
			isa = PBXNativeTarget;
			buildConfigurationList = 95B835B91603DF2900D4965E /* Build configuration list for PBXNativeTarget "mostrarVideo" */;
			buildPhases = (
				95B835941603DF2800D4965E /* Sources */,
				95B835951603DF2800D4965E /* Frameworks */,
				95B835961603DF2800D4965E /* Resources */,
			);
			buildRules = (
			);
			dependencies = (
			);
			name = mostrarVideo;
			productName = mostrarVideo;
			productReference = 95B835981603DF2800D4965E /* mostrarVideo.app */;
			productType = "com.apple.product-type.application";
		};
/* End PBXNativeTarget section */

/* Begin PBXProject section */
		95B8358F1603DF2600D4965E /* Project object */ = {
			isa = PBXProject;
			attributes = {
				LastUpgradeCheck = 0430;
			};
			buildConfigurationList = 95B835921603DF2600D4965E /* Build configuration list for PBXProject "mostrarVideo" */;
			compatibilityVersion = "Xcode 3.2";
			developmentRegion = English;
			hasScannedForEncodings = 0;
			knownRegions = (
				en,
			);
			mainGroup = 95B8358D1603DF2600D4965E;
			productRefGroup = 95B835991603DF2800D4965E /* Products */;
			projectDirPath = "";
			projectRoot = "";
			targets = (
				95B835971603DF2800D4965E /* mostrarVideo */,
			);
		};
/* End PBXProject section */

/* Begin PBXResourcesBuildPhase section */
		95B835961603DF2800D4965E /* Resources */ = {
			isa = PBXResourcesBuildPhase;
			buildActionMask = 2147483647;
			files = (
				95B835A71603DF2800D4965E /* InfoPlist.strings in Resources */,
				95B835B01603DF2800D4965E /* MainStoryboard_iPhone.storyboard in Resources */,
				95B835B31603DF2800D4965E /* MainStoryboard_iPad.storyboard in Resources */,
				95B835BF1603E23600D4965E /* marker_lo.mov in Resources */,
			);
			runOnlyForDeploymentPostprocessing = 0;
		};
/* End PBXResourcesBuildPhase section */

/* Begin PBXSourcesBuildPhase section */
		95B835941603DF2800D4965E /* Sources */ = {
			isa = PBXSourcesBuildPhase;
			buildActionMask = 2147483647;
			files = (
				95B835A91603DF2800D4965E /* main.m in Sources */,
				95B835AD1603DF2800D4965E /* AppDelegate.m in Sources */,
				95B835B61603DF2900D4965E /* ViewController.m in Sources */,
			);
			runOnlyForDeploymentPostprocessing = 0;
		};
/* End PBXSourcesBuildPhase section */

/* Begin PBXVariantGroup section */
		95B835A51603DF2800D4965E /* InfoPlist.strings */ = {
			isa = PBXVariantGroup;
			children = (
				95B835A61603DF2800D4965E /* en */,
			);
			name = InfoPlist.strings;
			sourceTree = "<group>";
		};
		95B835AE1603DF2800D4965E /* MainStoryboard_iPhone.storyboard */ = {
			isa = PBXVariantGroup;
			children = (
				95B835AF1603DF2800D4965E /* en */,
			);
			name = MainStoryboard_iPhone.storyboard;
			sourceTree = "<group>";
		};
		95B835B11603DF2800D4965E /* MainStoryboard_iPad.storyboard */ = {
			isa = PBXVariantGroup;
			children = (
				95B835B21603DF2800D4965E /* en */,
			);
			name = MainStoryboard_iPad.storyboard;
			sourceTree = "<group>";
		};
/* End PBXVariantGroup section */

/* Begin XCBuildConfiguration section */
		95B835B71603DF2900D4965E /* Debug */ = {
			isa = XCBuildConfiguration;
			buildSettings = {
				ALWAYS_SEARCH_USER_PATHS = NO;
				ARCHS = "$(ARCHS_STANDARD_32_BIT)";
				CLANG_ENABLE_OBJC_ARC = YES;
				"CODE_SIGN_IDENTITY[sdk=iphoneos*]" = "iPhone Developer";
				COPY_PHASE_STRIP = NO;
				GCC_C_LANGUAGE_STANDARD = gnu99;
				GCC_DYNAMIC_NO_PIC = NO;
				GCC_OPTIMIZATION_LEVEL = 0;
				GCC_PREPROCESSOR_DEFINITIONS = (
					"DEBUG=1",
					"$(inherited)",
				);
				GCC_SYMBOLS_PRIVATE_EXTERN = NO;
				GCC_VERSION = com.apple.compilers.llvm.clang.1_0;
				GCC_WARN_ABOUT_RETURN_TYPE = YES;
				GCC_WARN_UNINITIALIZED_AUTOS = YES;
				GCC_WARN_UNUSED_VARIABLE = YES;
				IPHONEOS_DEPLOYMENT_TARGET = 5.1;
				SDKROOT = iphoneos;
				TARGETED_DEVICE_FAMILY = "1,2";
			};
			name = Debug;
		};
		95B835B81603DF2900D4965E /* Release */ = {
			isa = XCBuildConfiguration;
			buildSettings = {
				ALWAYS_SEARCH_USER_PATHS = NO;
				ARCHS = "$(ARCHS_STANDARD_32_BIT)";
				CLANG_ENABLE_OBJC_ARC = YES;
				"CODE_SIGN_IDENTITY[sdk=iphoneos*]" = "iPhone Developer";
				COPY_PHASE_STRIP = YES;
				GCC_C_LANGUAGE_STANDARD = gnu99;
				GCC_VERSION = com.apple.compilers.llvm.clang.1_0;
				GCC_WARN_ABOUT_RETURN_TYPE = YES;
				GCC_WARN_UNINITIALIZED_AUTOS = YES;
				GCC_WARN_UNUSED_VARIABLE = YES;
				IPHONEOS_DEPLOYMENT_TARGET = 5.1;
				OTHER_CFLAGS = "-DNS_BLOCK_ASSERTIONS=1";
				SDKROOT = iphoneos;
				TARGETED_DEVICE_FAMILY = "1,2";
				VALIDATE_PRODUCT = YES;
			};
			name = Release;
		};
		95B835BA1603DF2900D4965E /* Debug */ = {
			isa = XCBuildConfiguration;
			buildSettings = {
				GCC_PRECOMPILE_PREFIX_HEADER = YES;
				GCC_PREFIX_HEADER = "mostrarVideo/mostrarVideo-Prefix.pch";
				INFOPLIST_FILE = "mostrarVideo/mostrarVideo-Info.plist";
				PRODUCT_NAME = "$(TARGET_NAME)";
				WRAPPER_EXTENSION = app;
			};
			name = Debug;
		};
		95B835BB1603DF2900D4965E /* Release */ = {
			isa = XCBuildConfiguration;
			buildSettings = {
				GCC_PRECOMPILE_PREFIX_HEADER = YES;
				GCC_PREFIX_HEADER = "mostrarVideo/mostrarVideo-Prefix.pch";
				INFOPLIST_FILE = "mostrarVideo/mostrarVideo-Info.plist";
				PRODUCT_NAME = "$(TARGET_NAME)";
				WRAPPER_EXTENSION = app;
			};
			name = Release;
		};
/* End XCBuildConfiguration section */

/* Begin XCConfigurationList section */
		95B835921603DF2600D4965E /* Build configuration list for PBXProject "mostrarVideo" */ = {
			isa = XCConfigurationList;
			buildConfigurations = (
				95B835B71603DF2900D4965E /* Debug */,
				95B835B81603DF2900D4965E /* Release */,
			);
			defaultConfigurationIsVisible = 0;
			defaultConfigurationName = Release;
		};
		95B835B91603DF2900D4965E /* Build configuration list for PBXNativeTarget "mostrarVideo" */ = {
			isa = XCConfigurationList;
			buildConfigurations = (
				95B835BA1603DF2900D4965E /* Debug */,
				95B835BB1603DF2900D4965E /* Release */,
			);
			defaultConfigurationIsVisible = 0;
		};
/* End XCConfigurationList section */
	};
	rootObject = 95B8358F1603DF2600D4965E /* Project object */;
}
