// !$*UTF8*$!
{
	archiveVersion = 1;
	classes = {
	};
	objectVersion = 46;
	objects = {

/* Begin PBXBuildFile section */
		7D3DF4EE15E406FE0048FDEB /* encuadroSift.c in Sources */ = {isa = PBXBuildFile; fileRef = 7D3DF4ED15E406FE0048FDEB /* encuadroSift.c */; };
		7D3DF4F015E406FE0048FDEB /* sift.1 in CopyFiles */ = {isa = PBXBuildFile; fileRef = 7D3DF4EF15E406FE0048FDEB /* sift.1 */; };
		7D3DF53115E40C500048FDEB /* aib.c in Sources */ = {isa = PBXBuildFile; fileRef = 7D3DF4F815E40C500048FDEB /* aib.c */; };
		7D3DF53215E40C500048FDEB /* array.c in Sources */ = {isa = PBXBuildFile; fileRef = 7D3DF4FA15E40C500048FDEB /* array.c */; };
		7D3DF53315E40C500048FDEB /* dsift.c in Sources */ = {isa = PBXBuildFile; fileRef = 7D3DF4FC15E40C500048FDEB /* dsift.c */; };
		7D3DF53415E40C500048FDEB /* generic.c in Sources */ = {isa = PBXBuildFile; fileRef = 7D3DF4FF15E40C500048FDEB /* generic.c */; };
		7D3DF53515E40C500048FDEB /* getopt_long.c in Sources */ = {isa = PBXBuildFile; fileRef = 7D3DF50115E40C500048FDEB /* getopt_long.c */; };
		7D3DF53615E40C500048FDEB /* hikmeans.c in Sources */ = {isa = PBXBuildFile; fileRef = 7D3DF50415E40C500048FDEB /* hikmeans.c */; };
		7D3DF53715E40C500048FDEB /* homkermap.c in Sources */ = {isa = PBXBuildFile; fileRef = 7D3DF50615E40C500048FDEB /* homkermap.c */; };
		7D3DF53815E40C500048FDEB /* host.c in Sources */ = {isa = PBXBuildFile; fileRef = 7D3DF50815E40C500048FDEB /* host.c */; };
		7D3DF53915E40C500048FDEB /* ikmeans.c in Sources */ = {isa = PBXBuildFile; fileRef = 7D3DF50A15E40C500048FDEB /* ikmeans.c */; };
		7D3DF53A15E40C500048FDEB /* imopv.c in Sources */ = {isa = PBXBuildFile; fileRef = 7D3DF50F15E40C500048FDEB /* imopv.c */; };
		7D3DF53B15E40C500048FDEB /* imopv_sse2.c in Sources */ = {isa = PBXBuildFile; fileRef = 7D3DF51115E40C500048FDEB /* imopv_sse2.c */; };
		7D3DF53C15E40C500048FDEB /* kdtree.c in Sources */ = {isa = PBXBuildFile; fileRef = 7D3DF51315E40C500048FDEB /* kdtree.c */; };
		7D3DF53D15E40C500048FDEB /* kmeans.c in Sources */ = {isa = PBXBuildFile; fileRef = 7D3DF51515E40C500048FDEB /* kmeans.c */; };
		7D3DF53E15E40C500048FDEB /* lbp.c in Sources */ = {isa = PBXBuildFile; fileRef = 7D3DF51715E40C500048FDEB /* lbp.c */; };
		7D3DF53F15E40C500048FDEB /* mathop.c in Sources */ = {isa = PBXBuildFile; fileRef = 7D3DF51915E40C500048FDEB /* mathop.c */; };
		7D3DF54015E40C500048FDEB /* mathop_sse2.c in Sources */ = {isa = PBXBuildFile; fileRef = 7D3DF51B15E40C500048FDEB /* mathop_sse2.c */; };
		7D3DF54115E40C500048FDEB /* mser.c in Sources */ = {isa = PBXBuildFile; fileRef = 7D3DF51D15E40C500048FDEB /* mser.c */; };
		7D3DF54215E40C500048FDEB /* pegasos.c in Sources */ = {isa = PBXBuildFile; fileRef = 7D3DF51F15E40C500048FDEB /* pegasos.c */; };
		7D3DF54315E40C500048FDEB /* pgm.c in Sources */ = {isa = PBXBuildFile; fileRef = 7D3DF52115E40C500048FDEB /* pgm.c */; };
		7D3DF54415E40C500048FDEB /* quickshift.c in Sources */ = {isa = PBXBuildFile; fileRef = 7D3DF52415E40C500048FDEB /* quickshift.c */; };
		7D3DF54515E40C500048FDEB /* random.c in Sources */ = {isa = PBXBuildFile; fileRef = 7D3DF52615E40C500048FDEB /* random.c */; };
		7D3DF54615E40C500048FDEB /* rodrigues.c in Sources */ = {isa = PBXBuildFile; fileRef = 7D3DF52815E40C500048FDEB /* rodrigues.c */; };
		7D3DF54715E40C500048FDEB /* sift.c in Sources */ = {isa = PBXBuildFile; fileRef = 7D3DF52B15E40C500048FDEB /* sift.c */; };
		7D3DF54815E40C500048FDEB /* slic.c in Sources */ = {isa = PBXBuildFile; fileRef = 7D3DF52D15E40C500048FDEB /* slic.c */; };
		7D3DF54915E40C500048FDEB /* stringop.c in Sources */ = {isa = PBXBuildFile; fileRef = 7D3DF52F15E40C500048FDEB /* stringop.c */; };
/* End PBXBuildFile section */

/* Begin PBXCopyFilesBuildPhase section */
		7D3DF4E715E406FE0048FDEB /* CopyFiles */ = {
			isa = PBXCopyFilesBuildPhase;
			buildActionMask = 2147483647;
			dstPath = /usr/share/man/man1/;
			dstSubfolderSpec = 0;
			files = (
				7D3DF4F015E406FE0048FDEB /* sift.1 in CopyFiles */,
			);
			runOnlyForDeploymentPostprocessing = 1;
		};
/* End PBXCopyFilesBuildPhase section */

/* Begin PBXFileReference section */
		7D3DF4E915E406FE0048FDEB /* sift */ = {isa = PBXFileReference; explicitFileType = "compiled.mach-o.executable"; includeInIndex = 0; path = sift; sourceTree = BUILT_PRODUCTS_DIR; };
		7D3DF4ED15E406FE0048FDEB /* encuadroSift.c */ = {isa = PBXFileReference; lastKnownFileType = sourcecode.c.c; path = encuadroSift.c; sourceTree = "<group>"; };
		7D3DF4EF15E406FE0048FDEB /* sift.1 */ = {isa = PBXFileReference; lastKnownFileType = text.man; path = sift.1; sourceTree = "<group>"; };
		7D3DF4F615E407FA0048FDEB /* encuadroSift.h */ = {isa = PBXFileReference; lastKnownFileType = sourcecode.c.h; path = encuadroSift.h; sourceTree = "<group>"; };
		7D3DF4F815E40C500048FDEB /* aib.c */ = {isa = PBXFileReference; fileEncoding = 4; lastKnownFileType = sourcecode.c.c; path = aib.c; sourceTree = "<group>"; };
		7D3DF4F915E40C500048FDEB /* aib.h */ = {isa = PBXFileReference; fileEncoding = 4; lastKnownFileType = sourcecode.c.h; path = aib.h; sourceTree = "<group>"; };
		7D3DF4FA15E40C500048FDEB /* array.c */ = {isa = PBXFileReference; fileEncoding = 4; lastKnownFileType = sourcecode.c.c; path = array.c; sourceTree = "<group>"; };
		7D3DF4FB15E40C500048FDEB /* array.h */ = {isa = PBXFileReference; fileEncoding = 4; lastKnownFileType = sourcecode.c.h; path = array.h; sourceTree = "<group>"; };
		7D3DF4FC15E40C500048FDEB /* dsift.c */ = {isa = PBXFileReference; fileEncoding = 4; lastKnownFileType = sourcecode.c.c; path = dsift.c; sourceTree = "<group>"; };
		7D3DF4FD15E40C500048FDEB /* dsift.h */ = {isa = PBXFileReference; fileEncoding = 4; lastKnownFileType = sourcecode.c.h; path = dsift.h; sourceTree = "<group>"; };
		7D3DF4FE15E40C500048FDEB /* float.th */ = {isa = PBXFileReference; fileEncoding = 4; lastKnownFileType = text; path = float.th; sourceTree = "<group>"; };
		7D3DF4FF15E40C500048FDEB /* generic.c */ = {isa = PBXFileReference; fileEncoding = 4; lastKnownFileType = sourcecode.c.c; path = generic.c; sourceTree = "<group>"; };
		7D3DF50015E40C500048FDEB /* generic.h */ = {isa = PBXFileReference; fileEncoding = 4; lastKnownFileType = sourcecode.c.h; path = generic.h; sourceTree = "<group>"; };
		7D3DF50115E40C500048FDEB /* getopt_long.c */ = {isa = PBXFileReference; fileEncoding = 4; lastKnownFileType = sourcecode.c.c; path = getopt_long.c; sourceTree = "<group>"; };
		7D3DF50215E40C500048FDEB /* getopt_long.h */ = {isa = PBXFileReference; fileEncoding = 4; lastKnownFileType = sourcecode.c.h; path = getopt_long.h; sourceTree = "<group>"; };
		7D3DF50315E40C500048FDEB /* heap-def.h */ = {isa = PBXFileReference; fileEncoding = 4; lastKnownFileType = sourcecode.c.h; path = "heap-def.h"; sourceTree = "<group>"; };
		7D3DF50415E40C500048FDEB /* hikmeans.c */ = {isa = PBXFileReference; fileEncoding = 4; lastKnownFileType = sourcecode.c.c; path = hikmeans.c; sourceTree = "<group>"; };
		7D3DF50515E40C500048FDEB /* hikmeans.h */ = {isa = PBXFileReference; fileEncoding = 4; lastKnownFileType = sourcecode.c.h; path = hikmeans.h; sourceTree = "<group>"; };
		7D3DF50615E40C500048FDEB /* homkermap.c */ = {isa = PBXFileReference; fileEncoding = 4; lastKnownFileType = sourcecode.c.c; path = homkermap.c; sourceTree = "<group>"; };
		7D3DF50715E40C500048FDEB /* homkermap.h */ = {isa = PBXFileReference; fileEncoding = 4; lastKnownFileType = sourcecode.c.h; path = homkermap.h; sourceTree = "<group>"; };
		7D3DF50815E40C500048FDEB /* host.c */ = {isa = PBXFileReference; fileEncoding = 4; lastKnownFileType = sourcecode.c.c; path = host.c; sourceTree = "<group>"; };
		7D3DF50915E40C500048FDEB /* host.h */ = {isa = PBXFileReference; fileEncoding = 4; lastKnownFileType = sourcecode.c.h; path = host.h; sourceTree = "<group>"; };
		7D3DF50A15E40C500048FDEB /* ikmeans.c */ = {isa = PBXFileReference; fileEncoding = 4; lastKnownFileType = sourcecode.c.c; path = ikmeans.c; sourceTree = "<group>"; };
		7D3DF50B15E40C500048FDEB /* ikmeans.h */ = {isa = PBXFileReference; fileEncoding = 4; lastKnownFileType = sourcecode.c.h; path = ikmeans.h; sourceTree = "<group>"; };
		7D3DF50C15E40C500048FDEB /* ikmeans_elkan.tc */ = {isa = PBXFileReference; fileEncoding = 4; lastKnownFileType = text; path = ikmeans_elkan.tc; sourceTree = "<group>"; };
		7D3DF50D15E40C500048FDEB /* ikmeans_init.tc */ = {isa = PBXFileReference; fileEncoding = 4; lastKnownFileType = text; path = ikmeans_init.tc; sourceTree = "<group>"; };
		7D3DF50E15E40C500048FDEB /* ikmeans_lloyd.tc */ = {isa = PBXFileReference; fileEncoding = 4; lastKnownFileType = text; path = ikmeans_lloyd.tc; sourceTree = "<group>"; };
		7D3DF50F15E40C500048FDEB /* imopv.c */ = {isa = PBXFileReference; fileEncoding = 4; lastKnownFileType = sourcecode.c.c; path = imopv.c; sourceTree = "<group>"; };
		7D3DF51015E40C500048FDEB /* imopv.h */ = {isa = PBXFileReference; fileEncoding = 4; lastKnownFileType = sourcecode.c.h; path = imopv.h; sourceTree = "<group>"; };
		7D3DF51115E40C500048FDEB /* imopv_sse2.c */ = {isa = PBXFileReference; fileEncoding = 4; lastKnownFileType = sourcecode.c.c; path = imopv_sse2.c; sourceTree = "<group>"; };
		7D3DF51215E40C500048FDEB /* imopv_sse2.h */ = {isa = PBXFileReference; fileEncoding = 4; lastKnownFileType = sourcecode.c.h; path = imopv_sse2.h; sourceTree = "<group>"; };
		7D3DF51315E40C500048FDEB /* kdtree.c */ = {isa = PBXFileReference; fileEncoding = 4; lastKnownFileType = sourcecode.c.c; path = kdtree.c; sourceTree = "<group>"; };
		7D3DF51415E40C500048FDEB /* kdtree.h */ = {isa = PBXFileReference; fileEncoding = 4; lastKnownFileType = sourcecode.c.h; path = kdtree.h; sourceTree = "<group>"; };
		7D3DF51515E40C500048FDEB /* kmeans.c */ = {isa = PBXFileReference; fileEncoding = 4; lastKnownFileType = sourcecode.c.c; path = kmeans.c; sourceTree = "<group>"; };
		7D3DF51615E40C500048FDEB /* kmeans.h */ = {isa = PBXFileReference; fileEncoding = 4; lastKnownFileType = sourcecode.c.h; path = kmeans.h; sourceTree = "<group>"; };
		7D3DF51715E40C500048FDEB /* lbp.c */ = {isa = PBXFileReference; fileEncoding = 4; lastKnownFileType = sourcecode.c.c; path = lbp.c; sourceTree = "<group>"; };
		7D3DF51815E40C500048FDEB /* lbp.h */ = {isa = PBXFileReference; fileEncoding = 4; lastKnownFileType = sourcecode.c.h; path = lbp.h; sourceTree = "<group>"; };
		7D3DF51915E40C500048FDEB /* mathop.c */ = {isa = PBXFileReference; fileEncoding = 4; lastKnownFileType = sourcecode.c.c; path = mathop.c; sourceTree = "<group>"; };
		7D3DF51A15E40C500048FDEB /* mathop.h */ = {isa = PBXFileReference; fileEncoding = 4; lastKnownFileType = sourcecode.c.h; path = mathop.h; sourceTree = "<group>"; };
		7D3DF51B15E40C500048FDEB /* mathop_sse2.c */ = {isa = PBXFileReference; fileEncoding = 4; lastKnownFileType = sourcecode.c.c; path = mathop_sse2.c; sourceTree = "<group>"; };
		7D3DF51C15E40C500048FDEB /* mathop_sse2.h */ = {isa = PBXFileReference; fileEncoding = 4; lastKnownFileType = sourcecode.c.h; path = mathop_sse2.h; sourceTree = "<group>"; };
		7D3DF51D15E40C500048FDEB /* mser.c */ = {isa = PBXFileReference; fileEncoding = 4; lastKnownFileType = sourcecode.c.c; path = mser.c; sourceTree = "<group>"; };
		7D3DF51E15E40C500048FDEB /* mser.h */ = {isa = PBXFileReference; fileEncoding = 4; lastKnownFileType = sourcecode.c.h; path = mser.h; sourceTree = "<group>"; };
		7D3DF51F15E40C500048FDEB /* pegasos.c */ = {isa = PBXFileReference; fileEncoding = 4; lastKnownFileType = sourcecode.c.c; path = pegasos.c; sourceTree = "<group>"; };
		7D3DF52015E40C500048FDEB /* pegasos.h */ = {isa = PBXFileReference; fileEncoding = 4; lastKnownFileType = sourcecode.c.h; path = pegasos.h; sourceTree = "<group>"; };
		7D3DF52115E40C500048FDEB /* pgm.c */ = {isa = PBXFileReference; fileEncoding = 4; lastKnownFileType = sourcecode.c.c; path = pgm.c; sourceTree = "<group>"; };
		7D3DF52215E40C500048FDEB /* pgm.h */ = {isa = PBXFileReference; fileEncoding = 4; lastKnownFileType = sourcecode.c.h; path = pgm.h; sourceTree = "<group>"; };
		7D3DF52315E40C500048FDEB /* qsort-def.h */ = {isa = PBXFileReference; fileEncoding = 4; lastKnownFileType = sourcecode.c.h; path = "qsort-def.h"; sourceTree = "<group>"; };
		7D3DF52415E40C500048FDEB /* quickshift.c */ = {isa = PBXFileReference; fileEncoding = 4; lastKnownFileType = sourcecode.c.c; path = quickshift.c; sourceTree = "<group>"; };
		7D3DF52515E40C500048FDEB /* quickshift.h */ = {isa = PBXFileReference; fileEncoding = 4; lastKnownFileType = sourcecode.c.h; path = quickshift.h; sourceTree = "<group>"; };
		7D3DF52615E40C500048FDEB /* random.c */ = {isa = PBXFileReference; fileEncoding = 4; lastKnownFileType = sourcecode.c.c; path = random.c; sourceTree = "<group>"; };
		7D3DF52715E40C500048FDEB /* random.h */ = {isa = PBXFileReference; fileEncoding = 4; lastKnownFileType = sourcecode.c.h; path = random.h; sourceTree = "<group>"; };
		7D3DF52815E40C500048FDEB /* rodrigues.c */ = {isa = PBXFileReference; fileEncoding = 4; lastKnownFileType = sourcecode.c.c; path = rodrigues.c; sourceTree = "<group>"; };
		7D3DF52915E40C500048FDEB /* rodrigues.h */ = {isa = PBXFileReference; fileEncoding = 4; lastKnownFileType = sourcecode.c.h; path = rodrigues.h; sourceTree = "<group>"; };
		7D3DF52A15E40C500048FDEB /* shuffle-def.h */ = {isa = PBXFileReference; fileEncoding = 4; lastKnownFileType = sourcecode.c.h; path = "shuffle-def.h"; sourceTree = "<group>"; };
		7D3DF52B15E40C500048FDEB /* sift.c */ = {isa = PBXFileReference; fileEncoding = 4; lastKnownFileType = sourcecode.c.c; path = sift.c; sourceTree = "<group>"; };
		7D3DF52C15E40C500048FDEB /* sift.h */ = {isa = PBXFileReference; fileEncoding = 4; lastKnownFileType = sourcecode.c.h; path = sift.h; sourceTree = "<group>"; };
		7D3DF52D15E40C500048FDEB /* slic.c */ = {isa = PBXFileReference; fileEncoding = 4; lastKnownFileType = sourcecode.c.c; path = slic.c; sourceTree = "<group>"; };
		7D3DF52E15E40C500048FDEB /* slic.h */ = {isa = PBXFileReference; fileEncoding = 4; lastKnownFileType = sourcecode.c.h; path = slic.h; sourceTree = "<group>"; };
		7D3DF52F15E40C500048FDEB /* stringop.c */ = {isa = PBXFileReference; fileEncoding = 4; lastKnownFileType = sourcecode.c.c; path = stringop.c; sourceTree = "<group>"; };
		7D3DF53015E40C500048FDEB /* stringop.h */ = {isa = PBXFileReference; fileEncoding = 4; lastKnownFileType = sourcecode.c.h; path = stringop.h; sourceTree = "<group>"; };
/* End PBXFileReference section */

/* Begin PBXFrameworksBuildPhase section */
		7D3DF4E615E406FE0048FDEB /* Frameworks */ = {
			isa = PBXFrameworksBuildPhase;
			buildActionMask = 2147483647;
			files = (
			);
			runOnlyForDeploymentPostprocessing = 0;
		};
/* End PBXFrameworksBuildPhase section */

/* Begin PBXGroup section */
		7D3DF4DE15E406FE0048FDEB = {
			isa = PBXGroup;
			children = (
				7D3DF4EC15E406FE0048FDEB /* sift */,
				7D3DF4EA15E406FE0048FDEB /* Products */,
			);
			sourceTree = "<group>";
		};
		7D3DF4EA15E406FE0048FDEB /* Products */ = {
			isa = PBXGroup;
			children = (
				7D3DF4E915E406FE0048FDEB /* sift */,
			);
			name = Products;
			sourceTree = "<group>";
		};
		7D3DF4EC15E406FE0048FDEB /* sift */ = {
			isa = PBXGroup;
			children = (
				7D3DF4ED15E406FE0048FDEB /* encuadroSift.c */,
				7D3DF4F715E40C500048FDEB /* vl */,
				7D3DF4F615E407FA0048FDEB /* encuadroSift.h */,
				7D3DF4EF15E406FE0048FDEB /* sift.1 */,
			);
			path = sift;
			sourceTree = "<group>";
		};
		7D3DF4F715E40C500048FDEB /* vl */ = {
			isa = PBXGroup;
			children = (
				7D3DF4F815E40C500048FDEB /* aib.c */,
				7D3DF4F915E40C500048FDEB /* aib.h */,
				7D3DF4FA15E40C500048FDEB /* array.c */,
				7D3DF4FB15E40C500048FDEB /* array.h */,
				7D3DF4FC15E40C500048FDEB /* dsift.c */,
				7D3DF4FD15E40C500048FDEB /* dsift.h */,
				7D3DF4FE15E40C500048FDEB /* float.th */,
				7D3DF4FF15E40C500048FDEB /* generic.c */,
				7D3DF50015E40C500048FDEB /* generic.h */,
				7D3DF50115E40C500048FDEB /* getopt_long.c */,
				7D3DF50215E40C500048FDEB /* getopt_long.h */,
				7D3DF50315E40C500048FDEB /* heap-def.h */,
				7D3DF50415E40C500048FDEB /* hikmeans.c */,
				7D3DF50515E40C500048FDEB /* hikmeans.h */,
				7D3DF50615E40C500048FDEB /* homkermap.c */,
				7D3DF50715E40C500048FDEB /* homkermap.h */,
				7D3DF50815E40C500048FDEB /* host.c */,
				7D3DF50915E40C500048FDEB /* host.h */,
				7D3DF50A15E40C500048FDEB /* ikmeans.c */,
				7D3DF50B15E40C500048FDEB /* ikmeans.h */,
				7D3DF50C15E40C500048FDEB /* ikmeans_elkan.tc */,
				7D3DF50D15E40C500048FDEB /* ikmeans_init.tc */,
				7D3DF50E15E40C500048FDEB /* ikmeans_lloyd.tc */,
				7D3DF50F15E40C500048FDEB /* imopv.c */,
				7D3DF51015E40C500048FDEB /* imopv.h */,
				7D3DF51115E40C500048FDEB /* imopv_sse2.c */,
				7D3DF51215E40C500048FDEB /* imopv_sse2.h */,
				7D3DF51315E40C500048FDEB /* kdtree.c */,
				7D3DF51415E40C500048FDEB /* kdtree.h */,
				7D3DF51515E40C500048FDEB /* kmeans.c */,
				7D3DF51615E40C500048FDEB /* kmeans.h */,
				7D3DF51715E40C500048FDEB /* lbp.c */,
				7D3DF51815E40C500048FDEB /* lbp.h */,
				7D3DF51915E40C500048FDEB /* mathop.c */,
				7D3DF51A15E40C500048FDEB /* mathop.h */,
				7D3DF51B15E40C500048FDEB /* mathop_sse2.c */,
				7D3DF51C15E40C500048FDEB /* mathop_sse2.h */,
				7D3DF51D15E40C500048FDEB /* mser.c */,
				7D3DF51E15E40C500048FDEB /* mser.h */,
				7D3DF51F15E40C500048FDEB /* pegasos.c */,
				7D3DF52015E40C500048FDEB /* pegasos.h */,
				7D3DF52115E40C500048FDEB /* pgm.c */,
				7D3DF52215E40C500048FDEB /* pgm.h */,
				7D3DF52315E40C500048FDEB /* qsort-def.h */,
				7D3DF52415E40C500048FDEB /* quickshift.c */,
				7D3DF52515E40C500048FDEB /* quickshift.h */,
				7D3DF52615E40C500048FDEB /* random.c */,
				7D3DF52715E40C500048FDEB /* random.h */,
				7D3DF52815E40C500048FDEB /* rodrigues.c */,
				7D3DF52915E40C500048FDEB /* rodrigues.h */,
				7D3DF52A15E40C500048FDEB /* shuffle-def.h */,
				7D3DF52B15E40C500048FDEB /* sift.c */,
				7D3DF52C15E40C500048FDEB /* sift.h */,
				7D3DF52D15E40C500048FDEB /* slic.c */,
				7D3DF52E15E40C500048FDEB /* slic.h */,
				7D3DF52F15E40C500048FDEB /* stringop.c */,
				7D3DF53015E40C500048FDEB /* stringop.h */,
			);
			path = vl;
			sourceTree = "<group>";
		};
/* End PBXGroup section */

/* Begin PBXNativeTarget section */
		7D3DF4E815E406FE0048FDEB /* sift */ = {
			isa = PBXNativeTarget;
			buildConfigurationList = 7D3DF4F315E406FE0048FDEB /* Build configuration list for PBXNativeTarget "sift" */;
			buildPhases = (
				7D3DF4E515E406FE0048FDEB /* Sources */,
				7D3DF4E615E406FE0048FDEB /* Frameworks */,
				7D3DF4E715E406FE0048FDEB /* CopyFiles */,
			);
			buildRules = (
			);
			dependencies = (
			);
			name = sift;
			productName = sift;
			productReference = 7D3DF4E915E406FE0048FDEB /* sift */;
			productType = "com.apple.product-type.tool";
		};
/* End PBXNativeTarget section */

/* Begin PBXProject section */
		7D3DF4E015E406FE0048FDEB /* Project object */ = {
			isa = PBXProject;
			attributes = {
				LastUpgradeCheck = 0440;
				ORGANIZATIONNAME = "Pablo Flores Guridi";
			};
			buildConfigurationList = 7D3DF4E315E406FE0048FDEB /* Build configuration list for PBXProject "sift" */;
			compatibilityVersion = "Xcode 3.2";
			developmentRegion = English;
			hasScannedForEncodings = 0;
			knownRegions = (
				en,
			);
			mainGroup = 7D3DF4DE15E406FE0048FDEB;
			productRefGroup = 7D3DF4EA15E406FE0048FDEB /* Products */;
			projectDirPath = "";
			projectRoot = "";
			targets = (
				7D3DF4E815E406FE0048FDEB /* sift */,
			);
		};
/* End PBXProject section */

/* Begin PBXSourcesBuildPhase section */
		7D3DF4E515E406FE0048FDEB /* Sources */ = {
			isa = PBXSourcesBuildPhase;
			buildActionMask = 2147483647;
			files = (
				7D3DF4EE15E406FE0048FDEB /* encuadroSift.c in Sources */,
				7D3DF53115E40C500048FDEB /* aib.c in Sources */,
				7D3DF53215E40C500048FDEB /* array.c in Sources */,
				7D3DF53315E40C500048FDEB /* dsift.c in Sources */,
				7D3DF53415E40C500048FDEB /* generic.c in Sources */,
				7D3DF53515E40C500048FDEB /* getopt_long.c in Sources */,
				7D3DF53615E40C500048FDEB /* hikmeans.c in Sources */,
				7D3DF53715E40C500048FDEB /* homkermap.c in Sources */,
				7D3DF53815E40C500048FDEB /* host.c in Sources */,
				7D3DF53915E40C500048FDEB /* ikmeans.c in Sources */,
				7D3DF53A15E40C500048FDEB /* imopv.c in Sources */,
				7D3DF53B15E40C500048FDEB /* imopv_sse2.c in Sources */,
				7D3DF53C15E40C500048FDEB /* kdtree.c in Sources */,
				7D3DF53D15E40C500048FDEB /* kmeans.c in Sources */,
				7D3DF53E15E40C500048FDEB /* lbp.c in Sources */,
				7D3DF53F15E40C500048FDEB /* mathop.c in Sources */,
				7D3DF54015E40C500048FDEB /* mathop_sse2.c in Sources */,
				7D3DF54115E40C500048FDEB /* mser.c in Sources */,
				7D3DF54215E40C500048FDEB /* pegasos.c in Sources */,
				7D3DF54315E40C500048FDEB /* pgm.c in Sources */,
				7D3DF54415E40C500048FDEB /* quickshift.c in Sources */,
				7D3DF54515E40C500048FDEB /* random.c in Sources */,
				7D3DF54615E40C500048FDEB /* rodrigues.c in Sources */,
				7D3DF54715E40C500048FDEB /* sift.c in Sources */,
				7D3DF54815E40C500048FDEB /* slic.c in Sources */,
				7D3DF54915E40C500048FDEB /* stringop.c in Sources */,
			);
			runOnlyForDeploymentPostprocessing = 0;
		};
/* End PBXSourcesBuildPhase section */

/* Begin XCBuildConfiguration section */
		7D3DF4F115E406FE0048FDEB /* Debug */ = {
			isa = XCBuildConfiguration;
			buildSettings = {
				ALWAYS_SEARCH_USER_PATHS = NO;
				ARCHS = "$(ARCHS_STANDARD_64_BIT)";
				CLANG_CXX_LANGUAGE_STANDARD = "gnu++0x";
				CLANG_ENABLE_OBJC_ARC = YES;
				CLANG_WARN__DUPLICATE_METHOD_MATCH = YES;
				COPY_PHASE_STRIP = NO;
				GCC_C_LANGUAGE_STANDARD = gnu99;
				GCC_DYNAMIC_NO_PIC = NO;
				GCC_ENABLE_OBJC_EXCEPTIONS = YES;
				GCC_OPTIMIZATION_LEVEL = 0;
				GCC_PREPROCESSOR_DEFINITIONS = (
					"DEBUG=1",
					"$(inherited)",
				);
				GCC_SYMBOLS_PRIVATE_EXTERN = NO;
				GCC_WARN_64_TO_32_BIT_CONVERSION = YES;
				GCC_WARN_ABOUT_RETURN_TYPE = YES;
				GCC_WARN_UNINITIALIZED_AUTOS = YES;
				GCC_WARN_UNUSED_VARIABLE = YES;
				MACOSX_DEPLOYMENT_TARGET = 10.7;
				ONLY_ACTIVE_ARCH = YES;
				SDKROOT = macosx;
			};
			name = Debug;
		};
		7D3DF4F215E406FE0048FDEB /* Release */ = {
			isa = XCBuildConfiguration;
			buildSettings = {
				ALWAYS_SEARCH_USER_PATHS = NO;
				ARCHS = "$(ARCHS_STANDARD_64_BIT)";
				CLANG_CXX_LANGUAGE_STANDARD = "gnu++0x";
				CLANG_ENABLE_OBJC_ARC = YES;
				CLANG_WARN__DUPLICATE_METHOD_MATCH = YES;
				COPY_PHASE_STRIP = YES;
				DEBUG_INFORMATION_FORMAT = "dwarf-with-dsym";
				GCC_C_LANGUAGE_STANDARD = gnu99;
				GCC_ENABLE_OBJC_EXCEPTIONS = YES;
				GCC_WARN_64_TO_32_BIT_CONVERSION = YES;
				GCC_WARN_ABOUT_RETURN_TYPE = YES;
				GCC_WARN_UNINITIALIZED_AUTOS = YES;
				GCC_WARN_UNUSED_VARIABLE = YES;
				MACOSX_DEPLOYMENT_TARGET = 10.7;
				SDKROOT = macosx;
			};
			name = Release;
		};
		7D3DF4F415E406FE0048FDEB /* Debug */ = {
			isa = XCBuildConfiguration;
			buildSettings = {
				PRODUCT_NAME = "$(TARGET_NAME)";
			};
			name = Debug;
		};
		7D3DF4F515E406FE0048FDEB /* Release */ = {
			isa = XCBuildConfiguration;
			buildSettings = {
				PRODUCT_NAME = "$(TARGET_NAME)";
			};
			name = Release;
		};
/* End XCBuildConfiguration section */

/* Begin XCConfigurationList section */
		7D3DF4E315E406FE0048FDEB /* Build configuration list for PBXProject "sift" */ = {
			isa = XCConfigurationList;
			buildConfigurations = (
				7D3DF4F115E406FE0048FDEB /* Debug */,
				7D3DF4F215E406FE0048FDEB /* Release */,
			);
			defaultConfigurationIsVisible = 0;
			defaultConfigurationName = Release;
		};
		7D3DF4F315E406FE0048FDEB /* Build configuration list for PBXNativeTarget "sift" */ = {
			isa = XCConfigurationList;
			buildConfigurations = (
				7D3DF4F415E406FE0048FDEB /* Debug */,
				7D3DF4F515E406FE0048FDEB /* Release */,
			);
			defaultConfigurationIsVisible = 0;
		};
/* End XCConfigurationList section */
	};
	rootObject = 7D3DF4E015E406FE0048FDEB /* Project object */;
}
