// !$*UTF8*$!
{
	archiveVersion = 1;
	classes = {
	};
	objectVersion = 46;
	objects = {

/* Begin PBXBuildFile section */
		95B3A1E415F4127E00DD75CD /* UIKit.framework in Frameworks */ = {isa = PBXBuildFile; fileRef = 95B3A1E315F4127E00DD75CD /* UIKit.framework */; };
		95B3A1E615F4127E00DD75CD /* Foundation.framework in Frameworks */ = {isa = PBXBuildFile; fileRef = 95B3A1E515F4127E00DD75CD /* Foundation.framework */; };
		95B3A1E815F4127E00DD75CD /* CoreGraphics.framework in Frameworks */ = {isa = PBXBuildFile; fileRef = 95B3A1E715F4127E00DD75CD /* CoreGraphics.framework */; };
		95B3A1EE15F4127E00DD75CD /* InfoPlist.strings in Resources */ = {isa = PBXBuildFile; fileRef = 95B3A1EC15F4127E00DD75CD /* InfoPlist.strings */; };
		95B3A1F015F4127E00DD75CD /* main.m in Sources */ = {isa = PBXBuildFile; fileRef = 95B3A1EF15F4127E00DD75CD /* main.m */; };
		95B3A1F415F4127E00DD75CD /* AppDelegate.m in Sources */ = {isa = PBXBuildFile; fileRef = 95B3A1F315F4127E00DD75CD /* AppDelegate.m */; };
		95B3A1F715F4127E00DD75CD /* MainStoryboard_iPhone.storyboard in Resources */ = {isa = PBXBuildFile; fileRef = 95B3A1F515F4127E00DD75CD /* MainStoryboard_iPhone.storyboard */; };
		95B3A1FA15F4127E00DD75CD /* MainStoryboard_iPad.storyboard in Resources */ = {isa = PBXBuildFile; fileRef = 95B3A1F815F4127E00DD75CD /* MainStoryboard_iPad.storyboard */; };
		95B3A1FD15F4127E00DD75CD /* ViewController.m in Sources */ = {isa = PBXBuildFile; fileRef = 95B3A1FC15F4127E00DD75CD /* ViewController.m */; };
/* End PBXBuildFile section */

/* Begin PBXFileReference section */
		95B3A1DF15F4127E00DD75CD /* leakApp.app */ = {isa = PBXFileReference; explicitFileType = wrapper.application; includeInIndex = 0; path = leakApp.app; sourceTree = BUILT_PRODUCTS_DIR; };
		95B3A1E315F4127E00DD75CD /* UIKit.framework */ = {isa = PBXFileReference; lastKnownFileType = wrapper.framework; name = UIKit.framework; path = System/Library/Frameworks/UIKit.framework; sourceTree = SDKROOT; };
		95B3A1E515F4127E00DD75CD /* Foundation.framework */ = {isa = PBXFileReference; lastKnownFileType = wrapper.framework; name = Foundation.framework; path = System/Library/Frameworks/Foundation.framework; sourceTree = SDKROOT; };
		95B3A1E715F4127E00DD75CD /* CoreGraphics.framework */ = {isa = PBXFileReference; lastKnownFileType = wrapper.framework; name = CoreGraphics.framework; path = System/Library/Frameworks/CoreGraphics.framework; sourceTree = SDKROOT; };
		95B3A1EB15F4127E00DD75CD /* leakApp-Info.plist */ = {isa = PBXFileReference; lastKnownFileType = text.plist.xml; path = "leakApp-Info.plist"; sourceTree = "<group>"; };
		95B3A1ED15F4127E00DD75CD /* en */ = {isa = PBXFileReference; lastKnownFileType = text.plist.strings; name = en; path = en.lproj/InfoPlist.strings; sourceTree = "<group>"; };
		95B3A1EF15F4127E00DD75CD /* main.m */ = {isa = PBXFileReference; lastKnownFileType = sourcecode.c.objc; path = main.m; sourceTree = "<group>"; };
		95B3A1F115F4127E00DD75CD /* leakApp-Prefix.pch */ = {isa = PBXFileReference; lastKnownFileType = sourcecode.c.h; path = "leakApp-Prefix.pch"; sourceTree = "<group>"; };
		95B3A1F215F4127E00DD75CD /* AppDelegate.h */ = {isa = PBXFileReference; lastKnownFileType = sourcecode.c.h; path = AppDelegate.h; sourceTree = "<group>"; };
		95B3A1F315F4127E00DD75CD /* AppDelegate.m */ = {isa = PBXFileReference; lastKnownFileType = sourcecode.c.objc; path = AppDelegate.m; sourceTree = "<group>"; };
		95B3A1F615F4127E00DD75CD /* en */ = {isa = PBXFileReference; lastKnownFileType = file.storyboard; name = en; path = en.lproj/MainStoryboard_iPhone.storyboard; sourceTree = "<group>"; };
		95B3A1F915F4127E00DD75CD /* en */ = {isa = PBXFileReference; lastKnownFileType = file.storyboard; name = en; path = en.lproj/MainStoryboard_iPad.storyboard; sourceTree = "<group>"; };
		95B3A1FB15F4127E00DD75CD /* ViewController.h */ = {isa = PBXFileReference; lastKnownFileType = sourcecode.c.h; path = ViewController.h; sourceTree = "<group>"; };
		95B3A1FC15F4127E00DD75CD /* ViewController.m */ = {isa = PBXFileReference; lastKnownFileType = sourcecode.c.objc; path = ViewController.m; sourceTree = "<group>"; };
/* End PBXFileReference section */

/* Begin PBXFrameworksBuildPhase section */
		95B3A1DC15F4127E00DD75CD /* Frameworks */ = {
			isa = PBXFrameworksBuildPhase;
			buildActionMask = 2147483647;
			files = (
				95B3A1E415F4127E00DD75CD /* UIKit.framework in Frameworks */,
				95B3A1E615F4127E00DD75CD /* Foundation.framework in Frameworks */,
				95B3A1E815F4127E00DD75CD /* CoreGraphics.framework in Frameworks */,
			);
			runOnlyForDeploymentPostprocessing = 0;
		};
/* End PBXFrameworksBuildPhase section */

/* Begin PBXGroup section */
		95B3A1D415F4127D00DD75CD = {
			isa = PBXGroup;
			children = (
				95B3A1E915F4127E00DD75CD /* leakApp */,
				95B3A1E215F4127E00DD75CD /* Frameworks */,
				95B3A1E015F4127E00DD75CD /* Products */,
			);
			sourceTree = "<group>";
		};
		95B3A1E015F4127E00DD75CD /* Products */ = {
			isa = PBXGroup;
			children = (
				95B3A1DF15F4127E00DD75CD /* leakApp.app */,
			);
			name = Products;
			sourceTree = "<group>";
		};
		95B3A1E215F4127E00DD75CD /* Frameworks */ = {
			isa = PBXGroup;
			children = (
				95B3A1E315F4127E00DD75CD /* UIKit.framework */,
				95B3A1E515F4127E00DD75CD /* Foundation.framework */,
				95B3A1E715F4127E00DD75CD /* CoreGraphics.framework */,
			);
			name = Frameworks;
			sourceTree = "<group>";
		};
		95B3A1E915F4127E00DD75CD /* leakApp */ = {
			isa = PBXGroup;
			children = (
				95B3A1F215F4127E00DD75CD /* AppDelegate.h */,
				95B3A1F315F4127E00DD75CD /* AppDelegate.m */,
				95B3A1F515F4127E00DD75CD /* MainStoryboard_iPhone.storyboard */,
				95B3A1F815F4127E00DD75CD /* MainStoryboard_iPad.storyboard */,
				95B3A1FB15F4127E00DD75CD /* ViewController.h */,
				95B3A1FC15F4127E00DD75CD /* ViewController.m */,
				95B3A1EA15F4127E00DD75CD /* Supporting Files */,
			);
			path = leakApp;
			sourceTree = "<group>";
		};
		95B3A1EA15F4127E00DD75CD /* Supporting Files */ = {
			isa = PBXGroup;
			children = (
				95B3A1EB15F4127E00DD75CD /* leakApp-Info.plist */,
				95B3A1EC15F4127E00DD75CD /* InfoPlist.strings */,
				95B3A1EF15F4127E00DD75CD /* main.m */,
				95B3A1F115F4127E00DD75CD /* leakApp-Prefix.pch */,
			);
			name = "Supporting Files";
			sourceTree = "<group>";
		};
/* End PBXGroup section */

/* Begin PBXNativeTarget section */
		95B3A1DE15F4127E00DD75CD /* leakApp */ = {
			isa = PBXNativeTarget;
			buildConfigurationList = 95B3A20015F4127E00DD75CD /* Build configuration list for PBXNativeTarget "leakApp" */;
			buildPhases = (
				95B3A1DB15F4127E00DD75CD /* Sources */,
				95B3A1DC15F4127E00DD75CD /* Frameworks */,
				95B3A1DD15F4127E00DD75CD /* Resources */,
			);
			buildRules = (
			);
			dependencies = (
			);
			name = leakApp;
			productName = leakApp;
			productReference = 95B3A1DF15F4127E00DD75CD /* leakApp.app */;
			productType = "com.apple.product-type.application";
		};
/* End PBXNativeTarget section */

/* Begin PBXProject section */
		95B3A1D615F4127D00DD75CD /* Project object */ = {
			isa = PBXProject;
			attributes = {
				LastUpgradeCheck = 0430;
			};
			buildConfigurationList = 95B3A1D915F4127D00DD75CD /* Build configuration list for PBXProject "leakApp" */;
			compatibilityVersion = "Xcode 3.2";
			developmentRegion = English;
			hasScannedForEncodings = 0;
			knownRegions = (
				en,
			);
			mainGroup = 95B3A1D415F4127D00DD75CD;
			productRefGroup = 95B3A1E015F4127E00DD75CD /* Products */;
			projectDirPath = "";
			projectRoot = "";
			targets = (
				95B3A1DE15F4127E00DD75CD /* leakApp */,
			);
		};
/* End PBXProject section */

/* Begin PBXResourcesBuildPhase section */
		95B3A1DD15F4127E00DD75CD /* Resources */ = {
			isa = PBXResourcesBuildPhase;
			buildActionMask = 2147483647;
			files = (
				95B3A1EE15F4127E00DD75CD /* InfoPlist.strings in Resources */,
				95B3A1F715F4127E00DD75CD /* MainStoryboard_iPhone.storyboard in Resources */,
				95B3A1FA15F4127E00DD75CD /* MainStoryboard_iPad.storyboard in Resources */,
			);
			runOnlyForDeploymentPostprocessing = 0;
		};
/* End PBXResourcesBuildPhase section */

/* Begin PBXSourcesBuildPhase section */
		95B3A1DB15F4127E00DD75CD /* Sources */ = {
			isa = PBXSourcesBuildPhase;
			buildActionMask = 2147483647;
			files = (
				95B3A1F015F4127E00DD75CD /* main.m in Sources */,
				95B3A1F415F4127E00DD75CD /* AppDelegate.m in Sources */,
				95B3A1FD15F4127E00DD75CD /* ViewController.m in Sources */,
			);
			runOnlyForDeploymentPostprocessing = 0;
		};
/* End PBXSourcesBuildPhase section */

/* Begin PBXVariantGroup section */
		95B3A1EC15F4127E00DD75CD /* InfoPlist.strings */ = {
			isa = PBXVariantGroup;
			children = (
				95B3A1ED15F4127E00DD75CD /* en */,
			);
			name = InfoPlist.strings;
			sourceTree = "<group>";
		};
		95B3A1F515F4127E00DD75CD /* MainStoryboard_iPhone.storyboard */ = {
			isa = PBXVariantGroup;
			children = (
				95B3A1F615F4127E00DD75CD /* en */,
			);
			name = MainStoryboard_iPhone.storyboard;
			sourceTree = "<group>";
		};
		95B3A1F815F4127E00DD75CD /* MainStoryboard_iPad.storyboard */ = {
			isa = PBXVariantGroup;
			children = (
				95B3A1F915F4127E00DD75CD /* en */,
			);
			name = MainStoryboard_iPad.storyboard;
			sourceTree = "<group>";
		};
/* End PBXVariantGroup section */

/* Begin XCBuildConfiguration section */
		95B3A1FE15F4127E00DD75CD /* Debug */ = {
			isa = XCBuildConfiguration;
			buildSettings = {
				ALWAYS_SEARCH_USER_PATHS = NO;
				ARCHS = "$(ARCHS_STANDARD_32_BIT)";
				CLANG_ENABLE_OBJC_ARC = NO;
				"CODE_SIGN_IDENTITY[sdk=iphoneos*]" = "iPhone Developer";
				COPY_PHASE_STRIP = NO;
				GCC_C_LANGUAGE_STANDARD = gnu99;
				GCC_DYNAMIC_NO_PIC = NO;
				GCC_OPTIMIZATION_LEVEL = 0;
				GCC_PREPROCESSOR_DEFINITIONS = (
					"DEBUG=1",
					"$(inherited)",
				);
				GCC_SYMBOLS_PRIVATE_EXTERN = NO;
				GCC_VERSION = com.apple.compilers.llvm.clang.1_0;
				GCC_WARN_ABOUT_RETURN_TYPE = YES;
				GCC_WARN_UNINITIALIZED_AUTOS = YES;
				GCC_WARN_UNUSED_VARIABLE = YES;
				IPHONEOS_DEPLOYMENT_TARGET = 5.1;
				SDKROOT = iphoneos;
				TARGETED_DEVICE_FAMILY = "1,2";
			};
			name = Debug;
		};
		95B3A1FF15F4127E00DD75CD /* Release */ = {
			isa = XCBuildConfiguration;
			buildSettings = {
				ALWAYS_SEARCH_USER_PATHS = NO;
				ARCHS = "$(ARCHS_STANDARD_32_BIT)";
				CLANG_ENABLE_OBJC_ARC = NO;
				"CODE_SIGN_IDENTITY[sdk=iphoneos*]" = "iPhone Developer";
				COPY_PHASE_STRIP = YES;
				GCC_C_LANGUAGE_STANDARD = gnu99;
				GCC_VERSION = com.apple.compilers.llvm.clang.1_0;
				GCC_WARN_ABOUT_RETURN_TYPE = YES;
				GCC_WARN_UNINITIALIZED_AUTOS = YES;
				GCC_WARN_UNUSED_VARIABLE = YES;
				IPHONEOS_DEPLOYMENT_TARGET = 5.1;
				OTHER_CFLAGS = "-DNS_BLOCK_ASSERTIONS=1";
				SDKROOT = iphoneos;
				TARGETED_DEVICE_FAMILY = "1,2";
				VALIDATE_PRODUCT = YES;
			};
			name = Release;
		};
		95B3A20115F4127E00DD75CD /* Debug */ = {
			isa = XCBuildConfiguration;
			buildSettings = {
				GCC_PRECOMPILE_PREFIX_HEADER = YES;
				GCC_PREFIX_HEADER = "leakApp/leakApp-Prefix.pch";
				INFOPLIST_FILE = "leakApp/leakApp-Info.plist";
				PRODUCT_NAME = "$(TARGET_NAME)";
				WRAPPER_EXTENSION = app;
			};
			name = Debug;
		};
		95B3A20215F4127E00DD75CD /* Release */ = {
			isa = XCBuildConfiguration;
			buildSettings = {
				GCC_PRECOMPILE_PREFIX_HEADER = YES;
				GCC_PREFIX_HEADER = "leakApp/leakApp-Prefix.pch";
				INFOPLIST_FILE = "leakApp/leakApp-Info.plist";
				PRODUCT_NAME = "$(TARGET_NAME)";
				WRAPPER_EXTENSION = app;
			};
			name = Release;
		};
/* End XCBuildConfiguration section */

/* Begin XCConfigurationList section */
		95B3A1D915F4127D00DD75CD /* Build configuration list for PBXProject "leakApp" */ = {
			isa = XCConfigurationList;
			buildConfigurations = (
				95B3A1FE15F4127E00DD75CD /* Debug */,
				95B3A1FF15F4127E00DD75CD /* Release */,
			);
			defaultConfigurationIsVisible = 0;
			defaultConfigurationName = Release;
		};
		95B3A20015F4127E00DD75CD /* Build configuration list for PBXNativeTarget "leakApp" */ = {
			isa = XCConfigurationList;
			buildConfigurations = (
				95B3A20115F4127E00DD75CD /* Debug */,
				95B3A20215F4127E00DD75CD /* Release */,
			);
			defaultConfigurationIsVisible = 0;
			defaultConfigurationName = Release;
		};
/* End XCConfigurationList section */
	};
	rootObject = 95B3A1D615F4127D00DD75CD /* Project object */;
}
