// !$*UTF8*$!
{
	archiveVersion = 1;
	classes = {
	};
	objectVersion = 46;
	objects = {

/* Begin PBXBuildFile section */
		9565CBCB15E5A6B500AA9011 /* UIKit.framework in Frameworks */ = {isa = PBXBuildFile; fileRef = 9565CBCA15E5A6B500AA9011 /* UIKit.framework */; };
		9565CBCD15E5A6B500AA9011 /* Foundation.framework in Frameworks */ = {isa = PBXBuildFile; fileRef = 9565CBCC15E5A6B500AA9011 /* Foundation.framework */; };
		9565CBCF15E5A6B500AA9011 /* CoreGraphics.framework in Frameworks */ = {isa = PBXBuildFile; fileRef = 9565CBCE15E5A6B500AA9011 /* CoreGraphics.framework */; };
		9565CBD515E5A6B500AA9011 /* InfoPlist.strings in Resources */ = {isa = PBXBuildFile; fileRef = 9565CBD315E5A6B500AA9011 /* InfoPlist.strings */; };
		9565CBD715E5A6B500AA9011 /* main.m in Sources */ = {isa = PBXBuildFile; fileRef = 9565CBD615E5A6B500AA9011 /* main.m */; };
		9565CBDB15E5A6B500AA9011 /* AppDelegate.m in Sources */ = {isa = PBXBuildFile; fileRef = 9565CBDA15E5A6B500AA9011 /* AppDelegate.m */; };
		9565CBDE15E5A6B500AA9011 /* MainStoryboard_iPhone.storyboard in Resources */ = {isa = PBXBuildFile; fileRef = 9565CBDC15E5A6B500AA9011 /* MainStoryboard_iPhone.storyboard */; };
		9565CBE115E5A6B500AA9011 /* MainStoryboard_iPad.storyboard in Resources */ = {isa = PBXBuildFile; fileRef = 9565CBDF15E5A6B500AA9011 /* MainStoryboard_iPad.storyboard */; };
		9565CBE415E5A6B500AA9011 /* ViewController.m in Sources */ = {isa = PBXBuildFile; fileRef = 9565CBE315E5A6B500AA9011 /* ViewController.m */; };
		9565CBF015E5AB8500AA9011 /* Accounts.framework in Frameworks */ = {isa = PBXBuildFile; fileRef = 9565CBEE15E5AB8500AA9011 /* Accounts.framework */; };
		9565CBF115E5AB8500AA9011 /* Twitter.framework in Frameworks */ = {isa = PBXBuildFile; fileRef = 9565CBEF15E5AB8500AA9011 /* Twitter.framework */; };
		9565CBF715E5B41C00AA9011 /* Blanes_fiebreAmarilla.jpg in Resources */ = {isa = PBXBuildFile; fileRef = 9565CBF615E5B41C00AA9011 /* Blanes_fiebreAmarilla.jpg */; };
		9565CBF915E5B53200AA9011 /* Blanes_laParaguaya.jpg in Resources */ = {isa = PBXBuildFile; fileRef = 9565CBF815E5B53200AA9011 /* Blanes_laParaguaya.jpg */; };
		9565CBFB15E5B6D000AA9011 /* jessica.jpeg in Resources */ = {isa = PBXBuildFile; fileRef = 9565CBFA15E5B6D000AA9011 /* jessica.jpeg */; };
/* End PBXBuildFile section */

/* Begin PBXFileReference section */
		9565CBC615E5A6B500AA9011 /* tweetApp.app */ = {isa = PBXFileReference; explicitFileType = wrapper.application; includeInIndex = 0; path = tweetApp.app; sourceTree = BUILT_PRODUCTS_DIR; };
		9565CBCA15E5A6B500AA9011 /* UIKit.framework */ = {isa = PBXFileReference; lastKnownFileType = wrapper.framework; name = UIKit.framework; path = System/Library/Frameworks/UIKit.framework; sourceTree = SDKROOT; };
		9565CBCC15E5A6B500AA9011 /* Foundation.framework */ = {isa = PBXFileReference; lastKnownFileType = wrapper.framework; name = Foundation.framework; path = System/Library/Frameworks/Foundation.framework; sourceTree = SDKROOT; };
		9565CBCE15E5A6B500AA9011 /* CoreGraphics.framework */ = {isa = PBXFileReference; lastKnownFileType = wrapper.framework; name = CoreGraphics.framework; path = System/Library/Frameworks/CoreGraphics.framework; sourceTree = SDKROOT; };
		9565CBD215E5A6B500AA9011 /* tweetApp-Info.plist */ = {isa = PBXFileReference; lastKnownFileType = text.plist.xml; path = "tweetApp-Info.plist"; sourceTree = "<group>"; };
		9565CBD415E5A6B500AA9011 /* en */ = {isa = PBXFileReference; lastKnownFileType = text.plist.strings; name = en; path = en.lproj/InfoPlist.strings; sourceTree = "<group>"; };
		9565CBD615E5A6B500AA9011 /* main.m */ = {isa = PBXFileReference; lastKnownFileType = sourcecode.c.objc; path = main.m; sourceTree = "<group>"; };
		9565CBD815E5A6B500AA9011 /* tweetApp-Prefix.pch */ = {isa = PBXFileReference; lastKnownFileType = sourcecode.c.h; path = "tweetApp-Prefix.pch"; sourceTree = "<group>"; };
		9565CBD915E5A6B500AA9011 /* AppDelegate.h */ = {isa = PBXFileReference; lastKnownFileType = sourcecode.c.h; path = AppDelegate.h; sourceTree = "<group>"; };
		9565CBDA15E5A6B500AA9011 /* AppDelegate.m */ = {isa = PBXFileReference; lastKnownFileType = sourcecode.c.objc; path = AppDelegate.m; sourceTree = "<group>"; };
		9565CBDD15E5A6B500AA9011 /* en */ = {isa = PBXFileReference; lastKnownFileType = file.storyboard; name = en; path = en.lproj/MainStoryboard_iPhone.storyboard; sourceTree = "<group>"; };
		9565CBE015E5A6B500AA9011 /* en */ = {isa = PBXFileReference; lastKnownFileType = file.storyboard; name = en; path = en.lproj/MainStoryboard_iPad.storyboard; sourceTree = "<group>"; };
		9565CBE215E5A6B500AA9011 /* ViewController.h */ = {isa = PBXFileReference; lastKnownFileType = sourcecode.c.h; path = ViewController.h; sourceTree = "<group>"; };
		9565CBE315E5A6B500AA9011 /* ViewController.m */ = {isa = PBXFileReference; lastKnownFileType = sourcecode.c.objc; path = ViewController.m; sourceTree = "<group>"; };
		9565CBEE15E5AB8500AA9011 /* Accounts.framework */ = {isa = PBXFileReference; lastKnownFileType = wrapper.framework; name = Accounts.framework; path = System/Library/Frameworks/Accounts.framework; sourceTree = SDKROOT; };
		9565CBEF15E5AB8500AA9011 /* Twitter.framework */ = {isa = PBXFileReference; lastKnownFileType = wrapper.framework; name = Twitter.framework; path = System/Library/Frameworks/Twitter.framework; sourceTree = SDKROOT; };
		9565CBF615E5B41C00AA9011 /* Blanes_fiebreAmarilla.jpg */ = {isa = PBXFileReference; lastKnownFileType = image.jpeg; path = Blanes_fiebreAmarilla.jpg; sourceTree = "<group>"; };
		9565CBF815E5B53200AA9011 /* Blanes_laParaguaya.jpg */ = {isa = PBXFileReference; lastKnownFileType = image.jpeg; path = Blanes_laParaguaya.jpg; sourceTree = "<group>"; };
		9565CBFA15E5B6D000AA9011 /* jessica.jpeg */ = {isa = PBXFileReference; lastKnownFileType = image.jpeg; path = jessica.jpeg; sourceTree = "<group>"; };
/* End PBXFileReference section */

/* Begin PBXFrameworksBuildPhase section */
		9565CBC315E5A6B500AA9011 /* Frameworks */ = {
			isa = PBXFrameworksBuildPhase;
			buildActionMask = 2147483647;
			files = (
				9565CBF015E5AB8500AA9011 /* Accounts.framework in Frameworks */,
				9565CBF115E5AB8500AA9011 /* Twitter.framework in Frameworks */,
				9565CBCB15E5A6B500AA9011 /* UIKit.framework in Frameworks */,
				9565CBCD15E5A6B500AA9011 /* Foundation.framework in Frameworks */,
				9565CBCF15E5A6B500AA9011 /* CoreGraphics.framework in Frameworks */,
			);
			runOnlyForDeploymentPostprocessing = 0;
		};
/* End PBXFrameworksBuildPhase section */

/* Begin PBXGroup section */
		9565CBBB15E5A6B500AA9011 = {
			isa = PBXGroup;
			children = (
				9565CBEE15E5AB8500AA9011 /* Accounts.framework */,
				9565CBEF15E5AB8500AA9011 /* Twitter.framework */,
				9565CBD015E5A6B500AA9011 /* tweetApp */,
				9565CBC915E5A6B500AA9011 /* Frameworks */,
				9565CBC715E5A6B500AA9011 /* Products */,
			);
			sourceTree = "<group>";
		};
		9565CBC715E5A6B500AA9011 /* Products */ = {
			isa = PBXGroup;
			children = (
				9565CBC615E5A6B500AA9011 /* tweetApp.app */,
			);
			name = Products;
			sourceTree = "<group>";
		};
		9565CBC915E5A6B500AA9011 /* Frameworks */ = {
			isa = PBXGroup;
			children = (
				9565CBCA15E5A6B500AA9011 /* UIKit.framework */,
				9565CBCC15E5A6B500AA9011 /* Foundation.framework */,
				9565CBCE15E5A6B500AA9011 /* CoreGraphics.framework */,
			);
			name = Frameworks;
			sourceTree = "<group>";
		};
		9565CBD015E5A6B500AA9011 /* tweetApp */ = {
			isa = PBXGroup;
			children = (
				9565CBD915E5A6B500AA9011 /* AppDelegate.h */,
				9565CBDA15E5A6B500AA9011 /* AppDelegate.m */,
				9565CBDC15E5A6B500AA9011 /* MainStoryboard_iPhone.storyboard */,
				9565CBF615E5B41C00AA9011 /* Blanes_fiebreAmarilla.jpg */,
				9565CBFA15E5B6D000AA9011 /* jessica.jpeg */,
				9565CBF815E5B53200AA9011 /* Blanes_laParaguaya.jpg */,
				9565CBDF15E5A6B500AA9011 /* MainStoryboard_iPad.storyboard */,
				9565CBE215E5A6B500AA9011 /* ViewController.h */,
				9565CBE315E5A6B500AA9011 /* ViewController.m */,
				9565CBD115E5A6B500AA9011 /* Supporting Files */,
			);
			path = tweetApp;
			sourceTree = "<group>";
		};
		9565CBD115E5A6B500AA9011 /* Supporting Files */ = {
			isa = PBXGroup;
			children = (
				9565CBD215E5A6B500AA9011 /* tweetApp-Info.plist */,
				9565CBD315E5A6B500AA9011 /* InfoPlist.strings */,
				9565CBD615E5A6B500AA9011 /* main.m */,
				9565CBD815E5A6B500AA9011 /* tweetApp-Prefix.pch */,
			);
			name = "Supporting Files";
			sourceTree = "<group>";
		};
/* End PBXGroup section */

/* Begin PBXNativeTarget section */
		9565CBC515E5A6B500AA9011 /* tweetApp */ = {
			isa = PBXNativeTarget;
			buildConfigurationList = 9565CBE715E5A6B500AA9011 /* Build configuration list for PBXNativeTarget "tweetApp" */;
			buildPhases = (
				9565CBC215E5A6B500AA9011 /* Sources */,
				9565CBC315E5A6B500AA9011 /* Frameworks */,
				9565CBC415E5A6B500AA9011 /* Resources */,
			);
			buildRules = (
			);
			dependencies = (
			);
			name = tweetApp;
			productName = tweetApp;
			productReference = 9565CBC615E5A6B500AA9011 /* tweetApp.app */;
			productType = "com.apple.product-type.application";
		};
/* End PBXNativeTarget section */

/* Begin PBXProject section */
		9565CBBD15E5A6B500AA9011 /* Project object */ = {
			isa = PBXProject;
			attributes = {
				LastUpgradeCheck = 0430;
			};
			buildConfigurationList = 9565CBC015E5A6B500AA9011 /* Build configuration list for PBXProject "tweetApp" */;
			compatibilityVersion = "Xcode 3.2";
			developmentRegion = English;
			hasScannedForEncodings = 0;
			knownRegions = (
				en,
			);
			mainGroup = 9565CBBB15E5A6B500AA9011;
			productRefGroup = 9565CBC715E5A6B500AA9011 /* Products */;
			projectDirPath = "";
			projectRoot = "";
			targets = (
				9565CBC515E5A6B500AA9011 /* tweetApp */,
			);
		};
/* End PBXProject section */

/* Begin PBXResourcesBuildPhase section */
		9565CBC415E5A6B500AA9011 /* Resources */ = {
			isa = PBXResourcesBuildPhase;
			buildActionMask = 2147483647;
			files = (
				9565CBD515E5A6B500AA9011 /* InfoPlist.strings in Resources */,
				9565CBDE15E5A6B500AA9011 /* MainStoryboard_iPhone.storyboard in Resources */,
				9565CBE115E5A6B500AA9011 /* MainStoryboard_iPad.storyboard in Resources */,
				9565CBF715E5B41C00AA9011 /* Blanes_fiebreAmarilla.jpg in Resources */,
				9565CBF915E5B53200AA9011 /* Blanes_laParaguaya.jpg in Resources */,
				9565CBFB15E5B6D000AA9011 /* jessica.jpeg in Resources */,
			);
			runOnlyForDeploymentPostprocessing = 0;
		};
/* End PBXResourcesBuildPhase section */

/* Begin PBXSourcesBuildPhase section */
		9565CBC215E5A6B500AA9011 /* Sources */ = {
			isa = PBXSourcesBuildPhase;
			buildActionMask = 2147483647;
			files = (
				9565CBD715E5A6B500AA9011 /* main.m in Sources */,
				9565CBDB15E5A6B500AA9011 /* AppDelegate.m in Sources */,
				9565CBE415E5A6B500AA9011 /* ViewController.m in Sources */,
			);
			runOnlyForDeploymentPostprocessing = 0;
		};
/* End PBXSourcesBuildPhase section */

/* Begin PBXVariantGroup section */
		9565CBD315E5A6B500AA9011 /* InfoPlist.strings */ = {
			isa = PBXVariantGroup;
			children = (
				9565CBD415E5A6B500AA9011 /* en */,
			);
			name = InfoPlist.strings;
			sourceTree = "<group>";
		};
		9565CBDC15E5A6B500AA9011 /* MainStoryboard_iPhone.storyboard */ = {
			isa = PBXVariantGroup;
			children = (
				9565CBDD15E5A6B500AA9011 /* en */,
			);
			name = MainStoryboard_iPhone.storyboard;
			sourceTree = "<group>";
		};
		9565CBDF15E5A6B500AA9011 /* MainStoryboard_iPad.storyboard */ = {
			isa = PBXVariantGroup;
			children = (
				9565CBE015E5A6B500AA9011 /* en */,
			);
			name = MainStoryboard_iPad.storyboard;
			sourceTree = "<group>";
		};
/* End PBXVariantGroup section */

/* Begin XCBuildConfiguration section */
		9565CBE515E5A6B500AA9011 /* Debug */ = {
			isa = XCBuildConfiguration;
			buildSettings = {
				ALWAYS_SEARCH_USER_PATHS = NO;
				ARCHS = "$(ARCHS_STANDARD_32_BIT)";
				CLANG_ENABLE_OBJC_ARC = YES;
				"CODE_SIGN_IDENTITY[sdk=iphoneos*]" = "iPhone Developer";
				COPY_PHASE_STRIP = NO;
				GCC_C_LANGUAGE_STANDARD = gnu99;
				GCC_DYNAMIC_NO_PIC = NO;
				GCC_OPTIMIZATION_LEVEL = 0;
				GCC_PREPROCESSOR_DEFINITIONS = (
					"DEBUG=1",
					"$(inherited)",
				);
				GCC_SYMBOLS_PRIVATE_EXTERN = NO;
				GCC_VERSION = com.apple.compilers.llvm.clang.1_0;
				GCC_WARN_ABOUT_RETURN_TYPE = YES;
				GCC_WARN_UNINITIALIZED_AUTOS = YES;
				GCC_WARN_UNUSED_VARIABLE = YES;
				IPHONEOS_DEPLOYMENT_TARGET = 5.1;
				SDKROOT = iphoneos;
				TARGETED_DEVICE_FAMILY = "1,2";
			};
			name = Debug;
		};
		9565CBE615E5A6B500AA9011 /* Release */ = {
			isa = XCBuildConfiguration;
			buildSettings = {
				ALWAYS_SEARCH_USER_PATHS = NO;
				ARCHS = "$(ARCHS_STANDARD_32_BIT)";
				CLANG_ENABLE_OBJC_ARC = YES;
				"CODE_SIGN_IDENTITY[sdk=iphoneos*]" = "iPhone Developer";
				COPY_PHASE_STRIP = YES;
				GCC_C_LANGUAGE_STANDARD = gnu99;
				GCC_VERSION = com.apple.compilers.llvm.clang.1_0;
				GCC_WARN_ABOUT_RETURN_TYPE = YES;
				GCC_WARN_UNINITIALIZED_AUTOS = YES;
				GCC_WARN_UNUSED_VARIABLE = YES;
				IPHONEOS_DEPLOYMENT_TARGET = 5.1;
				OTHER_CFLAGS = "-DNS_BLOCK_ASSERTIONS=1";
				SDKROOT = iphoneos;
				TARGETED_DEVICE_FAMILY = "1,2";
				VALIDATE_PRODUCT = YES;
			};
			name = Release;
		};
		9565CBE815E5A6B500AA9011 /* Debug */ = {
			isa = XCBuildConfiguration;
			buildSettings = {
				GCC_PRECOMPILE_PREFIX_HEADER = YES;
				GCC_PREFIX_HEADER = "tweetApp/tweetApp-Prefix.pch";
				INFOPLIST_FILE = "tweetApp/tweetApp-Info.plist";
				PRODUCT_NAME = "$(TARGET_NAME)";
				WRAPPER_EXTENSION = app;
			};
			name = Debug;
		};
		9565CBE915E5A6B500AA9011 /* Release */ = {
			isa = XCBuildConfiguration;
			buildSettings = {
				GCC_PRECOMPILE_PREFIX_HEADER = YES;
				GCC_PREFIX_HEADER = "tweetApp/tweetApp-Prefix.pch";
				INFOPLIST_FILE = "tweetApp/tweetApp-Info.plist";
				PRODUCT_NAME = "$(TARGET_NAME)";
				WRAPPER_EXTENSION = app;
			};
			name = Release;
		};
/* End XCBuildConfiguration section */

/* Begin XCConfigurationList section */
		9565CBC015E5A6B500AA9011 /* Build configuration list for PBXProject "tweetApp" */ = {
			isa = XCConfigurationList;
			buildConfigurations = (
				9565CBE515E5A6B500AA9011 /* Debug */,
				9565CBE615E5A6B500AA9011 /* Release */,
			);
			defaultConfigurationIsVisible = 0;
			defaultConfigurationName = Release;
		};
		9565CBE715E5A6B500AA9011 /* Build configuration list for PBXNativeTarget "tweetApp" */ = {
			isa = XCConfigurationList;
			buildConfigurations = (
				9565CBE815E5A6B500AA9011 /* Debug */,
				9565CBE915E5A6B500AA9011 /* Release */,
			);
			defaultConfigurationIsVisible = 0;
		};
/* End XCConfigurationList section */
	};
	rootObject = 9565CBBD15E5A6B500AA9011 /* Project object */;
}
