// !$*UTF8*$!
{
	archiveVersion = 1;
	classes = {
	};
	objectVersion = 46;
	objects = {

/* Begin PBXBuildFile section */
		95C766ED15E3034500DEBF46 /* UIKit.framework in Frameworks */ = {isa = PBXBuildFile; fileRef = 95C766EC15E3034500DEBF46 /* UIKit.framework */; };
		95C766EF15E3034500DEBF46 /* Foundation.framework in Frameworks */ = {isa = PBXBuildFile; fileRef = 95C766EE15E3034500DEBF46 /* Foundation.framework */; };
		95C766F115E3034500DEBF46 /* CoreGraphics.framework in Frameworks */ = {isa = PBXBuildFile; fileRef = 95C766F015E3034500DEBF46 /* CoreGraphics.framework */; };
		95C766F715E3034500DEBF46 /* InfoPlist.strings in Resources */ = {isa = PBXBuildFile; fileRef = 95C766F515E3034500DEBF46 /* InfoPlist.strings */; };
		95C766F915E3034500DEBF46 /* main.m in Sources */ = {isa = PBXBuildFile; fileRef = 95C766F815E3034500DEBF46 /* main.m */; };
		95C766FD15E3034500DEBF46 /* AppDelegate.m in Sources */ = {isa = PBXBuildFile; fileRef = 95C766FC15E3034500DEBF46 /* AppDelegate.m */; };
		95C7670015E3034500DEBF46 /* MainStoryboard_iPhone.storyboard in Resources */ = {isa = PBXBuildFile; fileRef = 95C766FE15E3034500DEBF46 /* MainStoryboard_iPhone.storyboard */; };
		95C7670315E3034500DEBF46 /* MainStoryboard_iPad.storyboard in Resources */ = {isa = PBXBuildFile; fileRef = 95C7670115E3034500DEBF46 /* MainStoryboard_iPad.storyboard */; };
		95C7670615E3034500DEBF46 /* ViewController.m in Sources */ = {isa = PBXBuildFile; fileRef = 95C7670515E3034500DEBF46 /* ViewController.m */; };
/* End PBXBuildFile section */

/* Begin PBXFileReference section */
		95C766E815E3034500DEBF46 /* sendEmail.app */ = {isa = PBXFileReference; explicitFileType = wrapper.application; includeInIndex = 0; path = sendEmail.app; sourceTree = BUILT_PRODUCTS_DIR; };
		95C766EC15E3034500DEBF46 /* UIKit.framework */ = {isa = PBXFileReference; lastKnownFileType = wrapper.framework; name = UIKit.framework; path = System/Library/Frameworks/UIKit.framework; sourceTree = SDKROOT; };
		95C766EE15E3034500DEBF46 /* Foundation.framework */ = {isa = PBXFileReference; lastKnownFileType = wrapper.framework; name = Foundation.framework; path = System/Library/Frameworks/Foundation.framework; sourceTree = SDKROOT; };
		95C766F015E3034500DEBF46 /* CoreGraphics.framework */ = {isa = PBXFileReference; lastKnownFileType = wrapper.framework; name = CoreGraphics.framework; path = System/Library/Frameworks/CoreGraphics.framework; sourceTree = SDKROOT; };
		95C766F415E3034500DEBF46 /* sendEmail-Info.plist */ = {isa = PBXFileReference; lastKnownFileType = text.plist.xml; path = "sendEmail-Info.plist"; sourceTree = "<group>"; };
		95C766F615E3034500DEBF46 /* en */ = {isa = PBXFileReference; lastKnownFileType = text.plist.strings; name = en; path = en.lproj/InfoPlist.strings; sourceTree = "<group>"; };
		95C766F815E3034500DEBF46 /* main.m */ = {isa = PBXFileReference; lastKnownFileType = sourcecode.c.objc; path = main.m; sourceTree = "<group>"; };
		95C766FA15E3034500DEBF46 /* sendEmail-Prefix.pch */ = {isa = PBXFileReference; lastKnownFileType = sourcecode.c.h; path = "sendEmail-Prefix.pch"; sourceTree = "<group>"; };
		95C766FB15E3034500DEBF46 /* AppDelegate.h */ = {isa = PBXFileReference; lastKnownFileType = sourcecode.c.h; path = AppDelegate.h; sourceTree = "<group>"; };
		95C766FC15E3034500DEBF46 /* AppDelegate.m */ = {isa = PBXFileReference; lastKnownFileType = sourcecode.c.objc; path = AppDelegate.m; sourceTree = "<group>"; };
		95C766FF15E3034500DEBF46 /* en */ = {isa = PBXFileReference; lastKnownFileType = file.storyboard; name = en; path = en.lproj/MainStoryboard_iPhone.storyboard; sourceTree = "<group>"; };
		95C7670215E3034500DEBF46 /* en */ = {isa = PBXFileReference; lastKnownFileType = file.storyboard; name = en; path = en.lproj/MainStoryboard_iPad.storyboard; sourceTree = "<group>"; };
		95C7670415E3034500DEBF46 /* ViewController.h */ = {isa = PBXFileReference; lastKnownFileType = sourcecode.c.h; path = ViewController.h; sourceTree = "<group>"; };
		95C7670515E3034500DEBF46 /* ViewController.m */ = {isa = PBXFileReference; lastKnownFileType = sourcecode.c.objc; path = ViewController.m; sourceTree = "<group>"; };
/* End PBXFileReference section */

/* Begin PBXFrameworksBuildPhase section */
		95C766E515E3034500DEBF46 /* Frameworks */ = {
			isa = PBXFrameworksBuildPhase;
			buildActionMask = 2147483647;
			files = (
				95C766ED15E3034500DEBF46 /* UIKit.framework in Frameworks */,
				95C766EF15E3034500DEBF46 /* Foundation.framework in Frameworks */,
				95C766F115E3034500DEBF46 /* CoreGraphics.framework in Frameworks */,
			);
			runOnlyForDeploymentPostprocessing = 0;
		};
/* End PBXFrameworksBuildPhase section */

/* Begin PBXGroup section */
		95C766DD15E3034400DEBF46 = {
			isa = PBXGroup;
			children = (
				95C766F215E3034500DEBF46 /* sendEmail */,
				95C766EB15E3034500DEBF46 /* Frameworks */,
				95C766E915E3034500DEBF46 /* Products */,
			);
			sourceTree = "<group>";
		};
		95C766E915E3034500DEBF46 /* Products */ = {
			isa = PBXGroup;
			children = (
				95C766E815E3034500DEBF46 /* sendEmail.app */,
			);
			name = Products;
			sourceTree = "<group>";
		};
		95C766EB15E3034500DEBF46 /* Frameworks */ = {
			isa = PBXGroup;
			children = (
				95C766EC15E3034500DEBF46 /* UIKit.framework */,
				95C766EE15E3034500DEBF46 /* Foundation.framework */,
				95C766F015E3034500DEBF46 /* CoreGraphics.framework */,
			);
			name = Frameworks;
			sourceTree = "<group>";
		};
		95C766F215E3034500DEBF46 /* sendEmail */ = {
			isa = PBXGroup;
			children = (
				95C766FB15E3034500DEBF46 /* AppDelegate.h */,
				95C766FC15E3034500DEBF46 /* AppDelegate.m */,
				95C766FE15E3034500DEBF46 /* MainStoryboard_iPhone.storyboard */,
				95C7670115E3034500DEBF46 /* MainStoryboard_iPad.storyboard */,
				95C7670415E3034500DEBF46 /* ViewController.h */,
				95C7670515E3034500DEBF46 /* ViewController.m */,
				95C766F315E3034500DEBF46 /* Supporting Files */,
			);
			path = sendEmail;
			sourceTree = "<group>";
		};
		95C766F315E3034500DEBF46 /* Supporting Files */ = {
			isa = PBXGroup;
			children = (
				95C766F415E3034500DEBF46 /* sendEmail-Info.plist */,
				95C766F515E3034500DEBF46 /* InfoPlist.strings */,
				95C766F815E3034500DEBF46 /* main.m */,
				95C766FA15E3034500DEBF46 /* sendEmail-Prefix.pch */,
			);
			name = "Supporting Files";
			sourceTree = "<group>";
		};
/* End PBXGroup section */

/* Begin PBXNativeTarget section */
		95C766E715E3034500DEBF46 /* sendEmail */ = {
			isa = PBXNativeTarget;
			buildConfigurationList = 95C7670915E3034600DEBF46 /* Build configuration list for PBXNativeTarget "sendEmail" */;
			buildPhases = (
				95C766E415E3034500DEBF46 /* Sources */,
				95C766E515E3034500DEBF46 /* Frameworks */,
				95C766E615E3034500DEBF46 /* Resources */,
			);
			buildRules = (
			);
			dependencies = (
			);
			name = sendEmail;
			productName = sendEmail;
			productReference = 95C766E815E3034500DEBF46 /* sendEmail.app */;
			productType = "com.apple.product-type.application";
		};
/* End PBXNativeTarget section */

/* Begin PBXProject section */
		95C766DF15E3034400DEBF46 /* Project object */ = {
			isa = PBXProject;
			attributes = {
				LastUpgradeCheck = 0430;
			};
			buildConfigurationList = 95C766E215E3034400DEBF46 /* Build configuration list for PBXProject "sendEmail" */;
			compatibilityVersion = "Xcode 3.2";
			developmentRegion = English;
			hasScannedForEncodings = 0;
			knownRegions = (
				en,
			);
			mainGroup = 95C766DD15E3034400DEBF46;
			productRefGroup = 95C766E915E3034500DEBF46 /* Products */;
			projectDirPath = "";
			projectRoot = "";
			targets = (
				95C766E715E3034500DEBF46 /* sendEmail */,
			);
		};
/* End PBXProject section */

/* Begin PBXResourcesBuildPhase section */
		95C766E615E3034500DEBF46 /* Resources */ = {
			isa = PBXResourcesBuildPhase;
			buildActionMask = 2147483647;
			files = (
				95C766F715E3034500DEBF46 /* InfoPlist.strings in Resources */,
				95C7670015E3034500DEBF46 /* MainStoryboard_iPhone.storyboard in Resources */,
				95C7670315E3034500DEBF46 /* MainStoryboard_iPad.storyboard in Resources */,
			);
			runOnlyForDeploymentPostprocessing = 0;
		};
/* End PBXResourcesBuildPhase section */

/* Begin PBXSourcesBuildPhase section */
		95C766E415E3034500DEBF46 /* Sources */ = {
			isa = PBXSourcesBuildPhase;
			buildActionMask = 2147483647;
			files = (
				95C766F915E3034500DEBF46 /* main.m in Sources */,
				95C766FD15E3034500DEBF46 /* AppDelegate.m in Sources */,
				95C7670615E3034500DEBF46 /* ViewController.m in Sources */,
			);
			runOnlyForDeploymentPostprocessing = 0;
		};
/* End PBXSourcesBuildPhase section */

/* Begin PBXVariantGroup section */
		95C766F515E3034500DEBF46 /* InfoPlist.strings */ = {
			isa = PBXVariantGroup;
			children = (
				95C766F615E3034500DEBF46 /* en */,
			);
			name = InfoPlist.strings;
			sourceTree = "<group>";
		};
		95C766FE15E3034500DEBF46 /* MainStoryboard_iPhone.storyboard */ = {
			isa = PBXVariantGroup;
			children = (
				95C766FF15E3034500DEBF46 /* en */,
			);
			name = MainStoryboard_iPhone.storyboard;
			sourceTree = "<group>";
		};
		95C7670115E3034500DEBF46 /* MainStoryboard_iPad.storyboard */ = {
			isa = PBXVariantGroup;
			children = (
				95C7670215E3034500DEBF46 /* en */,
			);
			name = MainStoryboard_iPad.storyboard;
			sourceTree = "<group>";
		};
/* End PBXVariantGroup section */

/* Begin XCBuildConfiguration section */
		95C7670715E3034500DEBF46 /* Debug */ = {
			isa = XCBuildConfiguration;
			buildSettings = {
				ALWAYS_SEARCH_USER_PATHS = NO;
				ARCHS = "$(ARCHS_STANDARD_32_BIT)";
				CLANG_ENABLE_OBJC_ARC = YES;
				"CODE_SIGN_IDENTITY[sdk=iphoneos*]" = "iPhone Developer";
				COPY_PHASE_STRIP = NO;
				GCC_C_LANGUAGE_STANDARD = gnu99;
				GCC_DYNAMIC_NO_PIC = NO;
				GCC_OPTIMIZATION_LEVEL = 0;
				GCC_PREPROCESSOR_DEFINITIONS = (
					"DEBUG=1",
					"$(inherited)",
				);
				GCC_SYMBOLS_PRIVATE_EXTERN = NO;
				GCC_VERSION = com.apple.compilers.llvm.clang.1_0;
				GCC_WARN_ABOUT_RETURN_TYPE = YES;
				GCC_WARN_UNINITIALIZED_AUTOS = YES;
				GCC_WARN_UNUSED_VARIABLE = YES;
				IPHONEOS_DEPLOYMENT_TARGET = 5.1;
				SDKROOT = iphoneos;
				TARGETED_DEVICE_FAMILY = "1,2";
			};
			name = Debug;
		};
		95C7670815E3034600DEBF46 /* Release */ = {
			isa = XCBuildConfiguration;
			buildSettings = {
				ALWAYS_SEARCH_USER_PATHS = NO;
				ARCHS = "$(ARCHS_STANDARD_32_BIT)";
				CLANG_ENABLE_OBJC_ARC = YES;
				"CODE_SIGN_IDENTITY[sdk=iphoneos*]" = "iPhone Developer";
				COPY_PHASE_STRIP = YES;
				GCC_C_LANGUAGE_STANDARD = gnu99;
				GCC_VERSION = com.apple.compilers.llvm.clang.1_0;
				GCC_WARN_ABOUT_RETURN_TYPE = YES;
				GCC_WARN_UNINITIALIZED_AUTOS = YES;
				GCC_WARN_UNUSED_VARIABLE = YES;
				IPHONEOS_DEPLOYMENT_TARGET = 5.1;
				OTHER_CFLAGS = "-DNS_BLOCK_ASSERTIONS=1";
				SDKROOT = iphoneos;
				TARGETED_DEVICE_FAMILY = "1,2";
				VALIDATE_PRODUCT = YES;
			};
			name = Release;
		};
		95C7670A15E3034600DEBF46 /* Debug */ = {
			isa = XCBuildConfiguration;
			buildSettings = {
				GCC_PRECOMPILE_PREFIX_HEADER = YES;
				GCC_PREFIX_HEADER = "sendEmail/sendEmail-Prefix.pch";
				INFOPLIST_FILE = "sendEmail/sendEmail-Info.plist";
				PRODUCT_NAME = "$(TARGET_NAME)";
				WRAPPER_EXTENSION = app;
			};
			name = Debug;
		};
		95C7670B15E3034600DEBF46 /* Release */ = {
			isa = XCBuildConfiguration;
			buildSettings = {
				GCC_PRECOMPILE_PREFIX_HEADER = YES;
				GCC_PREFIX_HEADER = "sendEmail/sendEmail-Prefix.pch";
				INFOPLIST_FILE = "sendEmail/sendEmail-Info.plist";
				PRODUCT_NAME = "$(TARGET_NAME)";
				WRAPPER_EXTENSION = app;
			};
			name = Release;
		};
/* End XCBuildConfiguration section */

/* Begin XCConfigurationList section */
		95C766E215E3034400DEBF46 /* Build configuration list for PBXProject "sendEmail" */ = {
			isa = XCConfigurationList;
			buildConfigurations = (
				95C7670715E3034500DEBF46 /* Debug */,
				95C7670815E3034600DEBF46 /* Release */,
			);
			defaultConfigurationIsVisible = 0;
			defaultConfigurationName = Release;
		};
		95C7670915E3034600DEBF46 /* Build configuration list for PBXNativeTarget "sendEmail" */ = {
			isa = XCConfigurationList;
			buildConfigurations = (
				95C7670A15E3034600DEBF46 /* Debug */,
				95C7670B15E3034600DEBF46 /* Release */,
			);
			defaultConfigurationIsVisible = 0;
		};
/* End XCConfigurationList section */
	};
	rootObject = 95C766DF15E3034400DEBF46 /* Project object */;
}
