// !$*UTF8*$!
{
	archiveVersion = 1;
	classes = {
	};
	objectVersion = 46;
	objects = {

/* Begin PBXBuildFile section */
		7D2910DE15D9D205000251EA /* aib.c in Sources */ = {isa = PBXBuildFile; fileRef = 7D2910A515D9D205000251EA /* aib.c */; };
		7D2910DF15D9D205000251EA /* array.c in Sources */ = {isa = PBXBuildFile; fileRef = 7D2910A715D9D205000251EA /* array.c */; };
		7D2910E015D9D205000251EA /* dsift.c in Sources */ = {isa = PBXBuildFile; fileRef = 7D2910A915D9D205000251EA /* dsift.c */; };
		7D2910E115D9D205000251EA /* float.th in Resources */ = {isa = PBXBuildFile; fileRef = 7D2910AB15D9D205000251EA /* float.th */; };
		7D2910E215D9D205000251EA /* generic.c in Sources */ = {isa = PBXBuildFile; fileRef = 7D2910AC15D9D205000251EA /* generic.c */; };
		7D2910E315D9D205000251EA /* getopt_long.c in Sources */ = {isa = PBXBuildFile; fileRef = 7D2910AE15D9D205000251EA /* getopt_long.c */; };
		7D2910E415D9D205000251EA /* hikmeans.c in Sources */ = {isa = PBXBuildFile; fileRef = 7D2910B115D9D205000251EA /* hikmeans.c */; };
		7D2910E515D9D205000251EA /* homkermap.c in Sources */ = {isa = PBXBuildFile; fileRef = 7D2910B315D9D205000251EA /* homkermap.c */; };
		7D2910E615D9D205000251EA /* host.c in Sources */ = {isa = PBXBuildFile; fileRef = 7D2910B515D9D205000251EA /* host.c */; };
		7D2910E715D9D205000251EA /* ikmeans.c in Sources */ = {isa = PBXBuildFile; fileRef = 7D2910B715D9D205000251EA /* ikmeans.c */; };
		7D2910E815D9D205000251EA /* ikmeans_elkan.tc in Resources */ = {isa = PBXBuildFile; fileRef = 7D2910B915D9D205000251EA /* ikmeans_elkan.tc */; };
		7D2910E915D9D205000251EA /* ikmeans_init.tc in Resources */ = {isa = PBXBuildFile; fileRef = 7D2910BA15D9D205000251EA /* ikmeans_init.tc */; };
		7D2910EA15D9D205000251EA /* ikmeans_lloyd.tc in Resources */ = {isa = PBXBuildFile; fileRef = 7D2910BB15D9D205000251EA /* ikmeans_lloyd.tc */; };
		7D2910EB15D9D205000251EA /* imopv.c in Sources */ = {isa = PBXBuildFile; fileRef = 7D2910BC15D9D205000251EA /* imopv.c */; };
		7D2910EC15D9D205000251EA /* imopv_sse2.c in Sources */ = {isa = PBXBuildFile; fileRef = 7D2910BE15D9D205000251EA /* imopv_sse2.c */; };
		7D2910ED15D9D205000251EA /* kdtree.c in Sources */ = {isa = PBXBuildFile; fileRef = 7D2910C015D9D205000251EA /* kdtree.c */; };
		7D2910EE15D9D205000251EA /* kmeans.c in Sources */ = {isa = PBXBuildFile; fileRef = 7D2910C215D9D205000251EA /* kmeans.c */; };
		7D2910EF15D9D205000251EA /* lbp.c in Sources */ = {isa = PBXBuildFile; fileRef = 7D2910C415D9D205000251EA /* lbp.c */; };
		7D2910F015D9D205000251EA /* mathop.c in Sources */ = {isa = PBXBuildFile; fileRef = 7D2910C615D9D205000251EA /* mathop.c */; };
		7D2910F115D9D205000251EA /* mathop_sse2.c in Sources */ = {isa = PBXBuildFile; fileRef = 7D2910C815D9D205000251EA /* mathop_sse2.c */; };
		7D2910F215D9D205000251EA /* mser.c in Sources */ = {isa = PBXBuildFile; fileRef = 7D2910CA15D9D205000251EA /* mser.c */; };
		7D2910F315D9D205000251EA /* pegasos.c in Sources */ = {isa = PBXBuildFile; fileRef = 7D2910CC15D9D205000251EA /* pegasos.c */; };
		7D2910F415D9D205000251EA /* pgm.c in Sources */ = {isa = PBXBuildFile; fileRef = 7D2910CE15D9D205000251EA /* pgm.c */; };
		7D2910F515D9D205000251EA /* quickshift.c in Sources */ = {isa = PBXBuildFile; fileRef = 7D2910D115D9D205000251EA /* quickshift.c */; };
		7D2910F615D9D205000251EA /* random.c in Sources */ = {isa = PBXBuildFile; fileRef = 7D2910D315D9D205000251EA /* random.c */; };
		7D2910F715D9D205000251EA /* rodrigues.c in Sources */ = {isa = PBXBuildFile; fileRef = 7D2910D515D9D205000251EA /* rodrigues.c */; };
		7D2910F815D9D205000251EA /* sift.c in Sources */ = {isa = PBXBuildFile; fileRef = 7D2910D815D9D205000251EA /* sift.c */; };
		7D2910F915D9D205000251EA /* slic.c in Sources */ = {isa = PBXBuildFile; fileRef = 7D2910DA15D9D205000251EA /* slic.c */; };
		7D2910FA15D9D205000251EA /* stringop.c in Sources */ = {isa = PBXBuildFile; fileRef = 7D2910DC15D9D205000251EA /* stringop.c */; };
		7DCDB3ED15D9C7C200AD37C5 /* UIKit.framework in Frameworks */ = {isa = PBXBuildFile; fileRef = 7DCDB3EC15D9C7C200AD37C5 /* UIKit.framework */; };
		7DCDB3EF15D9C7C200AD37C5 /* Foundation.framework in Frameworks */ = {isa = PBXBuildFile; fileRef = 7DCDB3EE15D9C7C200AD37C5 /* Foundation.framework */; };
		7DCDB3F115D9C7C200AD37C5 /* CoreGraphics.framework in Frameworks */ = {isa = PBXBuildFile; fileRef = 7DCDB3F015D9C7C200AD37C5 /* CoreGraphics.framework */; };
		7DCDB3F715D9C7C200AD37C5 /* InfoPlist.strings in Resources */ = {isa = PBXBuildFile; fileRef = 7DCDB3F515D9C7C200AD37C5 /* InfoPlist.strings */; };
		7DCDB3F915D9C7C200AD37C5 /* main.m in Sources */ = {isa = PBXBuildFile; fileRef = 7DCDB3F815D9C7C200AD37C5 /* main.m */; };
		7DCDB3FD15D9C7C200AD37C5 /* AppDelegate.m in Sources */ = {isa = PBXBuildFile; fileRef = 7DCDB3FC15D9C7C200AD37C5 /* AppDelegate.m */; };
		7DCDB40015D9C7C200AD37C5 /* MainStoryboard_iPhone.storyboard in Resources */ = {isa = PBXBuildFile; fileRef = 7DCDB3FE15D9C7C200AD37C5 /* MainStoryboard_iPhone.storyboard */; };
		7DCDB40315D9C7C200AD37C5 /* MainStoryboard_iPad.storyboard in Resources */ = {isa = PBXBuildFile; fileRef = 7DCDB40115D9C7C200AD37C5 /* MainStoryboard_iPad.storyboard */; };
		7DCDB40615D9C7C200AD37C5 /* ViewController.m in Sources */ = {isa = PBXBuildFile; fileRef = 7DCDB40515D9C7C200AD37C5 /* ViewController.m */; };
		7DCDB40E15D9C7C200AD37C5 /* SenTestingKit.framework in Frameworks */ = {isa = PBXBuildFile; fileRef = 7DCDB40D15D9C7C200AD37C5 /* SenTestingKit.framework */; };
		7DCDB40F15D9C7C200AD37C5 /* UIKit.framework in Frameworks */ = {isa = PBXBuildFile; fileRef = 7DCDB3EC15D9C7C200AD37C5 /* UIKit.framework */; };
		7DCDB41015D9C7C200AD37C5 /* Foundation.framework in Frameworks */ = {isa = PBXBuildFile; fileRef = 7DCDB3EE15D9C7C200AD37C5 /* Foundation.framework */; };
		7DCDB41815D9C7C200AD37C5 /* InfoPlist.strings in Resources */ = {isa = PBXBuildFile; fileRef = 7DCDB41615D9C7C200AD37C5 /* InfoPlist.strings */; };
		7DCDB41B15D9C7C200AD37C5 /* siftConCamaraTests.m in Sources */ = {isa = PBXBuildFile; fileRef = 7DCDB41A15D9C7C200AD37C5 /* siftConCamaraTests.m */; };
		7DCDB46215D9C84100AD37C5 /* encuadroSift.c in Sources */ = {isa = PBXBuildFile; fileRef = 7DCDB42415D9C84100AD37C5 /* encuadroSift.c */; };
		7DCDB46315D9C84100AD37C5 /* encuadroSift.c in Sources */ = {isa = PBXBuildFile; fileRef = 7DCDB42415D9C84100AD37C5 /* encuadroSift.c */; };
		7DCDB46415D9C84100AD37C5 /* processing.c in Sources */ = {isa = PBXBuildFile; fileRef = 7DCDB42615D9C84100AD37C5 /* processing.c */; };
		7DCDB46515D9C84100AD37C5 /* processing.c in Sources */ = {isa = PBXBuildFile; fileRef = 7DCDB42615D9C84100AD37C5 /* processing.c */; };
/* End PBXBuildFile section */

/* Begin PBXContainerItemProxy section */
		7DCDB41115D9C7C200AD37C5 /* PBXContainerItemProxy */ = {
			isa = PBXContainerItemProxy;
			containerPortal = 7DCDB3DF15D9C7C200AD37C5 /* Project object */;
			proxyType = 1;
			remoteGlobalIDString = 7DCDB3E715D9C7C200AD37C5;
			remoteInfo = siftConCamara;
		};
/* End PBXContainerItemProxy section */

/* Begin PBXFileReference section */
		7D2910A515D9D205000251EA /* aib.c */ = {isa = PBXFileReference; fileEncoding = 4; lastKnownFileType = sourcecode.c.c; path = aib.c; sourceTree = "<group>"; };
		7D2910A615D9D205000251EA /* aib.h */ = {isa = PBXFileReference; fileEncoding = 4; lastKnownFileType = sourcecode.c.h; path = aib.h; sourceTree = "<group>"; };
		7D2910A715D9D205000251EA /* array.c */ = {isa = PBXFileReference; fileEncoding = 4; lastKnownFileType = sourcecode.c.c; path = array.c; sourceTree = "<group>"; };
		7D2910A815D9D205000251EA /* array.h */ = {isa = PBXFileReference; fileEncoding = 4; lastKnownFileType = sourcecode.c.h; path = array.h; sourceTree = "<group>"; };
		7D2910A915D9D205000251EA /* dsift.c */ = {isa = PBXFileReference; fileEncoding = 4; lastKnownFileType = sourcecode.c.c; path = dsift.c; sourceTree = "<group>"; };
		7D2910AA15D9D205000251EA /* dsift.h */ = {isa = PBXFileReference; fileEncoding = 4; lastKnownFileType = sourcecode.c.h; path = dsift.h; sourceTree = "<group>"; };
		7D2910AB15D9D205000251EA /* float.th */ = {isa = PBXFileReference; fileEncoding = 4; lastKnownFileType = text; path = float.th; sourceTree = "<group>"; };
		7D2910AC15D9D205000251EA /* generic.c */ = {isa = PBXFileReference; fileEncoding = 4; lastKnownFileType = sourcecode.c.c; path = generic.c; sourceTree = "<group>"; };
		7D2910AD15D9D205000251EA /* generic.h */ = {isa = PBXFileReference; fileEncoding = 4; lastKnownFileType = sourcecode.c.h; path = generic.h; sourceTree = "<group>"; };
		7D2910AE15D9D205000251EA /* getopt_long.c */ = {isa = PBXFileReference; fileEncoding = 4; lastKnownFileType = sourcecode.c.c; path = getopt_long.c; sourceTree = "<group>"; };
		7D2910AF15D9D205000251EA /* getopt_long.h */ = {isa = PBXFileReference; fileEncoding = 4; lastKnownFileType = sourcecode.c.h; path = getopt_long.h; sourceTree = "<group>"; };
		7D2910B015D9D205000251EA /* heap-def.h */ = {isa = PBXFileReference; fileEncoding = 4; lastKnownFileType = sourcecode.c.h; path = "heap-def.h"; sourceTree = "<group>"; };
		7D2910B115D9D205000251EA /* hikmeans.c */ = {isa = PBXFileReference; fileEncoding = 4; lastKnownFileType = sourcecode.c.c; path = hikmeans.c; sourceTree = "<group>"; };
		7D2910B215D9D205000251EA /* hikmeans.h */ = {isa = PBXFileReference; fileEncoding = 4; lastKnownFileType = sourcecode.c.h; path = hikmeans.h; sourceTree = "<group>"; };
		7D2910B315D9D205000251EA /* homkermap.c */ = {isa = PBXFileReference; fileEncoding = 4; lastKnownFileType = sourcecode.c.c; path = homkermap.c; sourceTree = "<group>"; };
		7D2910B415D9D205000251EA /* homkermap.h */ = {isa = PBXFileReference; fileEncoding = 4; lastKnownFileType = sourcecode.c.h; path = homkermap.h; sourceTree = "<group>"; };
		7D2910B515D9D205000251EA /* host.c */ = {isa = PBXFileReference; fileEncoding = 4; lastKnownFileType = sourcecode.c.c; path = host.c; sourceTree = "<group>"; };
		7D2910B615D9D205000251EA /* host.h */ = {isa = PBXFileReference; fileEncoding = 4; lastKnownFileType = sourcecode.c.h; path = host.h; sourceTree = "<group>"; };
		7D2910B715D9D205000251EA /* ikmeans.c */ = {isa = PBXFileReference; fileEncoding = 4; lastKnownFileType = sourcecode.c.c; path = ikmeans.c; sourceTree = "<group>"; };
		7D2910B815D9D205000251EA /* ikmeans.h */ = {isa = PBXFileReference; fileEncoding = 4; lastKnownFileType = sourcecode.c.h; path = ikmeans.h; sourceTree = "<group>"; };
		7D2910B915D9D205000251EA /* ikmeans_elkan.tc */ = {isa = PBXFileReference; fileEncoding = 4; lastKnownFileType = text; path = ikmeans_elkan.tc; sourceTree = "<group>"; };
		7D2910BA15D9D205000251EA /* ikmeans_init.tc */ = {isa = PBXFileReference; fileEncoding = 4; lastKnownFileType = text; path = ikmeans_init.tc; sourceTree = "<group>"; };
		7D2910BB15D9D205000251EA /* ikmeans_lloyd.tc */ = {isa = PBXFileReference; fileEncoding = 4; lastKnownFileType = text; path = ikmeans_lloyd.tc; sourceTree = "<group>"; };
		7D2910BC15D9D205000251EA /* imopv.c */ = {isa = PBXFileReference; fileEncoding = 4; lastKnownFileType = sourcecode.c.c; path = imopv.c; sourceTree = "<group>"; };
		7D2910BD15D9D205000251EA /* imopv.h */ = {isa = PBXFileReference; fileEncoding = 4; lastKnownFileType = sourcecode.c.h; path = imopv.h; sourceTree = "<group>"; };
		7D2910BE15D9D205000251EA /* imopv_sse2.c */ = {isa = PBXFileReference; fileEncoding = 4; lastKnownFileType = sourcecode.c.c; path = imopv_sse2.c; sourceTree = "<group>"; };
		7D2910BF15D9D205000251EA /* imopv_sse2.h */ = {isa = PBXFileReference; fileEncoding = 4; lastKnownFileType = sourcecode.c.h; path = imopv_sse2.h; sourceTree = "<group>"; };
		7D2910C015D9D205000251EA /* kdtree.c */ = {isa = PBXFileReference; fileEncoding = 4; lastKnownFileType = sourcecode.c.c; path = kdtree.c; sourceTree = "<group>"; };
		7D2910C115D9D205000251EA /* kdtree.h */ = {isa = PBXFileReference; fileEncoding = 4; lastKnownFileType = sourcecode.c.h; path = kdtree.h; sourceTree = "<group>"; };
		7D2910C215D9D205000251EA /* kmeans.c */ = {isa = PBXFileReference; fileEncoding = 4; lastKnownFileType = sourcecode.c.c; path = kmeans.c; sourceTree = "<group>"; };
		7D2910C315D9D205000251EA /* kmeans.h */ = {isa = PBXFileReference; fileEncoding = 4; lastKnownFileType = sourcecode.c.h; path = kmeans.h; sourceTree = "<group>"; };
		7D2910C415D9D205000251EA /* lbp.c */ = {isa = PBXFileReference; fileEncoding = 4; lastKnownFileType = sourcecode.c.c; path = lbp.c; sourceTree = "<group>"; };
		7D2910C515D9D205000251EA /* lbp.h */ = {isa = PBXFileReference; fileEncoding = 4; lastKnownFileType = sourcecode.c.h; path = lbp.h; sourceTree = "<group>"; };
		7D2910C615D9D205000251EA /* mathop.c */ = {isa = PBXFileReference; fileEncoding = 4; lastKnownFileType = sourcecode.c.c; path = mathop.c; sourceTree = "<group>"; };
		7D2910C715D9D205000251EA /* mathop.h */ = {isa = PBXFileReference; fileEncoding = 4; lastKnownFileType = sourcecode.c.h; path = mathop.h; sourceTree = "<group>"; };
		7D2910C815D9D205000251EA /* mathop_sse2.c */ = {isa = PBXFileReference; fileEncoding = 4; lastKnownFileType = sourcecode.c.c; path = mathop_sse2.c; sourceTree = "<group>"; };
		7D2910C915D9D205000251EA /* mathop_sse2.h */ = {isa = PBXFileReference; fileEncoding = 4; lastKnownFileType = sourcecode.c.h; path = mathop_sse2.h; sourceTree = "<group>"; };
		7D2910CA15D9D205000251EA /* mser.c */ = {isa = PBXFileReference; fileEncoding = 4; lastKnownFileType = sourcecode.c.c; path = mser.c; sourceTree = "<group>"; };
		7D2910CB15D9D205000251EA /* mser.h */ = {isa = PBXFileReference; fileEncoding = 4; lastKnownFileType = sourcecode.c.h; path = mser.h; sourceTree = "<group>"; };
		7D2910CC15D9D205000251EA /* pegasos.c */ = {isa = PBXFileReference; fileEncoding = 4; lastKnownFileType = sourcecode.c.c; path = pegasos.c; sourceTree = "<group>"; };
		7D2910CD15D9D205000251EA /* pegasos.h */ = {isa = PBXFileReference; fileEncoding = 4; lastKnownFileType = sourcecode.c.h; path = pegasos.h; sourceTree = "<group>"; };
		7D2910CE15D9D205000251EA /* pgm.c */ = {isa = PBXFileReference; fileEncoding = 4; lastKnownFileType = sourcecode.c.c; path = pgm.c; sourceTree = "<group>"; };
		7D2910CF15D9D205000251EA /* pgm.h */ = {isa = PBXFileReference; fileEncoding = 4; lastKnownFileType = sourcecode.c.h; path = pgm.h; sourceTree = "<group>"; };
		7D2910D015D9D205000251EA /* qsort-def.h */ = {isa = PBXFileReference; fileEncoding = 4; lastKnownFileType = sourcecode.c.h; path = "qsort-def.h"; sourceTree = "<group>"; };
		7D2910D115D9D205000251EA /* quickshift.c */ = {isa = PBXFileReference; fileEncoding = 4; lastKnownFileType = sourcecode.c.c; path = quickshift.c; sourceTree = "<group>"; };
		7D2910D215D9D205000251EA /* quickshift.h */ = {isa = PBXFileReference; fileEncoding = 4; lastKnownFileType = sourcecode.c.h; path = quickshift.h; sourceTree = "<group>"; };
		7D2910D315D9D205000251EA /* random.c */ = {isa = PBXFileReference; fileEncoding = 4; lastKnownFileType = sourcecode.c.c; path = random.c; sourceTree = "<group>"; };
		7D2910D415D9D205000251EA /* random.h */ = {isa = PBXFileReference; fileEncoding = 4; lastKnownFileType = sourcecode.c.h; path = random.h; sourceTree = "<group>"; };
		7D2910D515D9D205000251EA /* rodrigues.c */ = {isa = PBXFileReference; fileEncoding = 4; lastKnownFileType = sourcecode.c.c; path = rodrigues.c; sourceTree = "<group>"; };
		7D2910D615D9D205000251EA /* rodrigues.h */ = {isa = PBXFileReference; fileEncoding = 4; lastKnownFileType = sourcecode.c.h; path = rodrigues.h; sourceTree = "<group>"; };
		7D2910D715D9D205000251EA /* shuffle-def.h */ = {isa = PBXFileReference; fileEncoding = 4; lastKnownFileType = sourcecode.c.h; path = "shuffle-def.h"; sourceTree = "<group>"; };
		7D2910D815D9D205000251EA /* sift.c */ = {isa = PBXFileReference; fileEncoding = 4; lastKnownFileType = sourcecode.c.c; path = sift.c; sourceTree = "<group>"; };
		7D2910D915D9D205000251EA /* sift.h */ = {isa = PBXFileReference; fileEncoding = 4; lastKnownFileType = sourcecode.c.h; path = sift.h; sourceTree = "<group>"; };
		7D2910DA15D9D205000251EA /* slic.c */ = {isa = PBXFileReference; fileEncoding = 4; lastKnownFileType = sourcecode.c.c; path = slic.c; sourceTree = "<group>"; };
		7D2910DB15D9D205000251EA /* slic.h */ = {isa = PBXFileReference; fileEncoding = 4; lastKnownFileType = sourcecode.c.h; path = slic.h; sourceTree = "<group>"; };
		7D2910DC15D9D205000251EA /* stringop.c */ = {isa = PBXFileReference; fileEncoding = 4; lastKnownFileType = sourcecode.c.c; path = stringop.c; sourceTree = "<group>"; };
		7D2910DD15D9D205000251EA /* stringop.h */ = {isa = PBXFileReference; fileEncoding = 4; lastKnownFileType = sourcecode.c.h; path = stringop.h; sourceTree = "<group>"; };
		7DCDB3E815D9C7C200AD37C5 /* siftConCamara.app */ = {isa = PBXFileReference; explicitFileType = wrapper.application; includeInIndex = 0; path = siftConCamara.app; sourceTree = BUILT_PRODUCTS_DIR; };
		7DCDB3EC15D9C7C200AD37C5 /* UIKit.framework */ = {isa = PBXFileReference; lastKnownFileType = wrapper.framework; name = UIKit.framework; path = System/Library/Frameworks/UIKit.framework; sourceTree = SDKROOT; };
		7DCDB3EE15D9C7C200AD37C5 /* Foundation.framework */ = {isa = PBXFileReference; lastKnownFileType = wrapper.framework; name = Foundation.framework; path = System/Library/Frameworks/Foundation.framework; sourceTree = SDKROOT; };
		7DCDB3F015D9C7C200AD37C5 /* CoreGraphics.framework */ = {isa = PBXFileReference; lastKnownFileType = wrapper.framework; name = CoreGraphics.framework; path = System/Library/Frameworks/CoreGraphics.framework; sourceTree = SDKROOT; };
		7DCDB3F415D9C7C200AD37C5 /* siftConCamara-Info.plist */ = {isa = PBXFileReference; lastKnownFileType = text.plist.xml; path = "siftConCamara-Info.plist"; sourceTree = "<group>"; };
		7DCDB3F615D9C7C200AD37C5 /* en */ = {isa = PBXFileReference; lastKnownFileType = text.plist.strings; name = en; path = en.lproj/InfoPlist.strings; sourceTree = "<group>"; };
		7DCDB3F815D9C7C200AD37C5 /* main.m */ = {isa = PBXFileReference; lastKnownFileType = sourcecode.c.objc; path = main.m; sourceTree = "<group>"; };
		7DCDB3FA15D9C7C200AD37C5 /* siftConCamara-Prefix.pch */ = {isa = PBXFileReference; lastKnownFileType = sourcecode.c.h; path = "siftConCamara-Prefix.pch"; sourceTree = "<group>"; };
		7DCDB3FB15D9C7C200AD37C5 /* AppDelegate.h */ = {isa = PBXFileReference; lastKnownFileType = sourcecode.c.h; path = AppDelegate.h; sourceTree = "<group>"; };
		7DCDB3FC15D9C7C200AD37C5 /* AppDelegate.m */ = {isa = PBXFileReference; lastKnownFileType = sourcecode.c.objc; path = AppDelegate.m; sourceTree = "<group>"; };
		7DCDB3FF15D9C7C200AD37C5 /* en */ = {isa = PBXFileReference; lastKnownFileType = file.storyboard; name = en; path = en.lproj/MainStoryboard_iPhone.storyboard; sourceTree = "<group>"; };
		7DCDB40215D9C7C200AD37C5 /* en */ = {isa = PBXFileReference; lastKnownFileType = file.storyboard; name = en; path = en.lproj/MainStoryboard_iPad.storyboard; sourceTree = "<group>"; };
		7DCDB40415D9C7C200AD37C5 /* ViewController.h */ = {isa = PBXFileReference; lastKnownFileType = sourcecode.c.h; path = ViewController.h; sourceTree = "<group>"; };
		7DCDB40515D9C7C200AD37C5 /* ViewController.m */ = {isa = PBXFileReference; lastKnownFileType = sourcecode.c.objc; path = ViewController.m; sourceTree = "<group>"; };
		7DCDB40C15D9C7C200AD37C5 /* siftConCamaraTests.octest */ = {isa = PBXFileReference; explicitFileType = wrapper.cfbundle; includeInIndex = 0; path = siftConCamaraTests.octest; sourceTree = BUILT_PRODUCTS_DIR; };
		7DCDB40D15D9C7C200AD37C5 /* SenTestingKit.framework */ = {isa = PBXFileReference; lastKnownFileType = wrapper.framework; name = SenTestingKit.framework; path = Library/Frameworks/SenTestingKit.framework; sourceTree = DEVELOPER_DIR; };
		7DCDB41515D9C7C200AD37C5 /* siftConCamaraTests-Info.plist */ = {isa = PBXFileReference; lastKnownFileType = text.plist.xml; path = "siftConCamaraTests-Info.plist"; sourceTree = "<group>"; };
		7DCDB41715D9C7C200AD37C5 /* en */ = {isa = PBXFileReference; lastKnownFileType = text.plist.strings; name = en; path = en.lproj/InfoPlist.strings; sourceTree = "<group>"; };
		7DCDB41915D9C7C200AD37C5 /* siftConCamaraTests.h */ = {isa = PBXFileReference; lastKnownFileType = sourcecode.c.h; path = siftConCamaraTests.h; sourceTree = "<group>"; };
		7DCDB41A15D9C7C200AD37C5 /* siftConCamaraTests.m */ = {isa = PBXFileReference; lastKnownFileType = sourcecode.c.objc; path = siftConCamaraTests.m; sourceTree = "<group>"; };
		7DCDB42415D9C84100AD37C5 /* encuadroSift.c */ = {isa = PBXFileReference; fileEncoding = 4; lastKnownFileType = sourcecode.c.c; path = encuadroSift.c; sourceTree = "<group>"; };
		7DCDB42515D9C84100AD37C5 /* encuadroSift.h */ = {isa = PBXFileReference; fileEncoding = 4; lastKnownFileType = sourcecode.c.h; path = encuadroSift.h; sourceTree = "<group>"; };
		7DCDB42615D9C84100AD37C5 /* processing.c */ = {isa = PBXFileReference; fileEncoding = 4; lastKnownFileType = sourcecode.c.c; path = processing.c; sourceTree = "<group>"; };
		7DCDB42715D9C84100AD37C5 /* processing.h */ = {isa = PBXFileReference; fileEncoding = 4; lastKnownFileType = sourcecode.c.h; path = processing.h; sourceTree = "<group>"; };
/* End PBXFileReference section */

/* Begin PBXFrameworksBuildPhase section */
		7DCDB3E515D9C7C200AD37C5 /* Frameworks */ = {
			isa = PBXFrameworksBuildPhase;
			buildActionMask = 2147483647;
			files = (
				7DCDB3ED15D9C7C200AD37C5 /* UIKit.framework in Frameworks */,
				7DCDB3EF15D9C7C200AD37C5 /* Foundation.framework in Frameworks */,
				7DCDB3F115D9C7C200AD37C5 /* CoreGraphics.framework in Frameworks */,
			);
			runOnlyForDeploymentPostprocessing = 0;
		};
		7DCDB40815D9C7C200AD37C5 /* Frameworks */ = {
			isa = PBXFrameworksBuildPhase;
			buildActionMask = 2147483647;
			files = (
				7DCDB40E15D9C7C200AD37C5 /* SenTestingKit.framework in Frameworks */,
				7DCDB40F15D9C7C200AD37C5 /* UIKit.framework in Frameworks */,
				7DCDB41015D9C7C200AD37C5 /* Foundation.framework in Frameworks */,
			);
			runOnlyForDeploymentPostprocessing = 0;
		};
/* End PBXFrameworksBuildPhase section */

/* Begin PBXGroup section */
		7D2910A415D9D205000251EA /* vl */ = {
			isa = PBXGroup;
			children = (
				7D2910A515D9D205000251EA /* aib.c */,
				7D2910A615D9D205000251EA /* aib.h */,
				7D2910A715D9D205000251EA /* array.c */,
				7D2910A815D9D205000251EA /* array.h */,
				7D2910A915D9D205000251EA /* dsift.c */,
				7D2910AA15D9D205000251EA /* dsift.h */,
				7D2910AB15D9D205000251EA /* float.th */,
				7D2910AC15D9D205000251EA /* generic.c */,
				7D2910AD15D9D205000251EA /* generic.h */,
				7D2910AE15D9D205000251EA /* getopt_long.c */,
				7D2910AF15D9D205000251EA /* getopt_long.h */,
				7D2910B015D9D205000251EA /* heap-def.h */,
				7D2910B115D9D205000251EA /* hikmeans.c */,
				7D2910B215D9D205000251EA /* hikmeans.h */,
				7D2910B315D9D205000251EA /* homkermap.c */,
				7D2910B415D9D205000251EA /* homkermap.h */,
				7D2910B515D9D205000251EA /* host.c */,
				7D2910B615D9D205000251EA /* host.h */,
				7D2910B715D9D205000251EA /* ikmeans.c */,
				7D2910B815D9D205000251EA /* ikmeans.h */,
				7D2910B915D9D205000251EA /* ikmeans_elkan.tc */,
				7D2910BA15D9D205000251EA /* ikmeans_init.tc */,
				7D2910BB15D9D205000251EA /* ikmeans_lloyd.tc */,
				7D2910BC15D9D205000251EA /* imopv.c */,
				7D2910BD15D9D205000251EA /* imopv.h */,
				7D2910BE15D9D205000251EA /* imopv_sse2.c */,
				7D2910BF15D9D205000251EA /* imopv_sse2.h */,
				7D2910C015D9D205000251EA /* kdtree.c */,
				7D2910C115D9D205000251EA /* kdtree.h */,
				7D2910C215D9D205000251EA /* kmeans.c */,
				7D2910C315D9D205000251EA /* kmeans.h */,
				7D2910C415D9D205000251EA /* lbp.c */,
				7D2910C515D9D205000251EA /* lbp.h */,
				7D2910C615D9D205000251EA /* mathop.c */,
				7D2910C715D9D205000251EA /* mathop.h */,
				7D2910C815D9D205000251EA /* mathop_sse2.c */,
				7D2910C915D9D205000251EA /* mathop_sse2.h */,
				7D2910CA15D9D205000251EA /* mser.c */,
				7D2910CB15D9D205000251EA /* mser.h */,
				7D2910CC15D9D205000251EA /* pegasos.c */,
				7D2910CD15D9D205000251EA /* pegasos.h */,
				7D2910CE15D9D205000251EA /* pgm.c */,
				7D2910CF15D9D205000251EA /* pgm.h */,
				7D2910D015D9D205000251EA /* qsort-def.h */,
				7D2910D115D9D205000251EA /* quickshift.c */,
				7D2910D215D9D205000251EA /* quickshift.h */,
				7D2910D315D9D205000251EA /* random.c */,
				7D2910D415D9D205000251EA /* random.h */,
				7D2910D515D9D205000251EA /* rodrigues.c */,
				7D2910D615D9D205000251EA /* rodrigues.h */,
				7D2910D715D9D205000251EA /* shuffle-def.h */,
				7D2910D815D9D205000251EA /* sift.c */,
				7D2910D915D9D205000251EA /* sift.h */,
				7D2910DA15D9D205000251EA /* slic.c */,
				7D2910DB15D9D205000251EA /* slic.h */,
				7D2910DC15D9D205000251EA /* stringop.c */,
				7D2910DD15D9D205000251EA /* stringop.h */,
			);
			name = vl;
			path = ../vl;
			sourceTree = "<group>";
		};
		7DCDB3DD15D9C7C200AD37C5 = {
			isa = PBXGroup;
			children = (
				7DCDB3F215D9C7C200AD37C5 /* siftConCamara */,
				7DCDB41315D9C7C200AD37C5 /* siftConCamaraTests */,
				7DCDB3EB15D9C7C200AD37C5 /* Frameworks */,
				7DCDB3E915D9C7C200AD37C5 /* Products */,
			);
			sourceTree = "<group>";
		};
		7DCDB3E915D9C7C200AD37C5 /* Products */ = {
			isa = PBXGroup;
			children = (
				7DCDB3E815D9C7C200AD37C5 /* siftConCamara.app */,
				7DCDB40C15D9C7C200AD37C5 /* siftConCamaraTests.octest */,
			);
			name = Products;
			sourceTree = "<group>";
		};
		7DCDB3EB15D9C7C200AD37C5 /* Frameworks */ = {
			isa = PBXGroup;
			children = (
				7DCDB3EC15D9C7C200AD37C5 /* UIKit.framework */,
				7DCDB3EE15D9C7C200AD37C5 /* Foundation.framework */,
				7DCDB3F015D9C7C200AD37C5 /* CoreGraphics.framework */,
				7DCDB40D15D9C7C200AD37C5 /* SenTestingKit.framework */,
			);
			name = Frameworks;
			sourceTree = "<group>";
		};
		7DCDB3F215D9C7C200AD37C5 /* siftConCamara */ = {
			isa = PBXGroup;
			children = (
				7D2910A415D9D205000251EA /* vl */,
				7DCDB42415D9C84100AD37C5 /* encuadroSift.c */,
				7DCDB42515D9C84100AD37C5 /* encuadroSift.h */,
				7DCDB42615D9C84100AD37C5 /* processing.c */,
				7DCDB42715D9C84100AD37C5 /* processing.h */,
				7DCDB3FB15D9C7C200AD37C5 /* AppDelegate.h */,
				7DCDB3FC15D9C7C200AD37C5 /* AppDelegate.m */,
				7DCDB3FE15D9C7C200AD37C5 /* MainStoryboard_iPhone.storyboard */,
				7DCDB40115D9C7C200AD37C5 /* MainStoryboard_iPad.storyboard */,
				7DCDB40415D9C7C200AD37C5 /* ViewController.h */,
				7DCDB40515D9C7C200AD37C5 /* ViewController.m */,
				7DCDB3F315D9C7C200AD37C5 /* Supporting Files */,
			);
			path = siftConCamara;
			sourceTree = "<group>";
		};
		7DCDB3F315D9C7C200AD37C5 /* Supporting Files */ = {
			isa = PBXGroup;
			children = (
				7DCDB3F415D9C7C200AD37C5 /* siftConCamara-Info.plist */,
				7DCDB3F515D9C7C200AD37C5 /* InfoPlist.strings */,
				7DCDB3F815D9C7C200AD37C5 /* main.m */,
				7DCDB3FA15D9C7C200AD37C5 /* siftConCamara-Prefix.pch */,
			);
			name = "Supporting Files";
			sourceTree = "<group>";
		};
		7DCDB41315D9C7C200AD37C5 /* siftConCamaraTests */ = {
			isa = PBXGroup;
			children = (
				7DCDB41915D9C7C200AD37C5 /* siftConCamaraTests.h */,
				7DCDB41A15D9C7C200AD37C5 /* siftConCamaraTests.m */,
				7DCDB41415D9C7C200AD37C5 /* Supporting Files */,
			);
			path = siftConCamaraTests;
			sourceTree = "<group>";
		};
		7DCDB41415D9C7C200AD37C5 /* Supporting Files */ = {
			isa = PBXGroup;
			children = (
				7DCDB41515D9C7C200AD37C5 /* siftConCamaraTests-Info.plist */,
				7DCDB41615D9C7C200AD37C5 /* InfoPlist.strings */,
			);
			name = "Supporting Files";
			sourceTree = "<group>";
		};
/* End PBXGroup section */

/* Begin PBXNativeTarget section */
		7DCDB3E715D9C7C200AD37C5 /* siftConCamara */ = {
			isa = PBXNativeTarget;
			buildConfigurationList = 7DCDB41E15D9C7C200AD37C5 /* Build configuration list for PBXNativeTarget "siftConCamara" */;
			buildPhases = (
				7DCDB3E415D9C7C200AD37C5 /* Sources */,
				7DCDB3E515D9C7C200AD37C5 /* Frameworks */,
				7DCDB3E615D9C7C200AD37C5 /* Resources */,
			);
			buildRules = (
			);
			dependencies = (
			);
			name = siftConCamara;
			productName = siftConCamara;
			productReference = 7DCDB3E815D9C7C200AD37C5 /* siftConCamara.app */;
			productType = "com.apple.product-type.application";
		};
		7DCDB40B15D9C7C200AD37C5 /* siftConCamaraTests */ = {
			isa = PBXNativeTarget;
			buildConfigurationList = 7DCDB42115D9C7C200AD37C5 /* Build configuration list for PBXNativeTarget "siftConCamaraTests" */;
			buildPhases = (
				7DCDB40715D9C7C200AD37C5 /* Sources */,
				7DCDB40815D9C7C200AD37C5 /* Frameworks */,
				7DCDB40915D9C7C200AD37C5 /* Resources */,
				7DCDB40A15D9C7C200AD37C5 /* ShellScript */,
			);
			buildRules = (
			);
			dependencies = (
				7DCDB41215D9C7C200AD37C5 /* PBXTargetDependency */,
			);
			name = siftConCamaraTests;
			productName = siftConCamaraTests;
			productReference = 7DCDB40C15D9C7C200AD37C5 /* siftConCamaraTests.octest */;
			productType = "com.apple.product-type.bundle";
		};
/* End PBXNativeTarget section */

/* Begin PBXProject section */
		7DCDB3DF15D9C7C200AD37C5 /* Project object */ = {
			isa = PBXProject;
			attributes = {
				LastUpgradeCheck = 0440;
				ORGANIZATIONNAME = "Pablo Flores Guridi";
			};
			buildConfigurationList = 7DCDB3E215D9C7C200AD37C5 /* Build configuration list for PBXProject "siftConCamara" */;
			compatibilityVersion = "Xcode 3.2";
			developmentRegion = English;
			hasScannedForEncodings = 0;
			knownRegions = (
				en,
			);
			mainGroup = 7DCDB3DD15D9C7C200AD37C5;
			productRefGroup = 7DCDB3E915D9C7C200AD37C5 /* Products */;
			projectDirPath = "";
			projectRoot = "";
			targets = (
				7DCDB3E715D9C7C200AD37C5 /* siftConCamara */,
				7DCDB40B15D9C7C200AD37C5 /* siftConCamaraTests */,
			);
		};
/* End PBXProject section */

/* Begin PBXResourcesBuildPhase section */
		7DCDB3E615D9C7C200AD37C5 /* Resources */ = {
			isa = PBXResourcesBuildPhase;
			buildActionMask = 2147483647;
			files = (
				7DCDB3F715D9C7C200AD37C5 /* InfoPlist.strings in Resources */,
				7DCDB40015D9C7C200AD37C5 /* MainStoryboard_iPhone.storyboard in Resources */,
				7DCDB40315D9C7C200AD37C5 /* MainStoryboard_iPad.storyboard in Resources */,
				7D2910E115D9D205000251EA /* float.th in Resources */,
				7D2910E815D9D205000251EA /* ikmeans_elkan.tc in Resources */,
				7D2910E915D9D205000251EA /* ikmeans_init.tc in Resources */,
				7D2910EA15D9D205000251EA /* ikmeans_lloyd.tc in Resources */,
			);
			runOnlyForDeploymentPostprocessing = 0;
		};
		7DCDB40915D9C7C200AD37C5 /* Resources */ = {
			isa = PBXResourcesBuildPhase;
			buildActionMask = 2147483647;
			files = (
				7DCDB41815D9C7C200AD37C5 /* InfoPlist.strings in Resources */,
			);
			runOnlyForDeploymentPostprocessing = 0;
		};
/* End PBXResourcesBuildPhase section */

/* Begin PBXShellScriptBuildPhase section */
		7DCDB40A15D9C7C200AD37C5 /* ShellScript */ = {
			isa = PBXShellScriptBuildPhase;
			buildActionMask = 2147483647;
			files = (
			);
			inputPaths = (
			);
			outputPaths = (
			);
			runOnlyForDeploymentPostprocessing = 0;
			shellPath = /bin/sh;
			shellScript = "# Run the unit tests in this test bundle.\n\"${SYSTEM_DEVELOPER_DIR}/Tools/RunUnitTests\"\n";
		};
/* End PBXShellScriptBuildPhase section */

/* Begin PBXSourcesBuildPhase section */
		7DCDB3E415D9C7C200AD37C5 /* Sources */ = {
			isa = PBXSourcesBuildPhase;
			buildActionMask = 2147483647;
			files = (
				7DCDB3F915D9C7C200AD37C5 /* main.m in Sources */,
				7DCDB3FD15D9C7C200AD37C5 /* AppDelegate.m in Sources */,
				7DCDB40615D9C7C200AD37C5 /* ViewController.m in Sources */,
				7DCDB46215D9C84100AD37C5 /* encuadroSift.c in Sources */,
				7DCDB46415D9C84100AD37C5 /* processing.c in Sources */,
				7D2910DE15D9D205000251EA /* aib.c in Sources */,
				7D2910DF15D9D205000251EA /* array.c in Sources */,
				7D2910E015D9D205000251EA /* dsift.c in Sources */,
				7D2910E215D9D205000251EA /* generic.c in Sources */,
				7D2910E315D9D205000251EA /* getopt_long.c in Sources */,
				7D2910E415D9D205000251EA /* hikmeans.c in Sources */,
				7D2910E515D9D205000251EA /* homkermap.c in Sources */,
				7D2910E615D9D205000251EA /* host.c in Sources */,
				7D2910E715D9D205000251EA /* ikmeans.c in Sources */,
				7D2910EB15D9D205000251EA /* imopv.c in Sources */,
				7D2910EC15D9D205000251EA /* imopv_sse2.c in Sources */,
				7D2910ED15D9D205000251EA /* kdtree.c in Sources */,
				7D2910EE15D9D205000251EA /* kmeans.c in Sources */,
				7D2910EF15D9D205000251EA /* lbp.c in Sources */,
				7D2910F015D9D205000251EA /* mathop.c in Sources */,
				7D2910F115D9D205000251EA /* mathop_sse2.c in Sources */,
				7D2910F215D9D205000251EA /* mser.c in Sources */,
				7D2910F315D9D205000251EA /* pegasos.c in Sources */,
				7D2910F415D9D205000251EA /* pgm.c in Sources */,
				7D2910F515D9D205000251EA /* quickshift.c in Sources */,
				7D2910F615D9D205000251EA /* random.c in Sources */,
				7D2910F715D9D205000251EA /* rodrigues.c in Sources */,
				7D2910F815D9D205000251EA /* sift.c in Sources */,
				7D2910F915D9D205000251EA /* slic.c in Sources */,
				7D2910FA15D9D205000251EA /* stringop.c in Sources */,
			);
			runOnlyForDeploymentPostprocessing = 0;
		};
		7DCDB40715D9C7C200AD37C5 /* Sources */ = {
			isa = PBXSourcesBuildPhase;
			buildActionMask = 2147483647;
			files = (
				7DCDB41B15D9C7C200AD37C5 /* siftConCamaraTests.m in Sources */,
				7DCDB46315D9C84100AD37C5 /* encuadroSift.c in Sources */,
				7DCDB46515D9C84100AD37C5 /* processing.c in Sources */,
			);
			runOnlyForDeploymentPostprocessing = 0;
		};
/* End PBXSourcesBuildPhase section */

/* Begin PBXTargetDependency section */
		7DCDB41215D9C7C200AD37C5 /* PBXTargetDependency */ = {
			isa = PBXTargetDependency;
			target = 7DCDB3E715D9C7C200AD37C5 /* siftConCamara */;
			targetProxy = 7DCDB41115D9C7C200AD37C5 /* PBXContainerItemProxy */;
		};
/* End PBXTargetDependency section */

/* Begin PBXVariantGroup section */
		7DCDB3F515D9C7C200AD37C5 /* InfoPlist.strings */ = {
			isa = PBXVariantGroup;
			children = (
				7DCDB3F615D9C7C200AD37C5 /* en */,
			);
			name = InfoPlist.strings;
			sourceTree = "<group>";
		};
		7DCDB3FE15D9C7C200AD37C5 /* MainStoryboard_iPhone.storyboard */ = {
			isa = PBXVariantGroup;
			children = (
				7DCDB3FF15D9C7C200AD37C5 /* en */,
			);
			name = MainStoryboard_iPhone.storyboard;
			sourceTree = "<group>";
		};
		7DCDB40115D9C7C200AD37C5 /* MainStoryboard_iPad.storyboard */ = {
			isa = PBXVariantGroup;
			children = (
				7DCDB40215D9C7C200AD37C5 /* en */,
			);
			name = MainStoryboard_iPad.storyboard;
			sourceTree = "<group>";
		};
		7DCDB41615D9C7C200AD37C5 /* InfoPlist.strings */ = {
			isa = PBXVariantGroup;
			children = (
				7DCDB41715D9C7C200AD37C5 /* en */,
			);
			name = InfoPlist.strings;
			sourceTree = "<group>";
		};
/* End PBXVariantGroup section */

/* Begin XCBuildConfiguration section */
		7DCDB41C15D9C7C200AD37C5 /* Debug */ = {
			isa = XCBuildConfiguration;
			buildSettings = {
				ALWAYS_SEARCH_USER_PATHS = NO;
				ARCHS = "$(ARCHS_STANDARD_32_BIT)";
				CLANG_CXX_LANGUAGE_STANDARD = "gnu++0x";
				CLANG_ENABLE_OBJC_ARC = YES;
				CLANG_WARN__DUPLICATE_METHOD_MATCH = YES;
				CODE_SIGN_IDENTITY = "iPhone Developer: Pablo Flores Guridi (F4JX2MYU5B)";
				"CODE_SIGN_IDENTITY[sdk=iphoneos*]" = "iPhone Developer";
				COPY_PHASE_STRIP = NO;
				GCC_C_LANGUAGE_STANDARD = gnu99;
				GCC_DYNAMIC_NO_PIC = NO;
				GCC_ENABLE_SSE3_EXTENSIONS = NO;
				GCC_ENABLE_SUPPLEMENTAL_SSE3_INSTRUCTIONS = NO;
				GCC_OPTIMIZATION_LEVEL = 0;
				GCC_PREPROCESSOR_DEFINITIONS = (
					"DEBUG=1",
					"$(inherited)",
				);
				GCC_SYMBOLS_PRIVATE_EXTERN = NO;
				GCC_VERSION = "";
				GCC_WARN_ABOUT_RETURN_TYPE = YES;
				GCC_WARN_UNINITIALIZED_AUTOS = YES;
				GCC_WARN_UNUSED_VARIABLE = YES;
				"HEADER_SEARCH_PATHS[arch=*]" = /Users/pablofloresguridi/Fing/Proyecto/encuadro/xcode/DEMO/Sift/siftConCamara/siftConCamara/;
				IPHONEOS_DEPLOYMENT_TARGET = 5.1;
				PROVISIONING_PROFILE = "A1ACFDB8-C86D-4E57-B307-F73FE1E17997";
				SDKROOT = iphoneos;
				TARGETED_DEVICE_FAMILY = "1,2";
			};
			name = Debug;
		};
		7DCDB41D15D9C7C200AD37C5 /* Release */ = {
			isa = XCBuildConfiguration;
			buildSettings = {
				ALWAYS_SEARCH_USER_PATHS = NO;
				ARCHS = "$(ARCHS_STANDARD_32_BIT)";
				CLANG_CXX_LANGUAGE_STANDARD = "gnu++0x";
				CLANG_ENABLE_OBJC_ARC = YES;
				CLANG_WARN__DUPLICATE_METHOD_MATCH = YES;
				CODE_SIGN_IDENTITY = "iPhone Developer: Pablo Flores Guridi (F4JX2MYU5B)";
				"CODE_SIGN_IDENTITY[sdk=iphoneos*]" = "iPhone Developer";
				COPY_PHASE_STRIP = YES;
				GCC_C_LANGUAGE_STANDARD = gnu99;
				GCC_ENABLE_SSE3_EXTENSIONS = NO;
				GCC_ENABLE_SUPPLEMENTAL_SSE3_INSTRUCTIONS = NO;
				GCC_VERSION = "";
				GCC_WARN_ABOUT_RETURN_TYPE = YES;
				GCC_WARN_UNINITIALIZED_AUTOS = YES;
				GCC_WARN_UNUSED_VARIABLE = YES;
				"HEADER_SEARCH_PATHS[arch=*]" = /Users/pablofloresguridi/Fing/Proyecto/encuadro/xcode/DEMO/Sift/siftConCamara/siftConCamara/;
				IPHONEOS_DEPLOYMENT_TARGET = 5.1;
				OTHER_CFLAGS = "-DNS_BLOCK_ASSERTIONS=1";
				PROVISIONING_PROFILE = "A1ACFDB8-C86D-4E57-B307-F73FE1E17997";
				SDKROOT = iphoneos;
				TARGETED_DEVICE_FAMILY = "1,2";
				VALIDATE_PRODUCT = YES;
			};
			name = Release;
		};
		7DCDB41F15D9C7C200AD37C5 /* Debug */ = {
			isa = XCBuildConfiguration;
			buildSettings = {
				CODE_SIGN_IDENTITY = "iPhone Developer: Pablo Flores Guridi (F4JX2MYU5B)";
				GCC_ENABLE_SSE3_EXTENSIONS = NO;
				GCC_ENABLE_SUPPLEMENTAL_SSE3_INSTRUCTIONS = NO;
				GCC_PRECOMPILE_PREFIX_HEADER = YES;
				GCC_PREFIX_HEADER = "siftConCamara/siftConCamara-Prefix.pch";
				GCC_VERSION = com.apple.compilers.llvm.clang.1_0;
				HEADER_SEARCH_PATHS = "/Users/pablofloresguridi/Fing/Proyecto/encuadro/xcode/DEMO/Sift/siftConCamara/siftConCamara/**";
				"HEADER_SEARCH_PATHS[arch=*]" = /Users/pablofloresguridi/Fing/Proyecto/encuadro/xcode/DEMO/Sift/siftConCamara/siftConCamara/;
				INFOPLIST_FILE = "siftConCamara/siftConCamara-Info.plist";
				LIBRARY_SEARCH_PATHS = (
					"$(inherited)",
					"\"$(SRCROOT)\"",
					"\"$(SRCROOT)/../vlfeat-0.9.14/bin/maci64\"",
				);
				PRODUCT_NAME = "$(TARGET_NAME)";
				PROVISIONING_PROFILE = "A1ACFDB8-C86D-4E57-B307-F73FE1E17997";
				SDKROOT = iphoneos;
				WRAPPER_EXTENSION = app;
			};
			name = Debug;
		};
		7DCDB42015D9C7C200AD37C5 /* Release */ = {
			isa = XCBuildConfiguration;
			buildSettings = {
				CODE_SIGN_IDENTITY = "iPhone Developer: Pablo Flores Guridi (F4JX2MYU5B)";
				GCC_ENABLE_SSE3_EXTENSIONS = NO;
				GCC_ENABLE_SUPPLEMENTAL_SSE3_INSTRUCTIONS = NO;
				GCC_PRECOMPILE_PREFIX_HEADER = YES;
				GCC_PREFIX_HEADER = "siftConCamara/siftConCamara-Prefix.pch";
				GCC_VERSION = com.apple.compilers.llvm.clang.1_0;
				HEADER_SEARCH_PATHS = "/Users/pablofloresguridi/Fing/Proyecto/encuadro/xcode/DEMO/Sift/siftConCamara/siftConCamara/**";
				INFOPLIST_FILE = "siftConCamara/siftConCamara-Info.plist";
				LIBRARY_SEARCH_PATHS = (
					"$(inherited)",
					"\"$(SRCROOT)\"",
					"\"$(SRCROOT)/../vlfeat-0.9.14/bin/maci64\"",
				);
				PRODUCT_NAME = "$(TARGET_NAME)";
				PROVISIONING_PROFILE = "A1ACFDB8-C86D-4E57-B307-F73FE1E17997";
				SDKROOT = iphoneos;
				WRAPPER_EXTENSION = app;
			};
			name = Release;
		};
		7DCDB42215D9C7C200AD37C5 /* Debug */ = {
			isa = XCBuildConfiguration;
			buildSettings = {
				BUNDLE_LOADER = "$(BUILT_PRODUCTS_DIR)/siftConCamara.app/siftConCamara";
				FRAMEWORK_SEARCH_PATHS = (
					"\"$(SDKROOT)/Developer/Library/Frameworks\"",
					"\"$(DEVELOPER_LIBRARY_DIR)/Frameworks\"",
				);
				GCC_PRECOMPILE_PREFIX_HEADER = YES;
				GCC_PREFIX_HEADER = "siftConCamara/siftConCamara-Prefix.pch";
				INFOPLIST_FILE = "siftConCamaraTests/siftConCamaraTests-Info.plist";
				PRODUCT_NAME = "$(TARGET_NAME)";
				TEST_HOST = "$(BUNDLE_LOADER)";
				WRAPPER_EXTENSION = octest;
			};
			name = Debug;
		};
		7DCDB42315D9C7C200AD37C5 /* Release */ = {
			isa = XCBuildConfiguration;
			buildSettings = {
				BUNDLE_LOADER = "$(BUILT_PRODUCTS_DIR)/siftConCamara.app/siftConCamara";
				FRAMEWORK_SEARCH_PATHS = (
					"\"$(SDKROOT)/Developer/Library/Frameworks\"",
					"\"$(DEVELOPER_LIBRARY_DIR)/Frameworks\"",
				);
				GCC_PRECOMPILE_PREFIX_HEADER = YES;
				GCC_PREFIX_HEADER = "siftConCamara/siftConCamara-Prefix.pch";
				INFOPLIST_FILE = "siftConCamaraTests/siftConCamaraTests-Info.plist";
				PRODUCT_NAME = "$(TARGET_NAME)";
				TEST_HOST = "$(BUNDLE_LOADER)";
				WRAPPER_EXTENSION = octest;
			};
			name = Release;
		};
/* End XCBuildConfiguration section */

/* Begin XCConfigurationList section */
		7DCDB3E215D9C7C200AD37C5 /* Build configuration list for PBXProject "siftConCamara" */ = {
			isa = XCConfigurationList;
			buildConfigurations = (
				7DCDB41C15D9C7C200AD37C5 /* Debug */,
				7DCDB41D15D9C7C200AD37C5 /* Release */,
			);
			defaultConfigurationIsVisible = 0;
			defaultConfigurationName = Release;
		};
		7DCDB41E15D9C7C200AD37C5 /* Build configuration list for PBXNativeTarget "siftConCamara" */ = {
			isa = XCConfigurationList;
			buildConfigurations = (
				7DCDB41F15D9C7C200AD37C5 /* Debug */,
				7DCDB42015D9C7C200AD37C5 /* Release */,
			);
			defaultConfigurationIsVisible = 0;
			defaultConfigurationName = Release;
		};
		7DCDB42115D9C7C200AD37C5 /* Build configuration list for PBXNativeTarget "siftConCamaraTests" */ = {
			isa = XCConfigurationList;
			buildConfigurations = (
				7DCDB42215D9C7C200AD37C5 /* Debug */,
				7DCDB42315D9C7C200AD37C5 /* Release */,
			);
			defaultConfigurationIsVisible = 0;
			defaultConfigurationName = Release;
		};
/* End XCConfigurationList section */
	};
	rootObject = 7DCDB3DF15D9C7C200AD37C5 /* Project object */;
}
