// !$*UTF8*$!
{
	archiveVersion = 1;
	classes = {
	};
	objectVersion = 46;
	objects = {

/* Begin PBXBuildFile section */
		95551DAA16332BD6002AC78D /* UIKit.framework in Frameworks */ = {isa = PBXBuildFile; fileRef = 95551DA916332BD6002AC78D /* UIKit.framework */; };
		95551DAC16332BD6002AC78D /* Foundation.framework in Frameworks */ = {isa = PBXBuildFile; fileRef = 95551DAB16332BD6002AC78D /* Foundation.framework */; };
		95551DAE16332BD6002AC78D /* CoreGraphics.framework in Frameworks */ = {isa = PBXBuildFile; fileRef = 95551DAD16332BD6002AC78D /* CoreGraphics.framework */; };
		95551DB416332BD6002AC78D /* InfoPlist.strings in Resources */ = {isa = PBXBuildFile; fileRef = 95551DB216332BD6002AC78D /* InfoPlist.strings */; };
		95551DB616332BD6002AC78D /* main.m in Sources */ = {isa = PBXBuildFile; fileRef = 95551DB516332BD6002AC78D /* main.m */; };
		95551DBA16332BD6002AC78D /* AppDelegate.m in Sources */ = {isa = PBXBuildFile; fileRef = 95551DB916332BD6002AC78D /* AppDelegate.m */; };
		95551DBC16332BD6002AC78D /* Default.png in Resources */ = {isa = PBXBuildFile; fileRef = 95551DBB16332BD6002AC78D /* Default.png */; };
		95551DBE16332BD6002AC78D /* Default@2x.png in Resources */ = {isa = PBXBuildFile; fileRef = 95551DBD16332BD6002AC78D /* Default@2x.png */; };
		95551DC016332BD6002AC78D /* Default-568h@2x.png in Resources */ = {isa = PBXBuildFile; fileRef = 95551DBF16332BD6002AC78D /* Default-568h@2x.png */; };
		95551DC316332BD6002AC78D /* MainStoryboard_iPhone.storyboard in Resources */ = {isa = PBXBuildFile; fileRef = 95551DC116332BD6002AC78D /* MainStoryboard_iPhone.storyboard */; };
		95551DC616332BD6002AC78D /* MainStoryboard_iPad.storyboard in Resources */ = {isa = PBXBuildFile; fileRef = 95551DC416332BD6002AC78D /* MainStoryboard_iPad.storyboard */; };
		95551DC916332BD6002AC78D /* ViewController.m in Sources */ = {isa = PBXBuildFile; fileRef = 95551DC816332BD6002AC78D /* ViewController.m */; };
		95AEA5A11635F830007816C3 /* moviePlayImplemented.m in Sources */ = {isa = PBXBuildFile; fileRef = 95AEA5A01635F830007816C3 /* moviePlayImplemented.m */; };
		95AEA5A41635F849007816C3 /* MediaPlayer.framework in Frameworks */ = {isa = PBXBuildFile; fileRef = 95AEA5A31635F849007816C3 /* MediaPlayer.framework */; };
		95AEA5A61635FB95007816C3 /* GangnamStyle.mov in Resources */ = {isa = PBXBuildFile; fileRef = 95AEA5A51635FB95007816C3 /* GangnamStyle.mov */; };
		95AEA5AA16360919007816C3 /* TouchVista.m in Sources */ = {isa = PBXBuildFile; fileRef = 95AEA5A916360919007816C3 /* TouchVista.m */; };
/* End PBXBuildFile section */

/* Begin PBXFileReference section */
		95551DA516332BD6002AC78D /* touchBegan2.app */ = {isa = PBXFileReference; explicitFileType = wrapper.application; includeInIndex = 0; path = touchBegan2.app; sourceTree = BUILT_PRODUCTS_DIR; };
		95551DA916332BD6002AC78D /* UIKit.framework */ = {isa = PBXFileReference; lastKnownFileType = wrapper.framework; name = UIKit.framework; path = System/Library/Frameworks/UIKit.framework; sourceTree = SDKROOT; };
		95551DAB16332BD6002AC78D /* Foundation.framework */ = {isa = PBXFileReference; lastKnownFileType = wrapper.framework; name = Foundation.framework; path = System/Library/Frameworks/Foundation.framework; sourceTree = SDKROOT; };
		95551DAD16332BD6002AC78D /* CoreGraphics.framework */ = {isa = PBXFileReference; lastKnownFileType = wrapper.framework; name = CoreGraphics.framework; path = System/Library/Frameworks/CoreGraphics.framework; sourceTree = SDKROOT; };
		95551DB116332BD6002AC78D /* touchBegan2-Info.plist */ = {isa = PBXFileReference; lastKnownFileType = text.plist.xml; path = "touchBegan2-Info.plist"; sourceTree = "<group>"; };
		95551DB316332BD6002AC78D /* en */ = {isa = PBXFileReference; lastKnownFileType = text.plist.strings; name = en; path = en.lproj/InfoPlist.strings; sourceTree = "<group>"; };
		95551DB516332BD6002AC78D /* main.m */ = {isa = PBXFileReference; lastKnownFileType = sourcecode.c.objc; path = main.m; sourceTree = "<group>"; };
		95551DB716332BD6002AC78D /* touchBegan2-Prefix.pch */ = {isa = PBXFileReference; lastKnownFileType = sourcecode.c.h; path = "touchBegan2-Prefix.pch"; sourceTree = "<group>"; };
		95551DB816332BD6002AC78D /* AppDelegate.h */ = {isa = PBXFileReference; lastKnownFileType = sourcecode.c.h; path = AppDelegate.h; sourceTree = "<group>"; };
		95551DB916332BD6002AC78D /* AppDelegate.m */ = {isa = PBXFileReference; lastKnownFileType = sourcecode.c.objc; path = AppDelegate.m; sourceTree = "<group>"; };
		95551DBB16332BD6002AC78D /* Default.png */ = {isa = PBXFileReference; lastKnownFileType = image.png; path = Default.png; sourceTree = "<group>"; };
		95551DBD16332BD6002AC78D /* Default@2x.png */ = {isa = PBXFileReference; lastKnownFileType = image.png; path = "Default@2x.png"; sourceTree = "<group>"; };
		95551DBF16332BD6002AC78D /* Default-568h@2x.png */ = {isa = PBXFileReference; lastKnownFileType = image.png; path = "Default-568h@2x.png"; sourceTree = "<group>"; };
		95551DC216332BD6002AC78D /* en */ = {isa = PBXFileReference; lastKnownFileType = file.storyboard; name = en; path = en.lproj/MainStoryboard_iPhone.storyboard; sourceTree = "<group>"; };
		95551DC516332BD6002AC78D /* en */ = {isa = PBXFileReference; lastKnownFileType = file.storyboard; name = en; path = en.lproj/MainStoryboard_iPad.storyboard; sourceTree = "<group>"; };
		95551DC716332BD6002AC78D /* ViewController.h */ = {isa = PBXFileReference; lastKnownFileType = sourcecode.c.h; path = ViewController.h; sourceTree = "<group>"; };
		95551DC816332BD6002AC78D /* ViewController.m */ = {isa = PBXFileReference; lastKnownFileType = sourcecode.c.objc; path = ViewController.m; sourceTree = "<group>"; };
		95AEA59F1635F830007816C3 /* moviePlayImplemented.h */ = {isa = PBXFileReference; fileEncoding = 4; lastKnownFileType = sourcecode.c.h; path = moviePlayImplemented.h; sourceTree = "<group>"; };
		95AEA5A01635F830007816C3 /* moviePlayImplemented.m */ = {isa = PBXFileReference; fileEncoding = 4; lastKnownFileType = sourcecode.c.objc; path = moviePlayImplemented.m; sourceTree = "<group>"; };
		95AEA5A31635F849007816C3 /* MediaPlayer.framework */ = {isa = PBXFileReference; lastKnownFileType = wrapper.framework; name = MediaPlayer.framework; path = System/Library/Frameworks/MediaPlayer.framework; sourceTree = SDKROOT; };
		95AEA5A51635FB95007816C3 /* GangnamStyle.mov */ = {isa = PBXFileReference; lastKnownFileType = video.quicktime; path = GangnamStyle.mov; sourceTree = "<group>"; };
		95AEA5A816360919007816C3 /* TouchVista.h */ = {isa = PBXFileReference; fileEncoding = 4; lastKnownFileType = sourcecode.c.h; path = TouchVista.h; sourceTree = "<group>"; };
		95AEA5A916360919007816C3 /* TouchVista.m */ = {isa = PBXFileReference; fileEncoding = 4; lastKnownFileType = sourcecode.c.objc; path = TouchVista.m; sourceTree = "<group>"; };
/* End PBXFileReference section */

/* Begin PBXFrameworksBuildPhase section */
		95551DA216332BD6002AC78D /* Frameworks */ = {
			isa = PBXFrameworksBuildPhase;
			buildActionMask = 2147483647;
			files = (
				95AEA5A41635F849007816C3 /* MediaPlayer.framework in Frameworks */,
				95551DAA16332BD6002AC78D /* UIKit.framework in Frameworks */,
				95551DAC16332BD6002AC78D /* Foundation.framework in Frameworks */,
				95551DAE16332BD6002AC78D /* CoreGraphics.framework in Frameworks */,
			);
			runOnlyForDeploymentPostprocessing = 0;
		};
/* End PBXFrameworksBuildPhase section */

/* Begin PBXGroup section */
		95551D9A16332BD6002AC78D = {
			isa = PBXGroup;
			children = (
				95AEA5A31635F849007816C3 /* MediaPlayer.framework */,
				95551DAF16332BD6002AC78D /* touchBegan2 */,
				95551DA816332BD6002AC78D /* Frameworks */,
				95551DA616332BD6002AC78D /* Products */,
			);
			sourceTree = "<group>";
		};
		95551DA616332BD6002AC78D /* Products */ = {
			isa = PBXGroup;
			children = (
				95551DA516332BD6002AC78D /* touchBegan2.app */,
			);
			name = Products;
			sourceTree = "<group>";
		};
		95551DA816332BD6002AC78D /* Frameworks */ = {
			isa = PBXGroup;
			children = (
				95551DA916332BD6002AC78D /* UIKit.framework */,
				95551DAB16332BD6002AC78D /* Foundation.framework */,
				95551DAD16332BD6002AC78D /* CoreGraphics.framework */,
			);
			name = Frameworks;
			sourceTree = "<group>";
		};
		95551DAF16332BD6002AC78D /* touchBegan2 */ = {
			isa = PBXGroup;
			children = (
				95AEA5A816360919007816C3 /* TouchVista.h */,
				95AEA5A916360919007816C3 /* TouchVista.m */,
				95551DB816332BD6002AC78D /* AppDelegate.h */,
				95551DB916332BD6002AC78D /* AppDelegate.m */,
				95551DC116332BD6002AC78D /* MainStoryboard_iPhone.storyboard */,
				95551DC416332BD6002AC78D /* MainStoryboard_iPad.storyboard */,
				95551DC716332BD6002AC78D /* ViewController.h */,
				95551DC816332BD6002AC78D /* ViewController.m */,
				95AEA59F1635F830007816C3 /* moviePlayImplemented.h */,
				95AEA5A01635F830007816C3 /* moviePlayImplemented.m */,
				95AEA5A51635FB95007816C3 /* GangnamStyle.mov */,
				95551DB016332BD6002AC78D /* Supporting Files */,
			);
			path = touchBegan2;
			sourceTree = "<group>";
		};
		95551DB016332BD6002AC78D /* Supporting Files */ = {
			isa = PBXGroup;
			children = (
				95551DB116332BD6002AC78D /* touchBegan2-Info.plist */,
				95551DB216332BD6002AC78D /* InfoPlist.strings */,
				95551DB516332BD6002AC78D /* main.m */,
				95551DB716332BD6002AC78D /* touchBegan2-Prefix.pch */,
				95551DBB16332BD6002AC78D /* Default.png */,
				95551DBD16332BD6002AC78D /* Default@2x.png */,
				95551DBF16332BD6002AC78D /* Default-568h@2x.png */,
			);
			name = "Supporting Files";
			sourceTree = "<group>";
		};
/* End PBXGroup section */

/* Begin PBXNativeTarget section */
		95551DA416332BD6002AC78D /* touchBegan2 */ = {
			isa = PBXNativeTarget;
			buildConfigurationList = 95551DCC16332BD6002AC78D /* Build configuration list for PBXNativeTarget "touchBegan2" */;
			buildPhases = (
				95551DA116332BD6002AC78D /* Sources */,
				95551DA216332BD6002AC78D /* Frameworks */,
				95551DA316332BD6002AC78D /* Resources */,
			);
			buildRules = (
			);
			dependencies = (
			);
			name = touchBegan2;
			productName = touchBegan2;
			productReference = 95551DA516332BD6002AC78D /* touchBegan2.app */;
			productType = "com.apple.product-type.application";
		};
/* End PBXNativeTarget section */

/* Begin PBXProject section */
		95551D9C16332BD6002AC78D /* Project object */ = {
			isa = PBXProject;
			attributes = {
				LastUpgradeCheck = 0450;
				ORGANIZATIONNAME = encuadro;
			};
			buildConfigurationList = 95551D9F16332BD6002AC78D /* Build configuration list for PBXProject "touchBegan2" */;
			compatibilityVersion = "Xcode 3.2";
			developmentRegion = English;
			hasScannedForEncodings = 0;
			knownRegions = (
				en,
			);
			mainGroup = 95551D9A16332BD6002AC78D;
			productRefGroup = 95551DA616332BD6002AC78D /* Products */;
			projectDirPath = "";
			projectRoot = "";
			targets = (
				95551DA416332BD6002AC78D /* touchBegan2 */,
			);
		};
/* End PBXProject section */

/* Begin PBXResourcesBuildPhase section */
		95551DA316332BD6002AC78D /* Resources */ = {
			isa = PBXResourcesBuildPhase;
			buildActionMask = 2147483647;
			files = (
				95551DB416332BD6002AC78D /* InfoPlist.strings in Resources */,
				95551DBC16332BD6002AC78D /* Default.png in Resources */,
				95551DBE16332BD6002AC78D /* Default@2x.png in Resources */,
				95551DC016332BD6002AC78D /* Default-568h@2x.png in Resources */,
				95551DC316332BD6002AC78D /* MainStoryboard_iPhone.storyboard in Resources */,
				95551DC616332BD6002AC78D /* MainStoryboard_iPad.storyboard in Resources */,
				95AEA5A61635FB95007816C3 /* GangnamStyle.mov in Resources */,
			);
			runOnlyForDeploymentPostprocessing = 0;
		};
/* End PBXResourcesBuildPhase section */

/* Begin PBXSourcesBuildPhase section */
		95551DA116332BD6002AC78D /* Sources */ = {
			isa = PBXSourcesBuildPhase;
			buildActionMask = 2147483647;
			files = (
				95551DB616332BD6002AC78D /* main.m in Sources */,
				95551DBA16332BD6002AC78D /* AppDelegate.m in Sources */,
				95551DC916332BD6002AC78D /* ViewController.m in Sources */,
				95AEA5A11635F830007816C3 /* moviePlayImplemented.m in Sources */,
				95AEA5AA16360919007816C3 /* TouchVista.m in Sources */,
			);
			runOnlyForDeploymentPostprocessing = 0;
		};
/* End PBXSourcesBuildPhase section */

/* Begin PBXVariantGroup section */
		95551DB216332BD6002AC78D /* InfoPlist.strings */ = {
			isa = PBXVariantGroup;
			children = (
				95551DB316332BD6002AC78D /* en */,
			);
			name = InfoPlist.strings;
			sourceTree = "<group>";
		};
		95551DC116332BD6002AC78D /* MainStoryboard_iPhone.storyboard */ = {
			isa = PBXVariantGroup;
			children = (
				95551DC216332BD6002AC78D /* en */,
			);
			name = MainStoryboard_iPhone.storyboard;
			sourceTree = "<group>";
		};
		95551DC416332BD6002AC78D /* MainStoryboard_iPad.storyboard */ = {
			isa = PBXVariantGroup;
			children = (
				95551DC516332BD6002AC78D /* en */,
			);
			name = MainStoryboard_iPad.storyboard;
			sourceTree = "<group>";
		};
/* End PBXVariantGroup section */

/* Begin XCBuildConfiguration section */
		95551DCA16332BD6002AC78D /* Debug */ = {
			isa = XCBuildConfiguration;
			buildSettings = {
				ALWAYS_SEARCH_USER_PATHS = NO;
				CLANG_CXX_LANGUAGE_STANDARD = "gnu++0x";
				CLANG_CXX_LIBRARY = "libc++";
				CLANG_ENABLE_OBJC_ARC = YES;
				CLANG_WARN_EMPTY_BODY = YES;
				CLANG_WARN__DUPLICATE_METHOD_MATCH = YES;
				"CODE_SIGN_IDENTITY[sdk=iphoneos*]" = "iPhone Developer";
				COPY_PHASE_STRIP = NO;
				GCC_C_LANGUAGE_STANDARD = gnu99;
				GCC_DYNAMIC_NO_PIC = NO;
				GCC_OPTIMIZATION_LEVEL = 0;
				GCC_PREPROCESSOR_DEFINITIONS = (
					"DEBUG=1",
					"$(inherited)",
				);
				GCC_SYMBOLS_PRIVATE_EXTERN = NO;
				GCC_WARN_ABOUT_RETURN_TYPE = YES;
				GCC_WARN_UNINITIALIZED_AUTOS = YES;
				GCC_WARN_UNUSED_VARIABLE = YES;
				IPHONEOS_DEPLOYMENT_TARGET = 6.0;
				ONLY_ACTIVE_ARCH = YES;
				SDKROOT = iphoneos;
				TARGETED_DEVICE_FAMILY = "1,2";
			};
			name = Debug;
		};
		95551DCB16332BD6002AC78D /* Release */ = {
			isa = XCBuildConfiguration;
			buildSettings = {
				ALWAYS_SEARCH_USER_PATHS = NO;
				CLANG_CXX_LANGUAGE_STANDARD = "gnu++0x";
				CLANG_CXX_LIBRARY = "libc++";
				CLANG_ENABLE_OBJC_ARC = YES;
				CLANG_WARN_EMPTY_BODY = YES;
				CLANG_WARN__DUPLICATE_METHOD_MATCH = YES;
				"CODE_SIGN_IDENTITY[sdk=iphoneos*]" = "iPhone Developer";
				COPY_PHASE_STRIP = YES;
				GCC_C_LANGUAGE_STANDARD = gnu99;
				GCC_WARN_ABOUT_RETURN_TYPE = YES;
				GCC_WARN_UNINITIALIZED_AUTOS = YES;
				GCC_WARN_UNUSED_VARIABLE = YES;
				IPHONEOS_DEPLOYMENT_TARGET = 6.0;
				OTHER_CFLAGS = "-DNS_BLOCK_ASSERTIONS=1";
				SDKROOT = iphoneos;
				TARGETED_DEVICE_FAMILY = "1,2";
				VALIDATE_PRODUCT = YES;
			};
			name = Release;
		};
		95551DCD16332BD6002AC78D /* Debug */ = {
			isa = XCBuildConfiguration;
			buildSettings = {
				GCC_PRECOMPILE_PREFIX_HEADER = YES;
				GCC_PREFIX_HEADER = "touchBegan2/touchBegan2-Prefix.pch";
				INFOPLIST_FILE = "touchBegan2/touchBegan2-Info.plist";
				PRODUCT_NAME = "$(TARGET_NAME)";
				WRAPPER_EXTENSION = app;
			};
			name = Debug;
		};
		95551DCE16332BD6002AC78D /* Release */ = {
			isa = XCBuildConfiguration;
			buildSettings = {
				GCC_PRECOMPILE_PREFIX_HEADER = YES;
				GCC_PREFIX_HEADER = "touchBegan2/touchBegan2-Prefix.pch";
				INFOPLIST_FILE = "touchBegan2/touchBegan2-Info.plist";
				PRODUCT_NAME = "$(TARGET_NAME)";
				WRAPPER_EXTENSION = app;
			};
			name = Release;
		};
/* End XCBuildConfiguration section */

/* Begin XCConfigurationList section */
		95551D9F16332BD6002AC78D /* Build configuration list for PBXProject "touchBegan2" */ = {
			isa = XCConfigurationList;
			buildConfigurations = (
				95551DCA16332BD6002AC78D /* Debug */,
				95551DCB16332BD6002AC78D /* Release */,
			);
			defaultConfigurationIsVisible = 0;
			defaultConfigurationName = Release;
		};
		95551DCC16332BD6002AC78D /* Build configuration list for PBXNativeTarget "touchBegan2" */ = {
			isa = XCConfigurationList;
			buildConfigurations = (
				95551DCD16332BD6002AC78D /* Debug */,
				95551DCE16332BD6002AC78D /* Release */,
			);
			defaultConfigurationIsVisible = 0;
			defaultConfigurationName = Release;
		};
/* End XCConfigurationList section */
	};
	rootObject = 95551D9C16332BD6002AC78D /* Project object */;
}
